// !$*UTF8*$!
{
	archiveVersion = 1;
	classes = {
	};
	objectVersion = 54;
	objects = {

/* Begin PBXBuildFile section */
		0F79D60A29F1F50000346E43 /* App.swift in Sources */ = {isa = PBXBuildFile; fileRef = 0F79D60929F1F50000346E43 /* App.swift */; };
		0F9AFBDA29E8004C00496F61 /* Dependencies in Frameworks */ = {isa = PBXBuildFile; productRef = 0F9AFBD929E8004C00496F61 /* Dependencies */; };
		1390FB362947427D00A292D3 /* ArkanaKeys in Frameworks */ = {isa = PBXBuildFile; productRef = 1390FB352947427D00A292D3 /* ArkanaKeys */; };
		3D119F1C1FFE1115001932AA /* Assets.xcassets in Resources */ = {isa = PBXBuildFile; fileRef = 3D119F181FFE1115001932AA /* Assets.xcassets */; };
		5227EB492964968E004117A2 /* (null) in Sources */ = {isa = PBXBuildFile; };
		5227EB4A29649691004117A2 /* (null) in Sources */ = {isa = PBXBuildFile; };
		5227EB4B296496AE004117A2 /* (null) in Sources */ = {isa = PBXBuildFile; };
		52B6146729647BCB00F00820 /* NukeUI in Frameworks */ = {isa = PBXBuildFile; productRef = 52B6146629647BCB00F00820 /* NukeUI */; };
		DF3B36BD21ECAEFF0033C858 /* Localizable.strings in Resources */ = {isa = PBXBuildFile; fileRef = DF3B36B821ECAEFF0033C858 /* Localizable.strings */; };
		DF3B36BE21ECAEFF0033C858 /* Localizable.stringsdict in Resources */ = {isa = PBXBuildFile; fileRef = DF3B36BA21ECAEFF0033C858 /* Localizable.stringsdict */; };
		DF3B36C021ECAF560033C858 /* NSAttributedString+LocalizedFormat.swift in Sources */ = {isa = PBXBuildFile; fileRef = DF3B36BF21ECAF560033C858 /* NSAttributedString+LocalizedFormat.swift */; };
		DF3B36E221ECAF8A0033C858 /* Error+Helpers.swift in Sources */ = {isa = PBXBuildFile; fileRef = DF3B36C221ECAF8A0033C858 /* Error+Helpers.swift */; };
		DF3B36F021ECAF8A0033C858 /* ApplicationError.swift in Sources */ = {isa = PBXBuildFile; fileRef = DF3B36D121ECAF8A0033C858 /* ApplicationError.swift */; };
		DF3B36F121ECAF8A0033C858 /* SwiftError.swift in Sources */ = {isa = PBXBuildFile; fileRef = DF3B36D221ECAF8A0033C858 /* SwiftError.swift */; };
		DF3B36F221ECAF8A0033C858 /* ActionError+DisplayableSwiftError.swift in Sources */ = {isa = PBXBuildFile; fileRef = DF3B36D421ECAF8A0033C858 /* ActionError+DisplayableSwiftError.swift */; };
		DF3B36F521ECAF8A0033C858 /* NSError+DisplayableError.swift in Sources */ = {isa = PBXBuildFile; fileRef = DF3B36D721ECAF8A0033C858 /* NSError+DisplayableError.swift */; };
		DF3B36F621ECAF8A0033C858 /* DisplayableError.swift in Sources */ = {isa = PBXBuildFile; fileRef = DF3B36D821ECAF8A0033C858 /* DisplayableError.swift */; };
		DF3B36F921ECAF8A0033C858 /* Error+DisplayableError.swift in Sources */ = {isa = PBXBuildFile; fileRef = DF3B36DB21ECAF8A0033C858 /* Error+DisplayableError.swift */; };
		DF3B36FD21ECAF8A0033C858 /* ApplicationError+DisplayableError.swift in Sources */ = {isa = PBXBuildFile; fileRef = DF3B36DF21ECAF8A0033C858 /* ApplicationError+DisplayableError.swift */; };
		DF3B370121ECAFDD0033C858 /* String+Localization.swift in Sources */ = {isa = PBXBuildFile; fileRef = DF3B370021ECAFDD0033C858 /* String+Localization.swift */; };
		E8013AAD2B645824006CC984 /* ContactsProvider.swift in Sources */ = {isa = PBXBuildFile; fileRef = E8013AAC2B645824006CC984 /* ContactsProvider.swift */; };
		E80F25D02B6858FE002E4FE5 /* Contact.SortOption+Extensions.swift in Sources */ = {isa = PBXBuildFile; fileRef = E80F25CF2B6858FE002E4FE5 /* Contact.SortOption+Extensions.swift */; };
		E81C37AD2AAFAC3A00FE487F /* ContactListViewModelTest.swift in Sources */ = {isa = PBXBuildFile; fileRef = E81C37AC2AAFAC3A00FE487F /* ContactListViewModelTest.swift */; };
		E821393C2B193A3A009ABF4E /* EdgeSwipeCardFlipModifier.swift in Sources */ = {isa = PBXBuildFile; fileRef = E821393B2B193A3A009ABF4E /* EdgeSwipeCardFlipModifier.swift */; };
		E82139402B1A7677009ABF4E /* NavigationStackManager.swift in Sources */ = {isa = PBXBuildFile; fileRef = E821393F2B1A7677009ABF4E /* NavigationStackManager.swift */; };
		E82139422B1A76B2009ABF4E /* ContactListNavigation.swift in Sources */ = {isa = PBXBuildFile; fileRef = E82139412B1A76B2009ABF4E /* ContactListNavigation.swift */; };
		E82139442B1A7887009ABF4E /* GroupListNavigation.swift in Sources */ = {isa = PBXBuildFile; fileRef = E82139432B1A7887009ABF4E /* GroupListNavigation.swift */; };
		E8233DD22A8695EB00D52D84 /* Contact+Extensions.swift in Sources */ = {isa = PBXBuildFile; fileRef = E8233DD12A8695EB00D52D84 /* Contact+Extensions.swift */; };
		E84C26052AA23624008D3FB6 /* ContactListViewModel.swift in Sources */ = {isa = PBXBuildFile; fileRef = E84C26042AA23624008D3FB6 /* ContactListViewModel.swift */; };
		E85F50742B61B34200E62286 /* ContactListViewModel.swift in Sources */ = {isa = PBXBuildFile; fileRef = E84C26042AA23624008D3FB6 /* ContactListViewModel.swift */; };
		E85F50752B61B38600E62286 /* ContactListView.swift in Sources */ = {isa = PBXBuildFile; fileRef = E8D67B9A2A8AB21C00300FE0 /* ContactListView.swift */; };
		E85F50762B61B42000E62286 /* ContactsRepository.swift in Sources */ = {isa = PBXBuildFile; fileRef = E87A3DFB2A8C09B20068F34C /* ContactsRepository.swift */; };
		E85F50772B61B42C00E62286 /* FilterQuery.swift in Sources */ = {isa = PBXBuildFile; fileRef = E88DA29F2AA12188002797AB /* FilterQuery.swift */; };
		E85F50782B61B43500E62286 /* Contact+Extensions.swift in Sources */ = {isa = PBXBuildFile; fileRef = E8233DD12A8695EB00D52D84 /* Contact+Extensions.swift */; };
		E85F50792B61B44100E62286 /* ContactListNavigation.swift in Sources */ = {isa = PBXBuildFile; fileRef = E82139412B1A76B2009ABF4E /* ContactListNavigation.swift */; };
		E85F507A2B61B44F00E62286 /* NavigationStackManager.swift in Sources */ = {isa = PBXBuildFile; fileRef = E821393F2B1A7677009ABF4E /* NavigationStackManager.swift */; };
		E85F507B2B61B45C00E62286 /* ContactDetailView.swift in Sources */ = {isa = PBXBuildFile; fileRef = E87A3DF12A8AC8080068F34C /* ContactDetailView.swift */; };
		E85F507C2B61B48000E62286 /* LocalizableKeys+Constants.generated.swift in Sources */ = {isa = PBXBuildFile; fileRef = FCDAFBCF27C54741001314C2 /* LocalizableKeys+Constants.generated.swift */; };
		E85F507D2B61B48900E62286 /* NSAttributedString+LocalizedFormat.swift in Sources */ = {isa = PBXBuildFile; fileRef = DF3B36BF21ECAF560033C858 /* NSAttributedString+LocalizedFormat.swift */; };
		E85F507E2B61B49200E62286 /* FilterView.swift in Sources */ = {isa = PBXBuildFile; fileRef = E8C33FF42A9FE04E0004E455 /* FilterView.swift */; };
		E85F507F2B61B49700E62286 /* ContactCardView.swift in Sources */ = {isa = PBXBuildFile; fileRef = E8C33FF22A9F982A0004E455 /* ContactCardView.swift */; };
		E85F50802B61B4A200E62286 /* ContactGroup+Extensions.swift in Sources */ = {isa = PBXBuildFile; fileRef = E87A3DFD2A8C139C0068F34C /* ContactGroup+Extensions.swift */; };
		E85F50812B61B4C100E62286 /* Color+Extensions.swift in Sources */ = {isa = PBXBuildFile; fileRef = E8A497E92AABA6F20057C78B /* Color+Extensions.swift */; };
		E85F50822B61B4CA00E62286 /* Constants.swift in Sources */ = {isa = PBXBuildFile; fileRef = E87A3DE62A8ABE0F0068F34C /* Constants.swift */; };
		E85F50832B61B4D000E62286 /* FilterRowView.swift in Sources */ = {isa = PBXBuildFile; fileRef = E88DA29D2AA120E2002797AB /* FilterRowView.swift */; };
		E85F50842B61B4DB00E62286 /* SwipeableRowView.swift in Sources */ = {isa = PBXBuildFile; fileRef = E8C33FF72AA0E4C50004E455 /* SwipeableRowView.swift */; };
		E85F50852B61B4E100E62286 /* PreferenceKeys.swift in Sources */ = {isa = PBXBuildFile; fileRef = E8FA23DB2AA77847006DE429 /* PreferenceKeys.swift */; };
		E87A3DE72A8ABE0F0068F34C /* Constants.swift in Sources */ = {isa = PBXBuildFile; fileRef = E87A3DE62A8ABE0F0068F34C /* Constants.swift */; };
		E87A3DE92A8AC03D0068F34C /* View+Extensions.swift in Sources */ = {isa = PBXBuildFile; fileRef = E87A3DE82A8AC03D0068F34C /* View+Extensions.swift */; };
		E87A3DEE2A8AC3B90068F34C /* GroupDetailView.swift in Sources */ = {isa = PBXBuildFile; fileRef = E87A3DED2A8AC3B90068F34C /* GroupDetailView.swift */; };
		E87A3DF22A8AC8080068F34C /* ContactDetailView.swift in Sources */ = {isa = PBXBuildFile; fileRef = E87A3DF12A8AC8080068F34C /* ContactDetailView.swift */; };
		E87A3DF62A8AC9990068F34C /* ContactSelectorView.swift in Sources */ = {isa = PBXBuildFile; fileRef = E87A3DF52A8AC9990068F34C /* ContactSelectorView.swift */; };
		E87A3DF82A8BE4A30068F34C /* NavigationLinkHelper.swift in Sources */ = {isa = PBXBuildFile; fileRef = E87A3DF72A8BE4A30068F34C /* NavigationLinkHelper.swift */; };
		E87A3DFA2A8BE6F90068F34C /* GroupCardView.swift in Sources */ = {isa = PBXBuildFile; fileRef = E87A3DF92A8BE6F90068F34C /* GroupCardView.swift */; };
		E87A3DFC2A8C09B20068F34C /* ContactsRepository.swift in Sources */ = {isa = PBXBuildFile; fileRef = E87A3DFB2A8C09B20068F34C /* ContactsRepository.swift */; };
		E87A3DFE2A8C139C0068F34C /* ContactGroup+Extensions.swift in Sources */ = {isa = PBXBuildFile; fileRef = E87A3DFD2A8C139C0068F34C /* ContactGroup+Extensions.swift */; };
		E88DA29E2AA120E2002797AB /* FilterRowView.swift in Sources */ = {isa = PBXBuildFile; fileRef = E88DA29D2AA120E2002797AB /* FilterRowView.swift */; };
		E88DA2A02AA12188002797AB /* FilterQuery.swift in Sources */ = {isa = PBXBuildFile; fileRef = E88DA29F2AA12188002797AB /* FilterQuery.swift */; };
		E8966E1F2BABD3FA00C41665 /* ContactsProviderTests.swift in Sources */ = {isa = PBXBuildFile; fileRef = E8966E1E2BABD3FA00C41665 /* ContactsProviderTests.swift */; };
		E8A497EA2AABA6F20057C78B /* Color+Extensions.swift in Sources */ = {isa = PBXBuildFile; fileRef = E8A497E92AABA6F20057C78B /* Color+Extensions.swift */; };
		E8B431D42BB36AFC004E7616 /* ContactGroupHandler.swift in Sources */ = {isa = PBXBuildFile; fileRef = E8B431D32BB36AFC004E7616 /* ContactGroupHandler.swift */; };
		E8B431DA2BB5B789004E7616 /* UserSettings.swift in Sources */ = {isa = PBXBuildFile; fileRef = E8B431D92BB5B789004E7616 /* UserSettings.swift */; };
		E8C33FF32A9F982A0004E455 /* ContactCardView.swift in Sources */ = {isa = PBXBuildFile; fileRef = E8C33FF22A9F982A0004E455 /* ContactCardView.swift */; };
		E8C33FF52A9FE04E0004E455 /* FilterView.swift in Sources */ = {isa = PBXBuildFile; fileRef = E8C33FF42A9FE04E0004E455 /* FilterView.swift */; };
		E8C33FF82AA0E4C50004E455 /* SwipeableRowView.swift in Sources */ = {isa = PBXBuildFile; fileRef = E8C33FF72AA0E4C50004E455 /* SwipeableRowView.swift */; };
		E8D67B992A8AB1B800300FE0 /* RootView.swift in Sources */ = {isa = PBXBuildFile; fileRef = E8D67B982A8AB1B800300FE0 /* RootView.swift */; };
		E8D67B9B2A8AB21C00300FE0 /* ContactListView.swift in Sources */ = {isa = PBXBuildFile; fileRef = E8D67B9A2A8AB21C00300FE0 /* ContactListView.swift */; };
		E8D67B9D2A8AB27200300FE0 /* GroupListView.swift in Sources */ = {isa = PBXBuildFile; fileRef = E8D67B9C2A8AB27200300FE0 /* GroupListView.swift */; };
		E8D67B9F2A8AB82A00300FE0 /* GroupCreationView.swift in Sources */ = {isa = PBXBuildFile; fileRef = E8D67B9E2A8AB82A00300FE0 /* GroupCreationView.swift */; };
		E8DA6A032B646255000B9CB5 /* ContactsProvider.swift in Sources */ = {isa = PBXBuildFile; fileRef = E8013AAC2B645824006CC984 /* ContactsProvider.swift */; };
		E8E841B62BB207F400F9F60D /* DeveloperToolsSupport+Extensions.swift in Sources */ = {isa = PBXBuildFile; fileRef = E8E841B52BB207F400F9F60D /* DeveloperToolsSupport+Extensions.swift */; };
		E8FA23DC2AA77847006DE429 /* PreferenceKeys.swift in Sources */ = {isa = PBXBuildFile; fileRef = E8FA23DB2AA77847006DE429 /* PreferenceKeys.swift */; };
		F40191112301E7FB00CF1502 /* DecodingError+DisplayableError.swift in Sources */ = {isa = PBXBuildFile; fileRef = F40191102301E7FB00CF1502 /* DecodingError+DisplayableError.swift */; };
		F4CD706420002E7C0013EE7B /* LaunchScreen.storyboard in Resources */ = {isa = PBXBuildFile; fileRef = F4CD706220002E7C0013EE7B /* LaunchScreen.storyboard */; };
		F4CD706520002E7C0013EE7B /* Settings.bundle in Resources */ = {isa = PBXBuildFile; fileRef = F4CD706320002E7C0013EE7B /* Settings.bundle */; };
		FC3DC8C528AE1FE6009EA293 /* FueledUtilsCore in Frameworks */ = {isa = PBXBuildFile; productRef = FC3DC8C428AE1FE6009EA293 /* FueledUtilsCore */; };
		FC3DC8C928AE1FE6009EA293 /* FueledUtilsSwiftUI in Frameworks */ = {isa = PBXBuildFile; productRef = FC3DC8C828AE1FE6009EA293 /* FueledUtilsSwiftUI */; };
		FC9016C127B4638900C935FE /* CustomContactsAPIKit in Frameworks */ = {isa = PBXBuildFile; productRef = FC9016C027B4638900C935FE /* CustomContactsAPIKit */; };
		FC9016C327B4638900C935FE /* CustomContactsHelpers in Frameworks */ = {isa = PBXBuildFile; productRef = FC9016C227B4638900C935FE /* CustomContactsHelpers */; };
		FCDAFBDC27C54741001314C2 /* LocalizableKeys+Constants.generated.swift in Sources */ = {isa = PBXBuildFile; fileRef = FCDAFBCF27C54741001314C2 /* LocalizableKeys+Constants.generated.swift */; };
		FCDAFBDD27C54741001314C2 /* Assets+Constants.generated.swift in Sources */ = {isa = PBXBuildFile; fileRef = FCDAFBD027C54741001314C2 /* Assets+Constants.generated.swift */; };
		FCDAFBDE27C54741001314C2 /* PList.generated.swift in Sources */ = {isa = PBXBuildFile; fileRef = FCDAFBD127C54741001314C2 /* PList.generated.swift */; };
		FCDAFBDF27C54741001314C2 /* Fonts+Constants.generated.swift in Sources */ = {isa = PBXBuildFile; fileRef = FCDAFBD227C54741001314C2 /* Fonts+Constants.generated.swift */; };
/* End PBXBuildFile section */

/* Begin PBXContainerItemProxy section */
		F4CD703A2000044F0013EE7B /* PBXContainerItemProxy */ = {
			isa = PBXContainerItemProxy;
			containerPortal = 3DFCFB491E5DA85B00D4A874 /* Project object */;
			proxyType = 1;
			remoteGlobalIDString = 3DFCFB501E5DA85B00D4A874;
			remoteInfo = CustomContacts;
		};
/* End PBXContainerItemProxy section */

/* Begin PBXFileReference section */
		0F79D60929F1F50000346E43 /* App.swift */ = {isa = PBXFileReference; lastKnownFileType = sourcecode.swift; path = App.swift; sourceTree = "<group>"; };
		1390FB342947426500A292D3 /* ArkanaKeys */ = {isa = PBXFileReference; lastKnownFileType = wrapper; name = ArkanaKeys; path = ArkanaKeys/ArkanaKeys; sourceTree = "<group>"; };
		3D119F161FFE1115001932AA /* Info.plist */ = {isa = PBXFileReference; fileEncoding = 4; lastKnownFileType = text.plist.xml; path = Info.plist; sourceTree = "<group>"; };
		3D119F181FFE1115001932AA /* Assets.xcassets */ = {isa = PBXFileReference; lastKnownFileType = folder.assetcatalog; path = Assets.xcassets; sourceTree = "<group>"; };
		3DFCFB511E5DA85B00D4A874 /* CustomContacts.app */ = {isa = PBXFileReference; explicitFileType = wrapper.application; includeInIndex = 0; path = CustomContacts.app; sourceTree = BUILT_PRODUCTS_DIR; };
		DF3B36B921ECAEFF0033C858 /* en */ = {isa = PBXFileReference; lastKnownFileType = text.plist.strings; name = en; path = en.lproj/Localizable.strings; sourceTree = "<group>"; };
		DF3B36BB21ECAEFF0033C858 /* en */ = {isa = PBXFileReference; lastKnownFileType = text.plist.stringsdict; name = en; path = en.lproj/Localizable.stringsdict; sourceTree = "<group>"; };
		DF3B36BF21ECAF560033C858 /* NSAttributedString+LocalizedFormat.swift */ = {isa = PBXFileReference; fileEncoding = 4; lastKnownFileType = sourcecode.swift; path = "NSAttributedString+LocalizedFormat.swift"; sourceTree = "<group>"; };
		DF3B36C221ECAF8A0033C858 /* Error+Helpers.swift */ = {isa = PBXFileReference; fileEncoding = 4; lastKnownFileType = sourcecode.swift; path = "Error+Helpers.swift"; sourceTree = "<group>"; };
		DF3B36D121ECAF8A0033C858 /* ApplicationError.swift */ = {isa = PBXFileReference; fileEncoding = 4; lastKnownFileType = sourcecode.swift; path = ApplicationError.swift; sourceTree = "<group>"; };
		DF3B36D221ECAF8A0033C858 /* SwiftError.swift */ = {isa = PBXFileReference; fileEncoding = 4; lastKnownFileType = sourcecode.swift; path = SwiftError.swift; sourceTree = "<group>"; };
		DF3B36D421ECAF8A0033C858 /* ActionError+DisplayableSwiftError.swift */ = {isa = PBXFileReference; fileEncoding = 4; lastKnownFileType = sourcecode.swift; path = "ActionError+DisplayableSwiftError.swift"; sourceTree = "<group>"; };
		DF3B36D721ECAF8A0033C858 /* NSError+DisplayableError.swift */ = {isa = PBXFileReference; fileEncoding = 4; lastKnownFileType = sourcecode.swift; path = "NSError+DisplayableError.swift"; sourceTree = "<group>"; };
		DF3B36D821ECAF8A0033C858 /* DisplayableError.swift */ = {isa = PBXFileReference; fileEncoding = 4; lastKnownFileType = sourcecode.swift; path = DisplayableError.swift; sourceTree = "<group>"; };
		DF3B36DB21ECAF8A0033C858 /* Error+DisplayableError.swift */ = {isa = PBXFileReference; fileEncoding = 4; lastKnownFileType = sourcecode.swift; path = "Error+DisplayableError.swift"; sourceTree = "<group>"; };
		DF3B36DF21ECAF8A0033C858 /* ApplicationError+DisplayableError.swift */ = {isa = PBXFileReference; fileEncoding = 4; lastKnownFileType = sourcecode.swift; path = "ApplicationError+DisplayableError.swift"; sourceTree = "<group>"; };
		DF3B370021ECAFDD0033C858 /* String+Localization.swift */ = {isa = PBXFileReference; fileEncoding = 4; lastKnownFileType = sourcecode.swift; path = "String+Localization.swift"; sourceTree = "<group>"; };
		E8013AAC2B645824006CC984 /* ContactsProvider.swift */ = {isa = PBXFileReference; lastKnownFileType = sourcecode.swift; path = ContactsProvider.swift; sourceTree = "<group>"; };
		E80F25CF2B6858FE002E4FE5 /* Contact.SortOption+Extensions.swift */ = {isa = PBXFileReference; lastKnownFileType = sourcecode.swift; path = "Contact.SortOption+Extensions.swift"; sourceTree = "<group>"; };
		E81C37AB2AAFAC3A00FE487F /* CustomContactsTests-Bridging-Header.h */ = {isa = PBXFileReference; lastKnownFileType = sourcecode.c.h; path = "CustomContactsTests-Bridging-Header.h"; sourceTree = "<group>"; };
		E81C37AC2AAFAC3A00FE487F /* ContactListViewModelTest.swift */ = {isa = PBXFileReference; lastKnownFileType = sourcecode.swift; path = ContactListViewModelTest.swift; sourceTree = "<group>"; };
		E821393B2B193A3A009ABF4E /* EdgeSwipeCardFlipModifier.swift */ = {isa = PBXFileReference; lastKnownFileType = sourcecode.swift; path = EdgeSwipeCardFlipModifier.swift; sourceTree = "<group>"; };
		E821393F2B1A7677009ABF4E /* NavigationStackManager.swift */ = {isa = PBXFileReference; lastKnownFileType = sourcecode.swift; path = NavigationStackManager.swift; sourceTree = "<group>"; };
		E82139412B1A76B2009ABF4E /* ContactListNavigation.swift */ = {isa = PBXFileReference; lastKnownFileType = sourcecode.swift; path = ContactListNavigation.swift; sourceTree = "<group>"; };
		E82139432B1A7887009ABF4E /* GroupListNavigation.swift */ = {isa = PBXFileReference; lastKnownFileType = sourcecode.swift; path = GroupListNavigation.swift; sourceTree = "<group>"; };
		E8233DD12A8695EB00D52D84 /* Contact+Extensions.swift */ = {isa = PBXFileReference; lastKnownFileType = sourcecode.swift; path = "Contact+Extensions.swift"; sourceTree = "<group>"; };
		E84C26042AA23624008D3FB6 /* ContactListViewModel.swift */ = {isa = PBXFileReference; lastKnownFileType = sourcecode.swift; path = ContactListViewModel.swift; sourceTree = "<group>"; };
		E87A3DE62A8ABE0F0068F34C /* Constants.swift */ = {isa = PBXFileReference; lastKnownFileType = sourcecode.swift; path = Constants.swift; sourceTree = "<group>"; };
		E87A3DE82A8AC03D0068F34C /* View+Extensions.swift */ = {isa = PBXFileReference; lastKnownFileType = sourcecode.swift; path = "View+Extensions.swift"; sourceTree = "<group>"; };
		E87A3DED2A8AC3B90068F34C /* GroupDetailView.swift */ = {isa = PBXFileReference; lastKnownFileType = sourcecode.swift; path = GroupDetailView.swift; sourceTree = "<group>"; };
		E87A3DF12A8AC8080068F34C /* ContactDetailView.swift */ = {isa = PBXFileReference; lastKnownFileType = sourcecode.swift; path = ContactDetailView.swift; sourceTree = "<group>"; };
		E87A3DF52A8AC9990068F34C /* ContactSelectorView.swift */ = {isa = PBXFileReference; lastKnownFileType = sourcecode.swift; path = ContactSelectorView.swift; sourceTree = "<group>"; };
		E87A3DF72A8BE4A30068F34C /* NavigationLinkHelper.swift */ = {isa = PBXFileReference; lastKnownFileType = sourcecode.swift; path = NavigationLinkHelper.swift; sourceTree = "<group>"; };
		E87A3DF92A8BE6F90068F34C /* GroupCardView.swift */ = {isa = PBXFileReference; lastKnownFileType = sourcecode.swift; path = GroupCardView.swift; sourceTree = "<group>"; };
		E87A3DFB2A8C09B20068F34C /* ContactsRepository.swift */ = {isa = PBXFileReference; lastKnownFileType = sourcecode.swift; path = ContactsRepository.swift; sourceTree = "<group>"; };
		E87A3DFD2A8C139C0068F34C /* ContactGroup+Extensions.swift */ = {isa = PBXFileReference; lastKnownFileType = sourcecode.swift; path = "ContactGroup+Extensions.swift"; sourceTree = "<group>"; };
		E88DA29D2AA120E2002797AB /* FilterRowView.swift */ = {isa = PBXFileReference; lastKnownFileType = sourcecode.swift; path = FilterRowView.swift; sourceTree = "<group>"; };
		E88DA29F2AA12188002797AB /* FilterQuery.swift */ = {isa = PBXFileReference; lastKnownFileType = sourcecode.swift; path = FilterQuery.swift; sourceTree = "<group>"; };
		E8966E1E2BABD3FA00C41665 /* ContactsProviderTests.swift */ = {isa = PBXFileReference; lastKnownFileType = sourcecode.swift; path = ContactsProviderTests.swift; sourceTree = "<group>"; };
		E8A497E92AABA6F20057C78B /* Color+Extensions.swift */ = {isa = PBXFileReference; lastKnownFileType = sourcecode.swift; path = "Color+Extensions.swift"; sourceTree = "<group>"; };
		E8B431D32BB36AFC004E7616 /* ContactGroupHandler.swift */ = {isa = PBXFileReference; lastKnownFileType = sourcecode.swift; path = ContactGroupHandler.swift; sourceTree = "<group>"; };
		E8B431D92BB5B789004E7616 /* UserSettings.swift */ = {isa = PBXFileReference; lastKnownFileType = sourcecode.swift; path = UserSettings.swift; sourceTree = "<group>"; };
		E8C33FF22A9F982A0004E455 /* ContactCardView.swift */ = {isa = PBXFileReference; lastKnownFileType = sourcecode.swift; path = ContactCardView.swift; sourceTree = "<group>"; };
		E8C33FF42A9FE04E0004E455 /* FilterView.swift */ = {isa = PBXFileReference; lastKnownFileType = sourcecode.swift; path = FilterView.swift; sourceTree = "<group>"; };
		E8C33FF72AA0E4C50004E455 /* SwipeableRowView.swift */ = {isa = PBXFileReference; lastKnownFileType = sourcecode.swift; path = SwipeableRowView.swift; sourceTree = "<group>"; };
		E8D67B982A8AB1B800300FE0 /* RootView.swift */ = {isa = PBXFileReference; lastKnownFileType = sourcecode.swift; path = RootView.swift; sourceTree = "<group>"; };
		E8D67B9A2A8AB21C00300FE0 /* ContactListView.swift */ = {isa = PBXFileReference; lastKnownFileType = sourcecode.swift; path = ContactListView.swift; sourceTree = "<group>"; };
		E8D67B9C2A8AB27200300FE0 /* GroupListView.swift */ = {isa = PBXFileReference; lastKnownFileType = sourcecode.swift; path = GroupListView.swift; sourceTree = "<group>"; };
		E8D67B9E2A8AB82A00300FE0 /* GroupCreationView.swift */ = {isa = PBXFileReference; lastKnownFileType = sourcecode.swift; path = GroupCreationView.swift; sourceTree = "<group>"; };
		E8E841B52BB207F400F9F60D /* DeveloperToolsSupport+Extensions.swift */ = {isa = PBXFileReference; lastKnownFileType = sourcecode.swift; path = "DeveloperToolsSupport+Extensions.swift"; sourceTree = "<group>"; };
		E8FA23DB2AA77847006DE429 /* PreferenceKeys.swift */ = {isa = PBXFileReference; lastKnownFileType = sourcecode.swift; path = PreferenceKeys.swift; sourceTree = "<group>"; };
		F40191102301E7FB00CF1502 /* DecodingError+DisplayableError.swift */ = {isa = PBXFileReference; fileEncoding = 4; lastKnownFileType = sourcecode.swift; path = "DecodingError+DisplayableError.swift"; sourceTree = "<group>"; };
		F4AB7AB52534CC6F008372B6 /* CustomContactsAPIKit.framework */ = {isa = PBXFileReference; explicitFileType = wrapper.framework; path = CustomContactsAPIKit.framework; sourceTree = BUILT_PRODUCTS_DIR; };
		F4AB7AB62534CC6F008372B6 /* CustomContactsHelpers.framework */ = {isa = PBXFileReference; explicitFileType = wrapper.framework; path = CustomContactsHelpers.framework; sourceTree = BUILT_PRODUCTS_DIR; };
		F4CD70352000044F0013EE7B /* CustomContactsTests.xctest */ = {isa = PBXFileReference; explicitFileType = wrapper.cfbundle; includeInIndex = 0; path = CustomContactsTests.xctest; sourceTree = BUILT_PRODUCTS_DIR; };
		F4CD70402000046A0013EE7B /* Info.plist */ = {isa = PBXFileReference; fileEncoding = 4; lastKnownFileType = text.plist.xml; path = Info.plist; sourceTree = "<group>"; };
		F4CD705A200024B20013EE7B /* CustomContacts-Prod.entitlements */ = {isa = PBXFileReference; lastKnownFileType = text.plist.entitlements; path = "CustomContacts-Prod.entitlements"; sourceTree = "<group>"; };
		F4CD705B200024B30013EE7B /* CustomContacts-Dev.entitlements */ = {isa = PBXFileReference; lastKnownFileType = text.plist.entitlements; path = "CustomContacts-Dev.entitlements"; sourceTree = "<group>"; };
		F4CD706220002E7C0013EE7B /* LaunchScreen.storyboard */ = {isa = PBXFileReference; fileEncoding = 4; lastKnownFileType = file.storyboard; path = LaunchScreen.storyboard; sourceTree = "<group>"; };
		F4CD706320002E7C0013EE7B /* Settings.bundle */ = {isa = PBXFileReference; lastKnownFileType = "wrapper.plug-in"; path = Settings.bundle; sourceTree = "<group>"; };
		FC9016BE27B4632000C935FE /* CustomContactsAPIKit */ = {isa = PBXFileReference; lastKnownFileType = wrapper; name = CustomContactsAPIKit; path = Libraries/CustomContactsAPIKit; sourceTree = "<group>"; };
		FC9016BF27B4632000C935FE /* CustomContactsHelpers */ = {isa = PBXFileReference; lastKnownFileType = wrapper; name = CustomContactsHelpers; path = Libraries/CustomContactsHelpers; sourceTree = "<group>"; };
		FCDAFBCF27C54741001314C2 /* LocalizableKeys+Constants.generated.swift */ = {isa = PBXFileReference; fileEncoding = 4; lastKnownFileType = sourcecode.swift; path = "LocalizableKeys+Constants.generated.swift"; sourceTree = "<group>"; };
		FCDAFBD027C54741001314C2 /* Assets+Constants.generated.swift */ = {isa = PBXFileReference; fileEncoding = 4; lastKnownFileType = sourcecode.swift; path = "Assets+Constants.generated.swift"; sourceTree = "<group>"; };
		FCDAFBD127C54741001314C2 /* PList.generated.swift */ = {isa = PBXFileReference; fileEncoding = 4; lastKnownFileType = sourcecode.swift; path = PList.generated.swift; sourceTree = "<group>"; };
		FCDAFBD227C54741001314C2 /* Fonts+Constants.generated.swift */ = {isa = PBXFileReference; fileEncoding = 4; lastKnownFileType = sourcecode.swift; path = "Fonts+Constants.generated.swift"; sourceTree = "<group>"; };
/* End PBXFileReference section */

/* Begin PBXFrameworksBuildPhase section */
		3DFCFB4E1E5DA85B00D4A874 /* Frameworks */ = {
			isa = PBXFrameworksBuildPhase;
			buildActionMask = 2147483647;
			files = (
				0F9AFBDA29E8004C00496F61 /* Dependencies in Frameworks */,
				1390FB362947427D00A292D3 /* ArkanaKeys in Frameworks */,
				52B6146729647BCB00F00820 /* NukeUI in Frameworks */,
				FC3DC8C928AE1FE6009EA293 /* FueledUtilsSwiftUI in Frameworks */,
				FC3DC8C528AE1FE6009EA293 /* FueledUtilsCore in Frameworks */,
				FC9016C327B4638900C935FE /* CustomContactsHelpers in Frameworks */,
				FC9016C127B4638900C935FE /* CustomContactsAPIKit in Frameworks */,
			);
			runOnlyForDeploymentPostprocessing = 0;
		};
		F4CD70322000044F0013EE7B /* Frameworks */ = {
			isa = PBXFrameworksBuildPhase;
			buildActionMask = 2147483647;
			files = (
			);
			runOnlyForDeploymentPostprocessing = 0;
		};
/* End PBXFrameworksBuildPhase section */

/* Begin PBXGroup section */
		3D119F091FFE102D001932AA /* CustomContacts */ = {
			isa = PBXGroup;
			children = (
				F4CD7019200003E10013EE7B /* Code */,
				3D119F0B1FFE1044001932AA /* Resources */,
				F4CD703F2000046A0013EE7B /* Tests */,
			);
			path = CustomContacts;
			sourceTree = "<group>";
		};
		3D119F0B1FFE1044001932AA /* Resources */ = {
			isa = PBXGroup;
			children = (
				F4CD705B200024B30013EE7B /* CustomContacts-Dev.entitlements */,
				F4CD705A200024B20013EE7B /* CustomContacts-Prod.entitlements */,
				3D119F181FFE1115001932AA /* Assets.xcassets */,
				DF3B36B521ECAEFF0033C858 /* Fonts */,
				DF3B36B721ECAEFF0033C858 /* Localization */,
				F4CD706220002E7C0013EE7B /* LaunchScreen.storyboard */,
				F4CD706320002E7C0013EE7B /* Settings.bundle */,
				3D119F161FFE1115001932AA /* Info.plist */,
			);
			path = Resources;
			sourceTree = "<group>";
		};
		3DFCFB481E5DA85B00D4A874 = {
			isa = PBXGroup;
			children = (
				1390FB342947426500A292D3 /* ArkanaKeys */,
				FC9016BE27B4632000C935FE /* CustomContactsAPIKit */,
				FC9016BF27B4632000C935FE /* CustomContactsHelpers */,
				3D119F091FFE102D001932AA /* CustomContacts */,
				3DFCFB521E5DA85B00D4A874 /* Products */,
				49B7809AEED7B3A6D47B9B77 /* Frameworks */,
			);
			sourceTree = "<group>";
		};
		3DFCFB521E5DA85B00D4A874 /* Products */ = {
			isa = PBXGroup;
			children = (
				3DFCFB511E5DA85B00D4A874 /* CustomContacts.app */,
				F4CD70352000044F0013EE7B /* CustomContactsTests.xctest */,
			);
			name = Products;
			sourceTree = "<group>";
		};
		49B7809AEED7B3A6D47B9B77 /* Frameworks */ = {
			isa = PBXGroup;
			children = (
				F4AB7AB52534CC6F008372B6 /* CustomContactsAPIKit.framework */,
				F4AB7AB62534CC6F008372B6 /* CustomContactsHelpers.framework */,
			);
			name = Frameworks;
			sourceTree = "<group>";
		};
		DF3B36B521ECAEFF0033C858 /* Fonts */ = {
			isa = PBXGroup;
			children = (
			);
			path = Fonts;
			sourceTree = "<group>";
		};
		DF3B36B721ECAEFF0033C858 /* Localization */ = {
			isa = PBXGroup;
			children = (
				DF3B36B821ECAEFF0033C858 /* Localizable.strings */,
				DF3B36BA21ECAEFF0033C858 /* Localizable.stringsdict */,
			);
			path = Localization;
			sourceTree = "<group>";
		};
		DF3B36C121ECAF8A0033C858 /* Errors */ = {
			isa = PBXGroup;
			children = (
				DF3B36D321ECAF8A0033C858 /* DisplayableError */,
				DF3B36C221ECAF8A0033C858 /* Error+Helpers.swift */,
				DF3B36D121ECAF8A0033C858 /* ApplicationError.swift */,
				DF3B36D221ECAF8A0033C858 /* SwiftError.swift */,
			);
			path = Errors;
			sourceTree = "<group>";
		};
		DF3B36D321ECAF8A0033C858 /* DisplayableError */ = {
			isa = PBXGroup;
			children = (
				DF3B36D421ECAF8A0033C858 /* ActionError+DisplayableSwiftError.swift */,
				DF3B36D721ECAF8A0033C858 /* NSError+DisplayableError.swift */,
				DF3B36D821ECAF8A0033C858 /* DisplayableError.swift */,
				DF3B36DB21ECAF8A0033C858 /* Error+DisplayableError.swift */,
				DF3B36DF21ECAF8A0033C858 /* ApplicationError+DisplayableError.swift */,
				F40191102301E7FB00CF1502 /* DecodingError+DisplayableError.swift */,
			);
			path = DisplayableError;
			sourceTree = "<group>";
		};
		DF3B37D121ECB4320033C858 /* Main */ = {
			isa = PBXGroup;
			children = (
				E8D67B982A8AB1B800300FE0 /* RootView.swift */,
				E87A3DF32A8AC9290068F34C /* Contacts */,
				E87A3DF42A8AC9300068F34C /* Groups */,
				E8C33FF62A9FE0520004E455 /* Filter */,
			);
			path = Main;
			sourceTree = "<group>";
		};
		E87A3DEC2A8AC0D30068F34C /* Common */ = {
			isa = PBXGroup;
			children = (
				E821393B2B193A3A009ABF4E /* EdgeSwipeCardFlipModifier.swift */,
				E87A3DF72A8BE4A30068F34C /* NavigationLinkHelper.swift */,
				E8FA23DB2AA77847006DE429 /* PreferenceKeys.swift */,
				E8C33FF72AA0E4C50004E455 /* SwipeableRowView.swift */,
				E821393F2B1A7677009ABF4E /* NavigationStackManager.swift */,
			);
			path = Common;
			sourceTree = "<group>";
		};
		E87A3DF32A8AC9290068F34C /* Contacts */ = {
			isa = PBXGroup;
			children = (
				E82139412B1A76B2009ABF4E /* ContactListNavigation.swift */,
				E8D67B9A2A8AB21C00300FE0 /* ContactListView.swift */,
				E84C26042AA23624008D3FB6 /* ContactListViewModel.swift */,
				E8C33FF22A9F982A0004E455 /* ContactCardView.swift */,
				E87A3DF12A8AC8080068F34C /* ContactDetailView.swift */,
				E87A3DF52A8AC9990068F34C /* ContactSelectorView.swift */,
			);
			path = Contacts;
			sourceTree = "<group>";
		};
		E87A3DF42A8AC9300068F34C /* Groups */ = {
			isa = PBXGroup;
			children = (
				E82139432B1A7887009ABF4E /* GroupListNavigation.swift */,
				E8D67B9C2A8AB27200300FE0 /* GroupListView.swift */,
				E87A3DF92A8BE6F90068F34C /* GroupCardView.swift */,
				E8D67B9E2A8AB82A00300FE0 /* GroupCreationView.swift */,
				E87A3DED2A8AC3B90068F34C /* GroupDetailView.swift */,
			);
			path = Groups;
			sourceTree = "<group>";
		};
		E8C33FF62A9FE0520004E455 /* Filter */ = {
			isa = PBXGroup;
			children = (
				E8C33FF42A9FE04E0004E455 /* FilterView.swift */,
				E88DA29D2AA120E2002797AB /* FilterRowView.swift */,
				E88DA29F2AA12188002797AB /* FilterQuery.swift */,
			);
			path = Filter;
			sourceTree = "<group>";
		};
		F4CD7019200003E10013EE7B /* Code */ = {
			isa = PBXGroup;
			children = (
				FCDAFBC527C54741001314C2 /* Generated */,
				F4CD704A200009530013EE7B /* Helpers */,
				F4CD701A200003E10013EE7B /* Application */,
				F4CD704B200009590013EE7B /* Repositories */,
				F4CD7023200003E10013EE7B /* UI */,
			);
			path = Code;
			sourceTree = "<group>";
		};
		F4CD701A200003E10013EE7B /* Application */ = {
			isa = PBXGroup;
			children = (
				0F79D60929F1F50000346E43 /* App.swift */,
			);
			path = Application;
			sourceTree = "<group>";
		};
		F4CD7023200003E10013EE7B /* UI */ = {
			isa = PBXGroup;
			children = (
				E87A3DEC2A8AC0D30068F34C /* Common */,
				DF3B37D121ECB4320033C858 /* Main */,
			);
			path = UI;
			sourceTree = "<group>";
		};
		F4CD703F2000046A0013EE7B /* Tests */ = {
			isa = PBXGroup;
			children = (
				F4CD70402000046A0013EE7B /* Info.plist */,
				E81C37AC2AAFAC3A00FE487F /* ContactListViewModelTest.swift */,
				E8966E1E2BABD3FA00C41665 /* ContactsProviderTests.swift */,
				E81C37AB2AAFAC3A00FE487F /* CustomContactsTests-Bridging-Header.h */,
			);
			path = Tests;
			sourceTree = "<group>";
		};
		F4CD704A200009530013EE7B /* Helpers */ = {
			isa = PBXGroup;
			children = (
				DF3B36C121ECAF8A0033C858 /* Errors */,
				F4CD704C2000095C0013EE7B /* Extensions */,
				E87A3DE62A8ABE0F0068F34C /* Constants.swift */,
				E8B431D32BB36AFC004E7616 /* ContactGroupHandler.swift */,
				E8B431D92BB5B789004E7616 /* UserSettings.swift */,
			);
			path = Helpers;
			sourceTree = "<group>";
		};
		F4CD704B200009590013EE7B /* Repositories */ = {
			isa = PBXGroup;
			children = (
				E87A3DFB2A8C09B20068F34C /* ContactsRepository.swift */,
				E8013AAC2B645824006CC984 /* ContactsProvider.swift */,
			);
			path = Repositories;
			sourceTree = "<group>";
		};
		F4CD704C2000095C0013EE7B /* Extensions */ = {
			isa = PBXGroup;
			children = (
				E8A497E92AABA6F20057C78B /* Color+Extensions.swift */,
				E8E841B52BB207F400F9F60D /* DeveloperToolsSupport+Extensions.swift */,
				E8233DD12A8695EB00D52D84 /* Contact+Extensions.swift */,
				E80F25CF2B6858FE002E4FE5 /* Contact.SortOption+Extensions.swift */,
				E87A3DFD2A8C139C0068F34C /* ContactGroup+Extensions.swift */,
				DF3B36BF21ECAF560033C858 /* NSAttributedString+LocalizedFormat.swift */,
				DF3B370021ECAFDD0033C858 /* String+Localization.swift */,
				E87A3DE82A8AC03D0068F34C /* View+Extensions.swift */,
			);
			path = Extensions;
			sourceTree = "<group>";
		};
		FCDAFBC527C54741001314C2 /* Generated */ = {
			isa = PBXGroup;
			children = (
				FCDAFBCE27C54741001314C2 /* Swiftgen */,
			);
			path = Generated;
			sourceTree = "<group>";
		};
		FCDAFBCE27C54741001314C2 /* Swiftgen */ = {
			isa = PBXGroup;
			children = (
				FCDAFBCF27C54741001314C2 /* LocalizableKeys+Constants.generated.swift */,
				FCDAFBD027C54741001314C2 /* Assets+Constants.generated.swift */,
				FCDAFBD127C54741001314C2 /* PList.generated.swift */,
				FCDAFBD227C54741001314C2 /* Fonts+Constants.generated.swift */,
			);
			path = Swiftgen;
			sourceTree = "<group>";
		};
/* End PBXGroup section */

/* Begin PBXNativeTarget section */
		3DFCFB501E5DA85B00D4A874 /* CustomContacts */ = {
			isa = PBXNativeTarget;
			buildConfigurationList = 3DFCFB631E5DA85B00D4A874 /* Build configuration list for PBXNativeTarget "CustomContacts" */;
			buildPhases = (
				1390FB37294743F700A292D3 /* Check Arkana */,
				FC321AEC27BFB5C00071E959 /* Swiftlint */,
				3DFCFB4D1E5DA85B00D4A874 /* Sources */,
				3DFCFB4E1E5DA85B00D4A874 /* Frameworks */,
				3DFCFB4F1E5DA85B00D4A874 /* Resources */,
				F4CD706720002EFA0013EE7B /* Update Settings Bundle */,
			);
			buildRules = (
			);
			dependencies = (
			);
			name = CustomContacts;
			packageProductDependencies = (
				FC9016C027B4638900C935FE /* CustomContactsAPIKit */,
				FC9016C227B4638900C935FE /* CustomContactsHelpers */,
				FC3DC8C428AE1FE6009EA293 /* FueledUtilsCore */,
				FC3DC8C828AE1FE6009EA293 /* FueledUtilsSwiftUI */,
				1390FB352947427D00A292D3 /* ArkanaKeys */,
				52B6146629647BCB00F00820 /* NukeUI */,
				0F9AFBD929E8004C00496F61 /* Dependencies */,
			);
			productName = CustomContacts;
			productReference = 3DFCFB511E5DA85B00D4A874 /* CustomContacts.app */;
			productType = "com.apple.product-type.application";
		};
		F4CD70342000044F0013EE7B /* CustomContactsTests */ = {
			isa = PBXNativeTarget;
			buildConfigurationList = F4CD703C2000044F0013EE7B /* Build configuration list for PBXNativeTarget "CustomContactsTests" */;
			buildPhases = (
				F4CD70312000044F0013EE7B /* Sources */,
				F4CD70322000044F0013EE7B /* Frameworks */,
				F4CD70332000044F0013EE7B /* Resources */,
			);
			buildRules = (
			);
			dependencies = (
				F4CD703B2000044F0013EE7B /* PBXTargetDependency */,
			);
			name = CustomContactsTests;
			productName = CustomContactsTests;
			productReference = F4CD70352000044F0013EE7B /* CustomContactsTests.xctest */;
			productType = "com.apple.product-type.bundle.unit-test";
		};
/* End PBXNativeTarget section */

/* Begin PBXProject section */
		3DFCFB491E5DA85B00D4A874 /* Project object */ = {
			isa = PBXProject;
			attributes = {
				BuildIndependentTargetsInParallel = YES;
				LastSwiftUpdateCheck = 1430;
				LastUpgradeCheck = 1500;
				ORGANIZATIONNAME = RBD;
				TargetAttributes = {
					3DFCFB501E5DA85B00D4A874 = {
						CreatedOnToolsVersion = 8.2.1;
						LastSwiftMigration = 0920;
						SystemCapabilities = {
							com.apple.Keychain = {
								enabled = 1;
							};
						};
					};
					F4CD70342000044F0013EE7B = {
						CreatedOnToolsVersion = 9.2;
						DevelopmentTeam = 2GVJ6JS822;
						LastSwiftMigration = 1500;
						ProvisioningStyle = Automatic;
						TestTargetID = 3DFCFB501E5DA85B00D4A874;
					};
				};
			};
			buildConfigurationList = 3DFCFB4C1E5DA85B00D4A874 /* Build configuration list for PBXProject "CustomContacts" */;
			compatibilityVersion = "Xcode 3.2";
			developmentRegion = en;
			hasScannedForEncodings = 0;
			knownRegions = (
				en,
				Base,
			);
			mainGroup = 3DFCFB481E5DA85B00D4A874;
			packageReferences = (
				FC3DC8BD28AE1FE6009EA293 /* XCRemoteSwiftPackageReference "ios-utilities" */,
				52B6146529647BCB00F00820 /* XCRemoteSwiftPackageReference "NukeUI" */,
				0F9AFBD829E8004C00496F61 /* XCRemoteSwiftPackageReference "swift-dependencies" */,
			);
			productRefGroup = 3DFCFB521E5DA85B00D4A874 /* Products */;
			projectDirPath = "";
			projectRoot = "";
			targets = (
				3DFCFB501E5DA85B00D4A874 /* CustomContacts */,
				F4CD70342000044F0013EE7B /* CustomContactsTests */,
			);
		};
/* End PBXProject section */

/* Begin PBXResourcesBuildPhase section */
		3DFCFB4F1E5DA85B00D4A874 /* Resources */ = {
			isa = PBXResourcesBuildPhase;
			buildActionMask = 2147483647;
			files = (
				3D119F1C1FFE1115001932AA /* Assets.xcassets in Resources */,
				DF3B36BD21ECAEFF0033C858 /* Localizable.strings in Resources */,
				F4CD706420002E7C0013EE7B /* LaunchScreen.storyboard in Resources */,
				F4CD706520002E7C0013EE7B /* Settings.bundle in Resources */,
				DF3B36BE21ECAEFF0033C858 /* Localizable.stringsdict in Resources */,
			);
			runOnlyForDeploymentPostprocessing = 0;
		};
		F4CD70332000044F0013EE7B /* Resources */ = {
			isa = PBXResourcesBuildPhase;
			buildActionMask = 2147483647;
			files = (
			);
			runOnlyForDeploymentPostprocessing = 0;
		};
/* End PBXResourcesBuildPhase section */

/* Begin PBXShellScriptBuildPhase section */
		1390FB37294743F700A292D3 /* Check Arkana */ = {
			isa = PBXShellScriptBuildPhase;
			buildActionMask = 2147483647;
			files = (
			);
			inputFileListPaths = (
			);
			inputPaths = (
			);
			name = "Check Arkana";
			outputFileListPaths = (
			);
			outputPaths = (
			);
			runOnlyForDeploymentPostprocessing = 0;
			shellPath = /bin/sh;
			shellScript = "# Type a script or drag a script file from your workspace to insert its path.\nif [ ! -f \"$SRCROOT/ArkanaKeys/ArkanaKeys/Sources/ArkanaKeys.swift\" ]; then\n  # print error to STDERR\n  echo \"error: ArkanaKeys has never been run. Please run 'bundle exec arkana [your options here]' and try again.\" >&2\n  exit 1\nfi\n";
		};
		F4CD706720002EFA0013EE7B /* Update Settings Bundle */ = {
			isa = PBXShellScriptBuildPhase;
			buildActionMask = 8;
			files = (
			);
			inputPaths = (
			);
			name = "Update Settings Bundle";
			outputPaths = (
			);
			runOnlyForDeploymentPostprocessing = 1;
			shellPath = /bin/sh;
			shellScript = "cd $PROJECT_DIR\ncd \"$BUILT_PRODUCTS_DIR/$PRODUCT_NAME.app\"\nRELEASE_VERSION=$(/usr/libexec/PlistBuddy -c \"Print CFBundleShortVersionString\" Info.plist)\nBUILD_VERSION=$(/usr/libexec/PlistBuddy -c \"Print CFBundleVersion\" Info.plist)\nTZ='America/New_York'\nexport TZ\nBUILD_DATE=$(date +\"%a %l:%M %b %d, %Y\")\n\nif [ \"${CONFIGURATION}\" = \"Production\" ]; then\n    /usr/libexec/PlistBuddy -c \"Set :PreferenceSpecifiers:4:DefaultValue DefaultDate\" Settings.bundle/Root.plist\n    if [ $? -eq 0 ]; then\n        /usr/libexec/PlistBuddy -c \"Delete :PreferenceSpecifiers:0\" Settings.bundle/Root.plist\n    fi\n    /usr/libexec/PlistBuddy -c \"Set :PreferenceSpecifiers:1:DefaultValue $RELEASE_VERSION\" Settings.bundle/Root.plist\n    /usr/libexec/PlistBuddy -c \"Set :PreferenceSpecifiers:2:DefaultValue $BUILD_VERSION-$CONFIGURATION\" Settings.bundle/Root.plist\n    /usr/libexec/PlistBuddy -c \"Set :PreferenceSpecifiers:3:DefaultValue $BUILD_DATE\" Settings.bundle/Root.plist\nelse\n    if [ \"${CONFIGURATION}\" = \"Snapshot\" ]; then\n        /usr/libexec/PlistBuddy -c \"Set :PreferenceSpecifiers:0:DefaultValue qa\" Settings.bundle/Root.plist\n    fi\n\n    /usr/libexec/PlistBuddy -c \"Set :PreferenceSpecifiers:2:DefaultValue $RELEASE_VERSION\" Settings.bundle/Root.plist\n    /usr/libexec/PlistBuddy -c \"Set :PreferenceSpecifiers:3:DefaultValue $BUILD_VERSION-$CONFIGURATION\" Settings.bundle/Root.plist\n    /usr/libexec/PlistBuddy -c \"Set :PreferenceSpecifiers:4:DefaultValue $BUILD_DATE\" Settings.bundle/Root.plist\nfi\n";
			showEnvVarsInLog = 0;
		};
		FC321AEC27BFB5C00071E959 /* Swiftlint */ = {
			isa = PBXShellScriptBuildPhase;
			buildActionMask = 2147483647;
			files = (
			);
			inputFileListPaths = (
			);
			inputPaths = (
			);
			name = Swiftlint;
			outputFileListPaths = (
			);
			outputPaths = (
			);
			runOnlyForDeploymentPostprocessing = 0;
			shellPath = /bin/sh;
			shellScript = "  Tools/swiftlint/bin/swiftlint --config Tools/Configs/swiftlint.yml\n";
		};
/* End PBXShellScriptBuildPhase section */

/* Begin PBXSourcesBuildPhase section */
		3DFCFB4D1E5DA85B00D4A874 /* Sources */ = {
			isa = PBXSourcesBuildPhase;
			buildActionMask = 2147483647;
			files = (
				E8E841B62BB207F400F9F60D /* DeveloperToolsSupport+Extensions.swift in Sources */,
				DF3B36C021ECAF560033C858 /* NSAttributedString+LocalizedFormat.swift in Sources */,
				E82139422B1A76B2009ABF4E /* ContactListNavigation.swift in Sources */,
				E8D67B9D2A8AB27200300FE0 /* GroupListView.swift in Sources */,
				E8233DD22A8695EB00D52D84 /* Contact+Extensions.swift in Sources */,
				E8D67B9B2A8AB21C00300FE0 /* ContactListView.swift in Sources */,
				E8C33FF32A9F982A0004E455 /* ContactCardView.swift in Sources */,
				DF3B36F021ECAF8A0033C858 /* ApplicationError.swift in Sources */,
				E8B431D42BB36AFC004E7616 /* ContactGroupHandler.swift in Sources */,
				DF3B36F221ECAF8A0033C858 /* ActionError+DisplayableSwiftError.swift in Sources */,
				DF3B36F921ECAF8A0033C858 /* Error+DisplayableError.swift in Sources */,
				DF3B36F121ECAF8A0033C858 /* SwiftError.swift in Sources */,
				E8B431DA2BB5B789004E7616 /* UserSettings.swift in Sources */,
				DF3B36FD21ECAF8A0033C858 /* ApplicationError+DisplayableError.swift in Sources */,
				DF3B370121ECAFDD0033C858 /* String+Localization.swift in Sources */,
				E82139442B1A7887009ABF4E /* GroupListNavigation.swift in Sources */,
				E87A3DFC2A8C09B20068F34C /* ContactsRepository.swift in Sources */,
				E88DA2A02AA12188002797AB /* FilterQuery.swift in Sources */,
				E8013AAD2B645824006CC984 /* ContactsProvider.swift in Sources */,
				E87A3DF22A8AC8080068F34C /* ContactDetailView.swift in Sources */,
				E8D67B992A8AB1B800300FE0 /* RootView.swift in Sources */,
				E8D67B9F2A8AB82A00300FE0 /* GroupCreationView.swift in Sources */,
				E88DA29E2AA120E2002797AB /* FilterRowView.swift in Sources */,
				E84C26052AA23624008D3FB6 /* ContactListViewModel.swift in Sources */,
				E87A3DF82A8BE4A30068F34C /* NavigationLinkHelper.swift in Sources */,
				E87A3DFE2A8C139C0068F34C /* ContactGroup+Extensions.swift in Sources */,
				FCDAFBDD27C54741001314C2 /* Assets+Constants.generated.swift in Sources */,
				E8A497EA2AABA6F20057C78B /* Color+Extensions.swift in Sources */,
				DF3B36F521ECAF8A0033C858 /* NSError+DisplayableError.swift in Sources */,
				E80F25D02B6858FE002E4FE5 /* Contact.SortOption+Extensions.swift in Sources */,
				FCDAFBDF27C54741001314C2 /* Fonts+Constants.generated.swift in Sources */,
				E87A3DEE2A8AC3B90068F34C /* GroupDetailView.swift in Sources */,
				E8C33FF82AA0E4C50004E455 /* SwipeableRowView.swift in Sources */,
				F40191112301E7FB00CF1502 /* DecodingError+DisplayableError.swift in Sources */,
				E87A3DFA2A8BE6F90068F34C /* GroupCardView.swift in Sources */,
				E8FA23DC2AA77847006DE429 /* PreferenceKeys.swift in Sources */,
				E821393C2B193A3A009ABF4E /* EdgeSwipeCardFlipModifier.swift in Sources */,
				E8C33FF52A9FE04E0004E455 /* FilterView.swift in Sources */,
				0F79D60A29F1F50000346E43 /* App.swift in Sources */,
				E87A3DF62A8AC9990068F34C /* ContactSelectorView.swift in Sources */,
				E87A3DE92A8AC03D0068F34C /* View+Extensions.swift in Sources */,
				DF3B36E221ECAF8A0033C858 /* Error+Helpers.swift in Sources */,
				FCDAFBDC27C54741001314C2 /* LocalizableKeys+Constants.generated.swift in Sources */,
				FCDAFBDE27C54741001314C2 /* PList.generated.swift in Sources */,
				E87A3DE72A8ABE0F0068F34C /* Constants.swift in Sources */,
				E82139402B1A7677009ABF4E /* NavigationStackManager.swift in Sources */,
				DF3B36F621ECAF8A0033C858 /* DisplayableError.swift in Sources */,
			);
			runOnlyForDeploymentPostprocessing = 0;
		};
		F4CD70312000044F0013EE7B /* Sources */ = {
			isa = PBXSourcesBuildPhase;
			buildActionMask = 2147483647;
			files = (
				E85F50852B61B4E100E62286 /* PreferenceKeys.swift in Sources */,
				E85F507B2B61B45C00E62286 /* ContactDetailView.swift in Sources */,
				E85F50822B61B4CA00E62286 /* Constants.swift in Sources */,
				E85F507F2B61B49700E62286 /* ContactCardView.swift in Sources */,
				E85F50772B61B42C00E62286 /* FilterQuery.swift in Sources */,
				E8DA6A032B646255000B9CB5 /* ContactsProvider.swift in Sources */,
				E85F50742B61B34200E62286 /* ContactListViewModel.swift in Sources */,
				E85F50792B61B44100E62286 /* ContactListNavigation.swift in Sources */,
				E8966E1F2BABD3FA00C41665 /* ContactsProviderTests.swift in Sources */,
				E85F50762B61B42000E62286 /* ContactsRepository.swift in Sources */,
				E85F50802B61B4A200E62286 /* ContactGroup+Extensions.swift in Sources */,
				5227EB492964968E004117A2 /* (null) in Sources */,
				E81C37AD2AAFAC3A00FE487F /* ContactListViewModelTest.swift in Sources */,
				E85F507A2B61B44F00E62286 /* NavigationStackManager.swift in Sources */,
				E85F507D2B61B48900E62286 /* NSAttributedString+LocalizedFormat.swift in Sources */,
				E85F50812B61B4C100E62286 /* Color+Extensions.swift in Sources */,
				E85F507C2B61B48000E62286 /* LocalizableKeys+Constants.generated.swift in Sources */,
				E85F50842B61B4DB00E62286 /* SwipeableRowView.swift in Sources */,
				E85F50782B61B43500E62286 /* Contact+Extensions.swift in Sources */,
				E85F50752B61B38600E62286 /* ContactListView.swift in Sources */,
				5227EB4B296496AE004117A2 /* (null) in Sources */,
				E85F507E2B61B49200E62286 /* FilterView.swift in Sources */,
				5227EB4A29649691004117A2 /* (null) in Sources */,
				E85F50832B61B4D000E62286 /* FilterRowView.swift in Sources */,
			);
			runOnlyForDeploymentPostprocessing = 0;
		};
/* End PBXSourcesBuildPhase section */

/* Begin PBXTargetDependency section */
		F4CD703B2000044F0013EE7B /* PBXTargetDependency */ = {
			isa = PBXTargetDependency;
			target = 3DFCFB501E5DA85B00D4A874 /* CustomContacts */;
			targetProxy = F4CD703A2000044F0013EE7B /* PBXContainerItemProxy */;
		};
/* End PBXTargetDependency section */

/* Begin PBXVariantGroup section */
		DF3B36B821ECAEFF0033C858 /* Localizable.strings */ = {
			isa = PBXVariantGroup;
			children = (
				DF3B36B921ECAEFF0033C858 /* en */,
			);
			name = Localizable.strings;
			sourceTree = "<group>";
		};
		DF3B36BA21ECAEFF0033C858 /* Localizable.stringsdict */ = {
			isa = PBXVariantGroup;
			children = (
				DF3B36BB21ECAEFF0033C858 /* en */,
			);
			name = Localizable.stringsdict;
			sourceTree = "<group>";
		};
/* End PBXVariantGroup section */

/* Begin XCBuildConfiguration section */
		3DFCFB611E5DA85B00D4A874 /* Debug */ = {
			isa = XCBuildConfiguration;
			buildSettings = {
				ALWAYS_SEARCH_USER_PATHS = NO;
				CLANG_ANALYZER_NONNULL = YES;
				CLANG_CXX_LANGUAGE_STANDARD = "gnu++0x";
				CLANG_CXX_LIBRARY = "libc++";
				CLANG_ENABLE_MODULES = YES;
				CLANG_ENABLE_OBJC_ARC = YES;
				CLANG_WARN_ASSIGN_ENUM = YES;
				CLANG_WARN_BLOCK_CAPTURE_AUTORELEASING = YES;
				CLANG_WARN_BOOL_CONVERSION = YES;
				CLANG_WARN_COMMA = YES;
				CLANG_WARN_CONSTANT_CONVERSION = YES;
				CLANG_WARN_CXX0X_EXTENSIONS = YES;
				CLANG_WARN_DEPRECATED_OBJC_IMPLEMENTATIONS = YES;
				CLANG_WARN_DIRECT_OBJC_ISA_USAGE = YES_ERROR;
				CLANG_WARN_DOCUMENTATION_COMMENTS = YES;
				CLANG_WARN_EMPTY_BODY = YES;
				CLANG_WARN_ENUM_CONVERSION = YES;
				CLANG_WARN_INFINITE_RECURSION = YES;
				CLANG_WARN_INT_CONVERSION = YES;
				CLANG_WARN_NON_LITERAL_NULL_CONVERSION = YES;
				CLANG_WARN_OBJC_IMPLICIT_RETAIN_SELF = YES;
				CLANG_WARN_OBJC_LITERAL_CONVERSION = YES;
				CLANG_WARN_OBJC_ROOT_CLASS = YES_ERROR;
				CLANG_WARN_QUOTED_INCLUDE_IN_FRAMEWORK_HEADER = YES;
				CLANG_WARN_RANGE_LOOP_ANALYSIS = YES;
				CLANG_WARN_STRICT_PROTOTYPES = YES;
				CLANG_WARN_SUSPICIOUS_MOVE = YES;
				CLANG_WARN_UNREACHABLE_CODE = YES;
				CLANG_WARN__DUPLICATE_METHOD_MATCH = YES;
				CODE_SIGN_IDENTITY = "iPhone Developer";
				COLORED_CONSOLE_SETTINGS = "stephane:true";
				COPY_PHASE_STRIP = NO;
				DEBUG_INFORMATION_FORMAT = "dwarf-with-dsym";
				DEBUG_OS_ACTIVITY_MODE = disable;
				DEVELOPMENT_TEAM = 2GVJ6JS822;
				ENABLE_KEYCHAIN_SHARING = 1;
				ENABLE_STRICT_OBJC_MSGSEND = YES;
				ENABLE_TESTABILITY = YES;
				FRAMEWORK_SEARCH_PATHS = (
					"${inherited}",
					"${WORKSPACE_FRAMEWORK_BUILT_PRODUCTS_DIR}",
				);
				GCC_C_LANGUAGE_STANDARD = gnu99;
				GCC_DYNAMIC_NO_PIC = NO;
				GCC_NO_COMMON_BLOCKS = YES;
				GCC_OPTIMIZATION_LEVEL = 0;
				GCC_PREPROCESSOR_DEFINITIONS = (
					"DEBUG=1",
					"$(inherited)",
				);
				GCC_TREAT_WARNINGS_AS_ERRORS = YES;
				GCC_WARN_64_TO_32_BIT_CONVERSION = YES;
				GCC_WARN_ABOUT_MISSING_FIELD_INITIALIZERS = YES;
				GCC_WARN_ABOUT_MISSING_NEWLINE = YES;
				GCC_WARN_ABOUT_RETURN_TYPE = YES_ERROR;
				GCC_WARN_NON_VIRTUAL_DESTRUCTOR = YES;
				GCC_WARN_UNDECLARED_SELECTOR = YES;
				GCC_WARN_UNINITIALIZED_AUTOS = YES_AGGRESSIVE;
				GCC_WARN_UNKNOWN_PRAGMAS = YES;
				GCC_WARN_UNUSED_FUNCTION = YES;
				GCC_WARN_UNUSED_LABEL = YES;
				GCC_WARN_UNUSED_VARIABLE = YES;
				GENERATE_INFOPLIST_FILE = YES;
				IPHONEOS_DEPLOYMENT_TARGET = 17.0;
				MTL_ENABLE_DEBUG_INFO = YES;
				ONLY_ACTIVE_ARCH = YES;
				OTHER_SWIFT_FLAGS = "-D DEBUG";
				SDKROOT = iphoneos;
				SWIFT_ACTIVE_COMPILATION_CONDITIONS = DEBUG;
				SWIFT_OPTIMIZATION_LEVEL = "-Onone";
				SWIFT_TREAT_WARNINGS_AS_ERRORS = YES;
				SWIFT_VERSION = 5.0;
				WORKSPACE_FRAMEWORK_BUILT_PRODUCTS_DIR = "${BUILT_PRODUCTS_DIR}";
			};
			name = Debug;
		};
		3DFCFB621E5DA85B00D4A874 /* Release */ = {
			isa = XCBuildConfiguration;
			buildSettings = {
				ALWAYS_SEARCH_USER_PATHS = NO;
				CLANG_ANALYZER_NONNULL = YES;
				CLANG_CXX_LANGUAGE_STANDARD = "gnu++0x";
				CLANG_CXX_LIBRARY = "libc++";
				CLANG_ENABLE_MODULES = YES;
				CLANG_ENABLE_OBJC_ARC = YES;
				CLANG_WARN_ASSIGN_ENUM = YES;
				CLANG_WARN_BLOCK_CAPTURE_AUTORELEASING = YES;
				CLANG_WARN_BOOL_CONVERSION = YES;
				CLANG_WARN_COMMA = YES;
				CLANG_WARN_CONSTANT_CONVERSION = YES;
				CLANG_WARN_CXX0X_EXTENSIONS = YES;
				CLANG_WARN_DEPRECATED_OBJC_IMPLEMENTATIONS = YES;
				CLANG_WARN_DIRECT_OBJC_ISA_USAGE = YES_ERROR;
				CLANG_WARN_DOCUMENTATION_COMMENTS = YES;
				CLANG_WARN_EMPTY_BODY = YES;
				CLANG_WARN_ENUM_CONVERSION = YES;
				CLANG_WARN_INFINITE_RECURSION = YES;
				CLANG_WARN_INT_CONVERSION = YES;
				CLANG_WARN_NON_LITERAL_NULL_CONVERSION = YES;
				CLANG_WARN_OBJC_IMPLICIT_RETAIN_SELF = YES;
				CLANG_WARN_OBJC_LITERAL_CONVERSION = YES;
				CLANG_WARN_OBJC_ROOT_CLASS = YES_ERROR;
				CLANG_WARN_QUOTED_INCLUDE_IN_FRAMEWORK_HEADER = YES;
				CLANG_WARN_RANGE_LOOP_ANALYSIS = YES;
				CLANG_WARN_STRICT_PROTOTYPES = YES;
				CLANG_WARN_SUSPICIOUS_MOVE = YES;
				CLANG_WARN_UNREACHABLE_CODE = YES;
				CLANG_WARN__DUPLICATE_METHOD_MATCH = YES;
				CODE_SIGN_IDENTITY = "iPhone Distribution";
				COLORED_CONSOLE_SETTINGS = "stephane:true";
				COPY_PHASE_STRIP = NO;
				DEBUG_INFORMATION_FORMAT = "dwarf-with-dsym";
				DEBUG_OS_ACTIVITY_MODE = enable;
				DEVELOPMENT_TEAM = 2GVJ6JS822;
				ENABLE_KEYCHAIN_SHARING = 1;
				ENABLE_NS_ASSERTIONS = NO;
				ENABLE_STRICT_OBJC_MSGSEND = YES;
				FRAMEWORK_SEARCH_PATHS = (
					"${inherited}",
					"${WORKSPACE_FRAMEWORK_BUILT_PRODUCTS_DIR}",
				);
				GCC_C_LANGUAGE_STANDARD = gnu99;
				GCC_NO_COMMON_BLOCKS = YES;
				GCC_PREPROCESSOR_DEFINITIONS = "RELEASE=1";
				GCC_TREAT_WARNINGS_AS_ERRORS = YES;
				GCC_WARN_64_TO_32_BIT_CONVERSION = YES;
				GCC_WARN_ABOUT_MISSING_FIELD_INITIALIZERS = YES;
				GCC_WARN_ABOUT_MISSING_NEWLINE = YES;
				GCC_WARN_ABOUT_RETURN_TYPE = YES_ERROR;
				GCC_WARN_NON_VIRTUAL_DESTRUCTOR = YES;
				GCC_WARN_UNDECLARED_SELECTOR = YES;
				GCC_WARN_UNINITIALIZED_AUTOS = YES_AGGRESSIVE;
				GCC_WARN_UNKNOWN_PRAGMAS = YES;
				GCC_WARN_UNUSED_FUNCTION = YES;
				GCC_WARN_UNUSED_LABEL = YES;
				GCC_WARN_UNUSED_VARIABLE = YES;
				GENERATE_INFOPLIST_FILE = YES;
				IPHONEOS_DEPLOYMENT_TARGET = 17.0;
				MTL_ENABLE_DEBUG_INFO = NO;
				OTHER_SWIFT_FLAGS = "-D RELEASE";
				SDKROOT = iphoneos;
				SWIFT_ACTIVE_COMPILATION_CONDITIONS = RELEASE;
				SWIFT_COMPILATION_MODE = wholemodule;
				SWIFT_OPTIMIZATION_LEVEL = "-O";
				SWIFT_TREAT_WARNINGS_AS_ERRORS = YES;
				SWIFT_VERSION = 5.0;
				VALIDATE_PRODUCT = YES;
				WORKSPACE_FRAMEWORK_BUILT_PRODUCTS_DIR = "${BUILT_PRODUCTS_DIR}";
			};
			name = Release;
		};
		3DFCFB641E5DA85B00D4A874 /* Debug */ = {
			isa = XCBuildConfiguration;
			buildSettings = {
				ASSETCATALOG_COMPILER_APPICON_NAME = "AppIcon-Alpha";
				CLANG_ENABLE_MODULES = YES;
				CODE_SIGN_ENTITLEMENTS = "CustomContacts/Resources/CustomContacts-Dev.entitlements";
				CODE_SIGN_IDENTITY = "Apple Development";
				CODE_SIGN_STYLE = Automatic;
				CURRENT_PROJECT_VERSION = "100-Debug";
				DEVELOPMENT_TEAM = 9TAE6F86BV;
				ENABLE_TESTABILITY = YES;
				ENABLE_TESTING_SEARCH_PATHS = YES;
				INFOPLIST_FILE = "$(SRCROOT)/CustomContacts/Resources/Info.plist";
				INFOPLIST_KEY_CFBundleDisplayName = CustomContacts;
				INFOPLIST_KEY_UILaunchStoryboardName = LaunchScreen;
				INFOPLIST_KEY_UIRequiredDeviceCapabilities = armv7;
				INFOPLIST_KEY_UISupportedInterfaceOrientations = "UIInterfaceOrientationPortrait UIInterfaceOrientationPortraitUpsideDown UIInterfaceOrientationLandscapeLeft UIInterfaceOrientationLandscapeRight";
				IPHONEOS_DEPLOYMENT_TARGET = 17.0;
				LD_RUNPATH_SEARCH_PATHS = (
					"$(inherited)",
					"@executable_path/Frameworks",
				);
				MARKETING_VERSION = 0.0;
				OTHER_LDFLAGS = (
					"$(inherited)",
					"-fprofile-instr-generate",
				);
				PRODUCT_BUNDLE_IDENTIFIER = com.robertdeans.CustomContacts.dev;
				PRODUCT_NAME = "$(TARGET_NAME)";
				PROVISIONING_PROFILE_SPECIFIER = "";
				RELEASE_TYPE = alpha_debug;
				SWIFT_OPTIMIZATION_LEVEL = "-Onone";
				SWIFT_STRICT_CONCURRENCY = complete;
				TARGETED_DEVICE_FAMILY = "1,2";
			};
			name = Debug;
		};
		3DFCFB651E5DA85B00D4A874 /* Release */ = {
			isa = XCBuildConfiguration;
			buildSettings = {
				ASSETCATALOG_COMPILER_APPICON_NAME = "AppIcon-Alpha";
				CLANG_ENABLE_MODULES = YES;
				CODE_SIGN_ENTITLEMENTS = "CustomContacts/Resources/CustomContacts-Dev.entitlements";
				CODE_SIGN_IDENTITY = "Apple Development";
				"CODE_SIGN_IDENTITY[sdk=iphoneos*]" = "iPhone Distribution";
				CODE_SIGN_STYLE = Manual;
				CURRENT_PROJECT_VERSION = "100-Debug";
				DEVELOPMENT_TEAM = "";
				"DEVELOPMENT_TEAM[sdk=iphoneos*]" = Y95395R97T;
				ENABLE_TESTABILITY = YES;
				ENABLE_TESTING_SEARCH_PATHS = YES;
				INFOPLIST_FILE = "$(SRCROOT)/CustomContacts/Resources/Info.plist";
				INFOPLIST_KEY_CFBundleDisplayName = CustomContacts;
				INFOPLIST_KEY_UILaunchStoryboardName = LaunchScreen;
				INFOPLIST_KEY_UIRequiredDeviceCapabilities = armv7;
				INFOPLIST_KEY_UISupportedInterfaceOrientations = "UIInterfaceOrientationPortrait UIInterfaceOrientationPortraitUpsideDown UIInterfaceOrientationLandscapeLeft UIInterfaceOrientationLandscapeRight";
				IPHONEOS_DEPLOYMENT_TARGET = 17.0;
				LD_RUNPATH_SEARCH_PATHS = (
					"$(inherited)",
					"@executable_path/Frameworks",
				);
				MARKETING_VERSION = 0.0;
				OTHER_LDFLAGS = (
					"$(inherited)",
					"-fprofile-instr-generate",
				);
				PRODUCT_BUNDLE_IDENTIFIER = com.robertdeans.CustomContacts.release;
				PRODUCT_NAME = "$(TARGET_NAME)";
				PROVISIONING_PROFILE_SPECIFIER = "";
				"PROVISIONING_PROFILE_SPECIFIER[sdk=iphoneos*]" = "Custom Contacts Ad Hoc Profile";
				RELEASE_TYPE = alpha_release;
				SWIFT_STRICT_CONCURRENCY = complete;
				TARGETED_DEVICE_FAMILY = "1,2";
			};
			name = Release;
		};
		F4CD703D2000044F0013EE7B /* Debug */ = {
			isa = XCBuildConfiguration;
			buildSettings = {
				BUNDLE_LOADER = "$(TEST_HOST)";
				CLANG_ANALYZER_NUMBER_OBJECT_CONVERSION = YES_AGGRESSIVE;
				CLANG_CXX_LANGUAGE_STANDARD = "gnu++14";
				CLANG_ENABLE_MODULES = YES;
				CLANG_WARN_UNGUARDED_AVAILABILITY = YES_AGGRESSIVE;
				DEVELOPMENT_TEAM = 2GVJ6JS822;
				GCC_C_LANGUAGE_STANDARD = gnu11;
				INFOPLIST_FILE = CustomContacts/Tests/Info.plist;
				LD_RUNPATH_SEARCH_PATHS = (
					"$(inherited)",
					"@executable_path/Frameworks",
					"@loader_path/Frameworks",
				);
				PRODUCT_BUNDLE_IDENTIFIER = "com.fueled.${PRODUCT_NAME:rfc1034identifier}";
				PRODUCT_NAME = "$(TARGET_NAME)";
				SWIFT_OBJC_BRIDGING_HEADER = "CustomContacts/Tests/CustomContactsTests-Bridging-Header.h";
				SWIFT_OPTIMIZATION_LEVEL = "-Onone";
				SWIFT_STRICT_CONCURRENCY = complete;
				SWIFT_VERSION = 5.0;
				TARGETED_DEVICE_FAMILY = "1,2";
				TEST_HOST = "$(BUILT_PRODUCTS_DIR)/CustomContacts.app/CustomContacts";
			};
			name = Debug;
		};
		F4CD703E2000044F0013EE7B /* Release */ = {
			isa = XCBuildConfiguration;
			buildSettings = {
				BUNDLE_LOADER = "$(TEST_HOST)";
				CLANG_ANALYZER_NUMBER_OBJECT_CONVERSION = YES_AGGRESSIVE;
				CLANG_CXX_LANGUAGE_STANDARD = "gnu++14";
				CLANG_ENABLE_MODULES = YES;
				CLANG_WARN_UNGUARDED_AVAILABILITY = YES_AGGRESSIVE;
				DEVELOPMENT_TEAM = 2GVJ6JS822;
				GCC_C_LANGUAGE_STANDARD = gnu11;
				INFOPLIST_FILE = CustomContacts/Tests/Info.plist;
				LD_RUNPATH_SEARCH_PATHS = (
					"$(inherited)",
					"@executable_path/Frameworks",
					"@loader_path/Frameworks",
				);
				PRODUCT_BUNDLE_IDENTIFIER = "com.fueled.${PRODUCT_NAME:rfc1034identifier}";
				PRODUCT_NAME = "$(TARGET_NAME)";
				SWIFT_OBJC_BRIDGING_HEADER = "CustomContacts/Tests/CustomContactsTests-Bridging-Header.h";
				SWIFT_STRICT_CONCURRENCY = complete;
				SWIFT_VERSION = 5.0;
				TARGETED_DEVICE_FAMILY = "1,2";
				TEST_HOST = "$(BUILT_PRODUCTS_DIR)/CustomContacts.app/CustomContacts";
			};
			name = Release;
		};
		F4CD705C200024C30013EE7B /* Snapshot */ = {
			isa = XCBuildConfiguration;
			buildSettings = {
				ALWAYS_SEARCH_USER_PATHS = NO;
				CLANG_ANALYZER_NONNULL = YES;
				CLANG_CXX_LANGUAGE_STANDARD = "gnu++0x";
				CLANG_CXX_LIBRARY = "libc++";
				CLANG_ENABLE_MODULES = YES;
				CLANG_ENABLE_OBJC_ARC = YES;
				CLANG_WARN_ASSIGN_ENUM = YES;
				CLANG_WARN_BLOCK_CAPTURE_AUTORELEASING = YES;
				CLANG_WARN_BOOL_CONVERSION = YES;
				CLANG_WARN_COMMA = YES;
				CLANG_WARN_CONSTANT_CONVERSION = YES;
				CLANG_WARN_CXX0X_EXTENSIONS = YES;
				CLANG_WARN_DEPRECATED_OBJC_IMPLEMENTATIONS = YES;
				CLANG_WARN_DIRECT_OBJC_ISA_USAGE = YES_ERROR;
				CLANG_WARN_DOCUMENTATION_COMMENTS = YES;
				CLANG_WARN_EMPTY_BODY = YES;
				CLANG_WARN_ENUM_CONVERSION = YES;
				CLANG_WARN_INFINITE_RECURSION = YES;
				CLANG_WARN_INT_CONVERSION = YES;
				CLANG_WARN_NON_LITERAL_NULL_CONVERSION = YES;
				CLANG_WARN_OBJC_IMPLICIT_RETAIN_SELF = YES;
				CLANG_WARN_OBJC_LITERAL_CONVERSION = YES;
				CLANG_WARN_OBJC_ROOT_CLASS = YES_ERROR;
				CLANG_WARN_QUOTED_INCLUDE_IN_FRAMEWORK_HEADER = YES;
				CLANG_WARN_RANGE_LOOP_ANALYSIS = YES;
				CLANG_WARN_STRICT_PROTOTYPES = YES;
				CLANG_WARN_SUSPICIOUS_MOVE = YES;
				CLANG_WARN_UNREACHABLE_CODE = YES;
				CLANG_WARN__DUPLICATE_METHOD_MATCH = YES;
				CODE_SIGN_IDENTITY = "iPhone Distribution";
				COLORED_CONSOLE_SETTINGS = "stephane:true";
				COPY_PHASE_STRIP = NO;
				DEBUG_INFORMATION_FORMAT = "dwarf-with-dsym";
				DEBUG_OS_ACTIVITY_MODE = enable;
				DEVELOPMENT_TEAM = 2GVJ6JS822;
				ENABLE_KEYCHAIN_SHARING = 1;
				ENABLE_NS_ASSERTIONS = NO;
				ENABLE_STRICT_OBJC_MSGSEND = YES;
				FRAMEWORK_SEARCH_PATHS = (
					"${inherited}",
					"${WORKSPACE_FRAMEWORK_BUILT_PRODUCTS_DIR}",
				);
				GCC_C_LANGUAGE_STANDARD = gnu99;
				GCC_NO_COMMON_BLOCKS = YES;
				GCC_PREPROCESSOR_DEFINITIONS = "SNAPSHOT=1";
				GCC_TREAT_WARNINGS_AS_ERRORS = YES;
				GCC_WARN_64_TO_32_BIT_CONVERSION = YES;
				GCC_WARN_ABOUT_MISSING_FIELD_INITIALIZERS = YES;
				GCC_WARN_ABOUT_MISSING_NEWLINE = YES;
				GCC_WARN_ABOUT_RETURN_TYPE = YES_ERROR;
				GCC_WARN_NON_VIRTUAL_DESTRUCTOR = YES;
				GCC_WARN_UNDECLARED_SELECTOR = YES;
				GCC_WARN_UNINITIALIZED_AUTOS = YES_AGGRESSIVE;
				GCC_WARN_UNKNOWN_PRAGMAS = YES;
				GCC_WARN_UNUSED_FUNCTION = YES;
				GCC_WARN_UNUSED_LABEL = YES;
				GCC_WARN_UNUSED_VARIABLE = YES;
				GENERATE_INFOPLIST_FILE = YES;
				IPHONEOS_DEPLOYMENT_TARGET = 17.0;
				MTL_ENABLE_DEBUG_INFO = NO;
				OTHER_SWIFT_FLAGS = "-D SNAPSHOT";
				SDKROOT = iphoneos;
				SWIFT_ACTIVE_COMPILATION_CONDITIONS = SNAPSHOT;
				SWIFT_COMPILATION_MODE = wholemodule;
				SWIFT_OPTIMIZATION_LEVEL = "-O";
				SWIFT_TREAT_WARNINGS_AS_ERRORS = YES;
				SWIFT_VERSION = 5.0;
				VALIDATE_PRODUCT = YES;
				WORKSPACE_FRAMEWORK_BUILT_PRODUCTS_DIR = "${BUILD_DIR}/Release${EFFECTIVE_PLATFORM_NAME}";
			};
			name = Snapshot;
		};
		F4CD705D200024C30013EE7B /* Snapshot */ = {
			isa = XCBuildConfiguration;
			buildSettings = {
				ASSETCATALOG_COMPILER_APPICON_NAME = "AppIcon-Alpha";
				CLANG_ENABLE_MODULES = YES;
				CODE_SIGN_ENTITLEMENTS = "CustomContacts/Resources/CustomContacts-Dev.entitlements";
				CODE_SIGN_IDENTITY = "Apple Distribution";
				"CODE_SIGN_IDENTITY[sdk=iphoneos*]" = "iPhone Distribution";
				CODE_SIGN_STYLE = Manual;
				CURRENT_PROJECT_VERSION = "100-Debug";
				DEVELOPMENT_TEAM = "";
				"DEVELOPMENT_TEAM[sdk=iphoneos*]" = Y95395R97T;
				ENABLE_TESTABILITY = YES;
				ENABLE_TESTING_SEARCH_PATHS = YES;
				INFOPLIST_FILE = "$(SRCROOT)/CustomContacts/Resources/Info.plist";
				INFOPLIST_KEY_CFBundleDisplayName = CustomContacts;
				INFOPLIST_KEY_UILaunchStoryboardName = LaunchScreen;
				INFOPLIST_KEY_UIRequiredDeviceCapabilities = armv7;
				INFOPLIST_KEY_UISupportedInterfaceOrientations = "UIInterfaceOrientationPortrait UIInterfaceOrientationPortraitUpsideDown UIInterfaceOrientationLandscapeLeft UIInterfaceOrientationLandscapeRight";
				IPHONEOS_DEPLOYMENT_TARGET = 17.0;
				LD_RUNPATH_SEARCH_PATHS = (
					"$(inherited)",
					"@executable_path/Frameworks",
				);
				MARKETING_VERSION = 0.0;
				OTHER_LDFLAGS = (
					"$(inherited)",
					"-fprofile-instr-generate",
				);
				PRODUCT_BUNDLE_IDENTIFIER = com.robertdeans.CustomContacts.snapshot;
				PRODUCT_NAME = "$(TARGET_NAME)";
				PROVISIONING_PROFILE_SPECIFIER = "";
				"PROVISIONING_PROFILE_SPECIFIER[sdk=iphoneos*]" = "Custom Contacts Ad Hoc Profile";
				RELEASE_TYPE = alpha_snapshot;
				SWIFT_STRICT_CONCURRENCY = complete;
				TARGETED_DEVICE_FAMILY = "1,2";
			};
			name = Snapshot;
		};
		F4CD705E200024C30013EE7B /* Snapshot */ = {
			isa = XCBuildConfiguration;
			buildSettings = {
				BUNDLE_LOADER = "$(TEST_HOST)";
				CLANG_ANALYZER_NUMBER_OBJECT_CONVERSION = YES_AGGRESSIVE;
				CLANG_CXX_LANGUAGE_STANDARD = "gnu++14";
				CLANG_ENABLE_MODULES = YES;
				CLANG_WARN_UNGUARDED_AVAILABILITY = YES_AGGRESSIVE;
				DEVELOPMENT_TEAM = 2GVJ6JS822;
				GCC_C_LANGUAGE_STANDARD = gnu11;
				INFOPLIST_FILE = CustomContacts/Tests/Info.plist;
				LD_RUNPATH_SEARCH_PATHS = (
					"$(inherited)",
					"@executable_path/Frameworks",
					"@loader_path/Frameworks",
				);
				PRODUCT_BUNDLE_IDENTIFIER = "com.fueled.${PRODUCT_NAME:rfc1034identifier}";
				PRODUCT_NAME = "$(TARGET_NAME)";
				SWIFT_OBJC_BRIDGING_HEADER = "CustomContacts/Tests/CustomContactsTests-Bridging-Header.h";
				SWIFT_STRICT_CONCURRENCY = complete;
				SWIFT_VERSION = 5.0;
				TARGETED_DEVICE_FAMILY = "1,2";
				TEST_HOST = "$(BUILT_PRODUCTS_DIR)/CustomContacts.app/CustomContacts";
			};
			name = Snapshot;
		};
		F4CD705F200024C70013EE7B /* Production */ = {
			isa = XCBuildConfiguration;
			buildSettings = {
				ALWAYS_SEARCH_USER_PATHS = NO;
				CLANG_ANALYZER_NONNULL = YES;
				CLANG_CXX_LANGUAGE_STANDARD = "gnu++0x";
				CLANG_CXX_LIBRARY = "libc++";
				CLANG_ENABLE_MODULES = YES;
				CLANG_ENABLE_OBJC_ARC = YES;
				CLANG_WARN_ASSIGN_ENUM = YES;
				CLANG_WARN_BLOCK_CAPTURE_AUTORELEASING = YES;
				CLANG_WARN_BOOL_CONVERSION = YES;
				CLANG_WARN_COMMA = YES;
				CLANG_WARN_CONSTANT_CONVERSION = YES;
				CLANG_WARN_CXX0X_EXTENSIONS = YES;
				CLANG_WARN_DEPRECATED_OBJC_IMPLEMENTATIONS = YES;
				CLANG_WARN_DIRECT_OBJC_ISA_USAGE = YES_ERROR;
				CLANG_WARN_DOCUMENTATION_COMMENTS = YES;
				CLANG_WARN_EMPTY_BODY = YES;
				CLANG_WARN_ENUM_CONVERSION = YES;
				CLANG_WARN_INFINITE_RECURSION = YES;
				CLANG_WARN_INT_CONVERSION = YES;
				CLANG_WARN_NON_LITERAL_NULL_CONVERSION = YES;
				CLANG_WARN_OBJC_IMPLICIT_RETAIN_SELF = YES;
				CLANG_WARN_OBJC_LITERAL_CONVERSION = YES;
				CLANG_WARN_OBJC_ROOT_CLASS = YES_ERROR;
				CLANG_WARN_QUOTED_INCLUDE_IN_FRAMEWORK_HEADER = YES;
				CLANG_WARN_RANGE_LOOP_ANALYSIS = YES;
				CLANG_WARN_STRICT_PROTOTYPES = YES;
				CLANG_WARN_SUSPICIOUS_MOVE = YES;
				CLANG_WARN_UNREACHABLE_CODE = YES;
				CLANG_WARN__DUPLICATE_METHOD_MATCH = YES;
				CODE_SIGN_IDENTITY = "iPhone Distribution";
				COLORED_CONSOLE_SETTINGS = "stephane:true";
				COPY_PHASE_STRIP = NO;
				DEBUG_INFORMATION_FORMAT = "dwarf-with-dsym";
				DEBUG_OS_ACTIVITY_MODE = enable;
				ENABLE_KEYCHAIN_SHARING = 1;
				ENABLE_NS_ASSERTIONS = NO;
				ENABLE_STRICT_OBJC_MSGSEND = YES;
				FRAMEWORK_SEARCH_PATHS = (
					"${inherited}",
					"${WORKSPACE_FRAMEWORK_BUILT_PRODUCTS_DIR}",
				);
				GCC_C_LANGUAGE_STANDARD = gnu99;
				GCC_NO_COMMON_BLOCKS = YES;
				GCC_PREPROCESSOR_DEFINITIONS = "PRODUCTION=1";
				GCC_TREAT_WARNINGS_AS_ERRORS = YES;
				GCC_WARN_64_TO_32_BIT_CONVERSION = YES;
				GCC_WARN_ABOUT_MISSING_FIELD_INITIALIZERS = YES;
				GCC_WARN_ABOUT_MISSING_NEWLINE = YES;
				GCC_WARN_ABOUT_RETURN_TYPE = YES_ERROR;
				GCC_WARN_NON_VIRTUAL_DESTRUCTOR = YES;
				GCC_WARN_UNDECLARED_SELECTOR = YES;
				GCC_WARN_UNINITIALIZED_AUTOS = YES_AGGRESSIVE;
				GCC_WARN_UNKNOWN_PRAGMAS = YES;
				GCC_WARN_UNUSED_FUNCTION = YES;
				GCC_WARN_UNUSED_LABEL = YES;
				GCC_WARN_UNUSED_VARIABLE = YES;
				GENERATE_INFOPLIST_FILE = YES;
				IPHONEOS_DEPLOYMENT_TARGET = 17.0;
				MTL_ENABLE_DEBUG_INFO = NO;
				OTHER_SWIFT_FLAGS = "-D PRODUCTION";
				SDKROOT = iphoneos;
				SWIFT_ACTIVE_COMPILATION_CONDITIONS = PRODUCTION;
				SWIFT_COMPILATION_MODE = wholemodule;
				SWIFT_OPTIMIZATION_LEVEL = "-O";
				SWIFT_TREAT_WARNINGS_AS_ERRORS = YES;
				SWIFT_VERSION = 5.0;
				VALIDATE_PRODUCT = YES;
				WORKSPACE_FRAMEWORK_BUILT_PRODUCTS_DIR = "${BUILD_DIR}/Release${EFFECTIVE_PLATFORM_NAME}";
			};
			name = Production;
		};
		F4CD7060200024C70013EE7B /* Production */ = {
			isa = XCBuildConfiguration;
			buildSettings = {
				ASSETCATALOG_COMPILER_APPICON_NAME = AppIcon;
				CLANG_ENABLE_MODULES = YES;
				CODE_SIGN_ENTITLEMENTS = "CustomContacts/Resources/CustomContacts-Prod.entitlements";
				CODE_SIGN_IDENTITY = "Apple Distribution";
				"CODE_SIGN_IDENTITY[sdk=iphoneos*]" = "iPhone Distribution";
				CODE_SIGN_STYLE = Manual;
				CURRENT_PROJECT_VERSION = "100-Debug";
				DEVELOPMENT_TEAM = "";
				"DEVELOPMENT_TEAM[sdk=iphoneos*]" = Y95395R97T;
				ENABLE_TESTABILITY = YES;
				ENABLE_TESTING_SEARCH_PATHS = YES;
				INFOPLIST_FILE = "$(SRCROOT)/CustomContacts/Resources/Info.plist";
				INFOPLIST_KEY_CFBundleDisplayName = CustomContacts;
				INFOPLIST_KEY_UILaunchStoryboardName = LaunchScreen;
				INFOPLIST_KEY_UIRequiredDeviceCapabilities = armv7;
				INFOPLIST_KEY_UISupportedInterfaceOrientations = "UIInterfaceOrientationPortrait UIInterfaceOrientationPortraitUpsideDown UIInterfaceOrientationLandscapeLeft UIInterfaceOrientationLandscapeRight";
				IPHONEOS_DEPLOYMENT_TARGET = 17.0;
				LD_RUNPATH_SEARCH_PATHS = (
					"$(inherited)",
					"@executable_path/Frameworks",
				);
				MARKETING_VERSION = 0.0;
				OTHER_LDFLAGS = (
					"$(inherited)",
					"-fprofile-instr-generate",
				);
				PRODUCT_BUNDLE_IDENTIFIER = com.robertdeans.CustomContacts;
				PRODUCT_NAME = "$(TARGET_NAME)";
				PROVISIONING_PROFILE_SPECIFIER = "Custom Contacts App Store Profile";
				"PROVISIONING_PROFILE_SPECIFIER[sdk=iphoneos*]" = "Custom Contacts App Store Profile";
				RELEASE_TYPE = beta_release;
				SWIFT_STRICT_CONCURRENCY = complete;
				TARGETED_DEVICE_FAMILY = "1,2";
			};
			name = Production;
		};
		F4CD7061200024C70013EE7B /* Production */ = {
			isa = XCBuildConfiguration;
			buildSettings = {
				BUNDLE_LOADER = "$(TEST_HOST)";
				CLANG_ANALYZER_NUMBER_OBJECT_CONVERSION = YES_AGGRESSIVE;
				CLANG_CXX_LANGUAGE_STANDARD = "gnu++14";
				CLANG_ENABLE_MODULES = YES;
				CLANG_WARN_UNGUARDED_AVAILABILITY = YES_AGGRESSIVE;
				DEVELOPMENT_TEAM = 2GVJ6JS822;
				GCC_C_LANGUAGE_STANDARD = gnu11;
				INFOPLIST_FILE = CustomContacts/Tests/Info.plist;
				LD_RUNPATH_SEARCH_PATHS = (
					"$(inherited)",
					"@executable_path/Frameworks",
					"@loader_path/Frameworks",
				);
				PRODUCT_BUNDLE_IDENTIFIER = "com.fueled.${PRODUCT_NAME:rfc1034identifier}";
				PRODUCT_NAME = "$(TARGET_NAME)";
				SWIFT_OBJC_BRIDGING_HEADER = "CustomContacts/Tests/CustomContactsTests-Bridging-Header.h";
				SWIFT_STRICT_CONCURRENCY = complete;
				SWIFT_VERSION = 5.0;
				TARGETED_DEVICE_FAMILY = "1,2";
				TEST_HOST = "$(BUILT_PRODUCTS_DIR)/CustomContacts.app/CustomContacts";
			};
			name = Production;
		};
/* End XCBuildConfiguration section */

/* Begin XCConfigurationList section */
		3DFCFB4C1E5DA85B00D4A874 /* Build configuration list for PBXProject "CustomContacts" */ = {
			isa = XCConfigurationList;
			buildConfigurations = (
				3DFCFB611E5DA85B00D4A874 /* Debug */,
				3DFCFB621E5DA85B00D4A874 /* Release */,
				F4CD705C200024C30013EE7B /* Snapshot */,
				F4CD705F200024C70013EE7B /* Production */,
			);
			defaultConfigurationIsVisible = 0;
			defaultConfigurationName = Release;
		};
		3DFCFB631E5DA85B00D4A874 /* Build configuration list for PBXNativeTarget "CustomContacts" */ = {
			isa = XCConfigurationList;
			buildConfigurations = (
				3DFCFB641E5DA85B00D4A874 /* Debug */,
				3DFCFB651E5DA85B00D4A874 /* Release */,
				F4CD705D200024C30013EE7B /* Snapshot */,
				F4CD7060200024C70013EE7B /* Production */,
			);
			defaultConfigurationIsVisible = 0;
			defaultConfigurationName = Release;
		};
		F4CD703C2000044F0013EE7B /* Build configuration list for PBXNativeTarget "CustomContactsTests" */ = {
			isa = XCConfigurationList;
			buildConfigurations = (
				F4CD703D2000044F0013EE7B /* Debug */,
				F4CD703E2000044F0013EE7B /* Release */,
				F4CD705E200024C30013EE7B /* Snapshot */,
				F4CD7061200024C70013EE7B /* Production */,
			);
			defaultConfigurationIsVisible = 0;
			defaultConfigurationName = Release;
		};
/* End XCConfigurationList section */

/* Begin XCRemoteSwiftPackageReference section */
		0F9AFBD829E8004C00496F61 /* XCRemoteSwiftPackageReference "swift-dependencies" */ = {
			isa = XCRemoteSwiftPackageReference;
			repositoryURL = "https://github.com/pointfreeco/swift-dependencies";
			requirement = {
				kind = upToNextMinorVersion;
				minimumVersion = 1.0.0;
			};
		};
		52B6146529647BCB00F00820 /* XCRemoteSwiftPackageReference "NukeUI" */ = {
			isa = XCRemoteSwiftPackageReference;
			repositoryURL = "https://github.com/kean/NukeUI.git";
			requirement = {
				kind = upToNextMajorVersion;
				minimumVersion = 0.8.3;
			};
		};
		FC3DC8BD28AE1FE6009EA293 /* XCRemoteSwiftPackageReference "ios-utilities" */ = {
			isa = XCRemoteSwiftPackageReference;
			repositoryURL = "https://github.com/Fueled/ios-utilities/";
			requirement = {
				kind = upToNextMajorVersion;
				minimumVersion = 4.0.0;
			};
		};
/* End XCRemoteSwiftPackageReference section */

/* Begin XCSwiftPackageProductDependency section */
		0F9AFBD929E8004C00496F61 /* Dependencies */ = {
			isa = XCSwiftPackageProductDependency;
			package = 0F9AFBD829E8004C00496F61 /* XCRemoteSwiftPackageReference "swift-dependencies" */;
			productName = Dependencies;
		};
		1390FB352947427D00A292D3 /* ArkanaKeys */ = {
			isa = XCSwiftPackageProductDependency;
			productName = ArkanaKeys;
		};
		52B6146629647BCB00F00820 /* NukeUI */ = {
			isa = XCSwiftPackageProductDependency;
			package = 52B6146529647BCB00F00820 /* XCRemoteSwiftPackageReference "NukeUI" */;
			productName = NukeUI;
		};
		FC3DC8C428AE1FE6009EA293 /* FueledUtilsCore */ = {
			isa = XCSwiftPackageProductDependency;
			package = FC3DC8BD28AE1FE6009EA293 /* XCRemoteSwiftPackageReference "ios-utilities" */;
			productName = FueledUtilsCore;
		};
		FC3DC8C828AE1FE6009EA293 /* FueledUtilsSwiftUI */ = {
			isa = XCSwiftPackageProductDependency;
			package = FC3DC8BD28AE1FE6009EA293 /* XCRemoteSwiftPackageReference "ios-utilities" */;
			productName = FueledUtilsSwiftUI;
		};
		FC9016C027B4638900C935FE /* CustomContactsAPIKit */ = {
			isa = XCSwiftPackageProductDependency;
			productName = CustomContactsAPIKit;
		};
		FC9016C227B4638900C935FE /* CustomContactsHelpers */ = {
			isa = XCSwiftPackageProductDependency;
			productName = CustomContactsHelpers;
		};
/* End XCSwiftPackageProductDependency section */
	};
	rootObject = 3DFCFB491E5DA85B00D4A874 /* Project object */;
}
