// !$*UTF8*$!
{
	archiveVersion = 1;
	classes = {
	};
	objectVersion = 52;
	objects = {

/* Begin PBXBuildFile section */
		0F79D60A29F1F50000346E43 /* App.swift in Sources */ = {isa = PBXBuildFile; fileRef = 0F79D60929F1F50000346E43 /* App.swift */; };
		0F9AFBDA29E8004C00496F61 /* Dependencies in Frameworks */ = {isa = PBXBuildFile; productRef = 0F9AFBD929E8004C00496F61 /* Dependencies */; };
		1390FB362947427D00A292D3 /* ArkanaKeys in Frameworks */ = {isa = PBXBuildFile; productRef = 1390FB352947427D00A292D3 /* ArkanaKeys */; };
		3D119F1C1FFE1115001932AA /* Assets.xcassets in Resources */ = {isa = PBXBuildFile; fileRef = 3D119F181FFE1115001932AA /* Assets.xcassets */; };
		5227EB47296490A7004117A2 /* MarvelCharacterTests.swift in Sources */ = {isa = PBXBuildFile; fileRef = 5227EB46296490A7004117A2 /* MarvelCharacterTests.swift */; };
		5227EB492964968E004117A2 /* (null) in Sources */ = {isa = PBXBuildFile; };
		5227EB4A29649691004117A2 /* (null) in Sources */ = {isa = PBXBuildFile; };
		5227EB4B296496AE004117A2 /* (null) in Sources */ = {isa = PBXBuildFile; };
		5227EB512964976D004117A2 /* MarvelCharacterListTests.swift in Sources */ = {isa = PBXBuildFile; fileRef = 5227EB4F2964976C004117A2 /* MarvelCharacterListTests.swift */; };
		5227EB5B2964AC62004117A2 /* MarvelHeroesViewModelTests.swift in Sources */ = {isa = PBXBuildFile; fileRef = 5227EB5A2964AC62004117A2 /* MarvelHeroesViewModelTests.swift */; };
		52B6146429647BB400F00820 /* MarvelCharacterView.swift in Sources */ = {isa = PBXBuildFile; fileRef = 52B6146329647BB400F00820 /* MarvelCharacterView.swift */; };
		52B6146729647BCB00F00820 /* NukeUI in Frameworks */ = {isa = PBXBuildFile; productRef = 52B6146629647BCB00F00820 /* NukeUI */; };
		52B6526D29640FDD008D3834 /* MarvelHeroesViewModel.swift in Sources */ = {isa = PBXBuildFile; fileRef = 52B6526C29640FDD008D3834 /* MarvelHeroesViewModel.swift */; };
		52B6526F296417B6008D3834 /* MarvelHeroesView.swift in Sources */ = {isa = PBXBuildFile; fileRef = 52B6526E296417B6008D3834 /* MarvelHeroesView.swift */; };
		6B0659902A0A17480055CD8E /* EnvironmentApplicationService.swift in Sources */ = {isa = PBXBuildFile; fileRef = 6B06598F2A0A17480055CD8E /* EnvironmentApplicationService.swift */; };
		A1FB88E02A0078EE00E0C032 /* MarvelHeroDetailsViewModel.swift in Sources */ = {isa = PBXBuildFile; fileRef = A1FB88DF2A0078EE00E0C032 /* MarvelHeroDetailsViewModel.swift */; };
		A1FB88E22A0078F600E0C032 /* MarvelHeroDetailsView.swift in Sources */ = {isa = PBXBuildFile; fileRef = A1FB88E12A0078F600E0C032 /* MarvelHeroDetailsView.swift */; };
		A1FB88FC2A00955D00E0C032 /* CustomContactsUITests.swift in Sources */ = {isa = PBXBuildFile; fileRef = A1FB88FB2A00955D00E0C032 /* CustomContactsUITests.swift */; };
		A1FB88FE2A00955D00E0C032 /* CustomContactsUITestsLaunchTests.swift in Sources */ = {isa = PBXBuildFile; fileRef = A1FB88FD2A00955D00E0C032 /* CustomContactsUITestsLaunchTests.swift */; };
		A1FB89092A00961300E0C032 /* MarvelHeroDetailsViewUITests.swift in Sources */ = {isa = PBXBuildFile; fileRef = A1FB89062A00961300E0C032 /* MarvelHeroDetailsViewUITests.swift */; };
		A1FB890B2A00961300E0C032 /* MarvelHeroesViewUITests.swift in Sources */ = {isa = PBXBuildFile; fileRef = A1FB89082A00961300E0C032 /* MarvelHeroesViewUITests.swift */; };
		A1FB89122A00964900E0C032 /* App.swift in Sources */ = {isa = PBXBuildFile; fileRef = A1FB890E2A00964900E0C032 /* App.swift */; };
		A1FB89142A00964900E0C032 /* CommonUIElements.swift in Sources */ = {isa = PBXBuildFile; fileRef = A1FB89102A00964900E0C032 /* CommonUIElements.swift */; };
		DF3B36BD21ECAEFF0033C858 /* Localizable.strings in Resources */ = {isa = PBXBuildFile; fileRef = DF3B36B821ECAEFF0033C858 /* Localizable.strings */; };
		DF3B36BE21ECAEFF0033C858 /* Localizable.stringsdict in Resources */ = {isa = PBXBuildFile; fileRef = DF3B36BA21ECAEFF0033C858 /* Localizable.stringsdict */; };
		DF3B36C021ECAF560033C858 /* NSAttributedString+LocalizedFormat.swift in Sources */ = {isa = PBXBuildFile; fileRef = DF3B36BF21ECAF560033C858 /* NSAttributedString+LocalizedFormat.swift */; };
		DF3B36E221ECAF8A0033C858 /* Error+Helpers.swift in Sources */ = {isa = PBXBuildFile; fileRef = DF3B36C221ECAF8A0033C858 /* Error+Helpers.swift */; };
		DF3B36F021ECAF8A0033C858 /* ApplicationError.swift in Sources */ = {isa = PBXBuildFile; fileRef = DF3B36D121ECAF8A0033C858 /* ApplicationError.swift */; };
		DF3B36F121ECAF8A0033C858 /* SwiftError.swift in Sources */ = {isa = PBXBuildFile; fileRef = DF3B36D221ECAF8A0033C858 /* SwiftError.swift */; };
		DF3B36F221ECAF8A0033C858 /* ActionError+DisplayableSwiftError.swift in Sources */ = {isa = PBXBuildFile; fileRef = DF3B36D421ECAF8A0033C858 /* ActionError+DisplayableSwiftError.swift */; };
		DF3B36F521ECAF8A0033C858 /* NSError+DisplayableError.swift in Sources */ = {isa = PBXBuildFile; fileRef = DF3B36D721ECAF8A0033C858 /* NSError+DisplayableError.swift */; };
		DF3B36F621ECAF8A0033C858 /* DisplayableError.swift in Sources */ = {isa = PBXBuildFile; fileRef = DF3B36D821ECAF8A0033C858 /* DisplayableError.swift */; };
		DF3B36F921ECAF8A0033C858 /* Error+DisplayableError.swift in Sources */ = {isa = PBXBuildFile; fileRef = DF3B36DB21ECAF8A0033C858 /* Error+DisplayableError.swift */; };
		DF3B36FD21ECAF8A0033C858 /* ApplicationError+DisplayableError.swift in Sources */ = {isa = PBXBuildFile; fileRef = DF3B36DF21ECAF8A0033C858 /* ApplicationError+DisplayableError.swift */; };
		DF3B370121ECAFDD0033C858 /* String+Localization.swift in Sources */ = {isa = PBXBuildFile; fileRef = DF3B370021ECAFDD0033C858 /* String+Localization.swift */; };
		F40191112301E7FB00CF1502 /* DecodingError+DisplayableError.swift in Sources */ = {isa = PBXBuildFile; fileRef = F40191102301E7FB00CF1502 /* DecodingError+DisplayableError.swift */; };
		F4CD7028200003E10013EE7B /* ApplicationService.swift in Sources */ = {isa = PBXBuildFile; fileRef = F4CD701B200003E10013EE7B /* ApplicationService.swift */; };
		F4CD706420002E7C0013EE7B /* LaunchScreen.storyboard in Resources */ = {isa = PBXBuildFile; fileRef = F4CD706220002E7C0013EE7B /* LaunchScreen.storyboard */; };
		F4CD706520002E7C0013EE7B /* Settings.bundle in Resources */ = {isa = PBXBuildFile; fileRef = F4CD706320002E7C0013EE7B /* Settings.bundle */; };
		FC3DC8C528AE1FE6009EA293 /* FueledUtilsCore in Frameworks */ = {isa = PBXBuildFile; productRef = FC3DC8C428AE1FE6009EA293 /* FueledUtilsCore */; };
		FC3DC8C928AE1FE6009EA293 /* FueledUtilsSwiftUI in Frameworks */ = {isa = PBXBuildFile; productRef = FC3DC8C828AE1FE6009EA293 /* FueledUtilsSwiftUI */; };
		FC9016C127B4638900C935FE /* CustomContactsAPIKit in Frameworks */ = {isa = PBXBuildFile; productRef = FC9016C027B4638900C935FE /* CustomContactsAPIKit */; };
		FC9016C327B4638900C935FE /* CustomContactsHelpers in Frameworks */ = {isa = PBXBuildFile; productRef = FC9016C227B4638900C935FE /* CustomContactsHelpers */; };
		FCDAFBD527C54741001314C2 /* AutoHashable.generated.swift in Sources */ = {isa = PBXBuildFile; fileRef = FCDAFBC727C54741001314C2 /* AutoHashable.generated.swift */; };
		FCDAFBD627C54741001314C2 /* AutoLenses.generated.swift in Sources */ = {isa = PBXBuildFile; fileRef = FCDAFBC827C54741001314C2 /* AutoLenses.generated.swift */; };
		FCDAFBD727C54741001314C2 /* AutoEquatable.generated.swift in Sources */ = {isa = PBXBuildFile; fileRef = FCDAFBC927C54741001314C2 /* AutoEquatable.generated.swift */; };
		FCDAFBD827C54741001314C2 /* AutoDebugDescription.generated.swift in Sources */ = {isa = PBXBuildFile; fileRef = FCDAFBCA27C54741001314C2 /* AutoDebugDescription.generated.swift */; };
		FCDAFBD927C54741001314C2 /* AutoCodable.generated.swift in Sources */ = {isa = PBXBuildFile; fileRef = FCDAFBCB27C54741001314C2 /* AutoCodable.generated.swift */; };
		FCDAFBDA27C54741001314C2 /* AutoInit.generated.swift in Sources */ = {isa = PBXBuildFile; fileRef = FCDAFBCC27C54741001314C2 /* AutoInit.generated.swift */; };
		FCDAFBDB27C54741001314C2 /* PluggableApplicationDelegate.generated.swift in Sources */ = {isa = PBXBuildFile; fileRef = FCDAFBCD27C54741001314C2 /* PluggableApplicationDelegate.generated.swift */; };
		FCDAFBDC27C54741001314C2 /* LocalizableKeys+Constants.generated.swift in Sources */ = {isa = PBXBuildFile; fileRef = FCDAFBCF27C54741001314C2 /* LocalizableKeys+Constants.generated.swift */; };
		FCDAFBDD27C54741001314C2 /* Assets+Constants.generated.swift in Sources */ = {isa = PBXBuildFile; fileRef = FCDAFBD027C54741001314C2 /* Assets+Constants.generated.swift */; };
		FCDAFBDE27C54741001314C2 /* PList.generated.swift in Sources */ = {isa = PBXBuildFile; fileRef = FCDAFBD127C54741001314C2 /* PList.generated.swift */; };
		FCDAFBDF27C54741001314C2 /* Fonts+Constants.generated.swift in Sources */ = {isa = PBXBuildFile; fileRef = FCDAFBD227C54741001314C2 /* Fonts+Constants.generated.swift */; };
		FCDAFBE027C54741001314C2 /* JSON.generated.swift in Sources */ = {isa = PBXBuildFile; fileRef = FCDAFBD327C54741001314C2 /* JSON.generated.swift */; };
/* End PBXBuildFile section */

/* Begin PBXContainerItemProxy section */
		A1FB88FF2A00955D00E0C032 /* PBXContainerItemProxy */ = {
			isa = PBXContainerItemProxy;
			containerPortal = 3DFCFB491E5DA85B00D4A874 /* Project object */;
			proxyType = 1;
			remoteGlobalIDString = 3DFCFB501E5DA85B00D4A874;
			remoteInfo = CustomContacts;
		};
		F4CD703A2000044F0013EE7B /* PBXContainerItemProxy */ = {
			isa = PBXContainerItemProxy;
			containerPortal = 3DFCFB491E5DA85B00D4A874 /* Project object */;
			proxyType = 1;
			remoteGlobalIDString = 3DFCFB501E5DA85B00D4A874;
			remoteInfo = CustomContacts;
		};
/* End PBXContainerItemProxy section */

/* Begin PBXFileReference section */
		0F79D60929F1F50000346E43 /* App.swift */ = {isa = PBXFileReference; lastKnownFileType = sourcecode.swift; path = App.swift; sourceTree = "<group>"; };
		1390FB342947426500A292D3 /* ArkanaKeys */ = {isa = PBXFileReference; lastKnownFileType = wrapper; name = ArkanaKeys; path = ArkanaKeys/ArkanaKeys; sourceTree = "<group>"; };
		3D119F161FFE1115001932AA /* Info.plist */ = {isa = PBXFileReference; fileEncoding = 4; lastKnownFileType = text.plist.xml; path = Info.plist; sourceTree = "<group>"; };
		3D119F181FFE1115001932AA /* Assets.xcassets */ = {isa = PBXFileReference; lastKnownFileType = folder.assetcatalog; path = Assets.xcassets; sourceTree = "<group>"; };
		3DFCFB511E5DA85B00D4A874 /* CustomContacts.app */ = {isa = PBXFileReference; explicitFileType = wrapper.application; includeInIndex = 0; path = CustomContacts.app; sourceTree = BUILT_PRODUCTS_DIR; };
		5227EB46296490A7004117A2 /* MarvelCharacterTests.swift */ = {isa = PBXFileReference; lastKnownFileType = sourcecode.swift; path = MarvelCharacterTests.swift; sourceTree = "<group>"; };
		5227EB4F2964976C004117A2 /* MarvelCharacterListTests.swift */ = {isa = PBXFileReference; lastKnownFileType = sourcecode.swift; path = MarvelCharacterListTests.swift; sourceTree = "<group>"; };
		5227EB5A2964AC62004117A2 /* MarvelHeroesViewModelTests.swift */ = {isa = PBXFileReference; lastKnownFileType = sourcecode.swift; path = MarvelHeroesViewModelTests.swift; sourceTree = "<group>"; };
		52B6146329647BB400F00820 /* MarvelCharacterView.swift */ = {isa = PBXFileReference; fileEncoding = 4; lastKnownFileType = sourcecode.swift; path = MarvelCharacterView.swift; sourceTree = "<group>"; };
		52B6526C29640FDD008D3834 /* MarvelHeroesViewModel.swift */ = {isa = PBXFileReference; lastKnownFileType = sourcecode.swift; path = MarvelHeroesViewModel.swift; sourceTree = "<group>"; };
		52B6526E296417B6008D3834 /* MarvelHeroesView.swift */ = {isa = PBXFileReference; lastKnownFileType = sourcecode.swift; path = MarvelHeroesView.swift; sourceTree = "<group>"; };
		6B06598F2A0A17480055CD8E /* EnvironmentApplicationService.swift */ = {isa = PBXFileReference; lastKnownFileType = sourcecode.swift; path = EnvironmentApplicationService.swift; sourceTree = "<group>"; };
		A1FB88DF2A0078EE00E0C032 /* MarvelHeroDetailsViewModel.swift */ = {isa = PBXFileReference; lastKnownFileType = sourcecode.swift; path = MarvelHeroDetailsViewModel.swift; sourceTree = "<group>"; };
		A1FB88E12A0078F600E0C032 /* MarvelHeroDetailsView.swift */ = {isa = PBXFileReference; lastKnownFileType = sourcecode.swift; path = MarvelHeroDetailsView.swift; sourceTree = "<group>"; };
		A1FB88F92A00955D00E0C032 /* CustomContactsUITests.xctest */ = {isa = PBXFileReference; explicitFileType = wrapper.cfbundle; includeInIndex = 0; path = CustomContactsUITests.xctest; sourceTree = BUILT_PRODUCTS_DIR; };
		A1FB88FB2A00955D00E0C032 /* CustomContactsUITests.swift */ = {isa = PBXFileReference; lastKnownFileType = sourcecode.swift; path = CustomContactsUITests.swift; sourceTree = "<group>"; };
		A1FB88FD2A00955D00E0C032 /* CustomContactsUITestsLaunchTests.swift */ = {isa = PBXFileReference; lastKnownFileType = sourcecode.swift; path = CustomContactsUITestsLaunchTests.swift; sourceTree = "<group>"; };
		A1FB89062A00961300E0C032 /* MarvelHeroDetailsViewUITests.swift */ = {isa = PBXFileReference; fileEncoding = 4; lastKnownFileType = sourcecode.swift; path = MarvelHeroDetailsViewUITests.swift; sourceTree = "<group>"; };
		A1FB89082A00961300E0C032 /* MarvelHeroesViewUITests.swift */ = {isa = PBXFileReference; fileEncoding = 4; lastKnownFileType = sourcecode.swift; path = MarvelHeroesViewUITests.swift; sourceTree = "<group>"; };
		A1FB890E2A00964900E0C032 /* App.swift */ = {isa = PBXFileReference; fileEncoding = 4; lastKnownFileType = sourcecode.swift; path = App.swift; sourceTree = "<group>"; };
		A1FB89102A00964900E0C032 /* CommonUIElements.swift */ = {isa = PBXFileReference; fileEncoding = 4; lastKnownFileType = sourcecode.swift; path = CommonUIElements.swift; sourceTree = "<group>"; };
		DF3B36B921ECAEFF0033C858 /* en */ = {isa = PBXFileReference; lastKnownFileType = text.plist.strings; name = en; path = en.lproj/Localizable.strings; sourceTree = "<group>"; };
		DF3B36BB21ECAEFF0033C858 /* en */ = {isa = PBXFileReference; lastKnownFileType = text.plist.stringsdict; name = en; path = en.lproj/Localizable.stringsdict; sourceTree = "<group>"; };
		DF3B36BF21ECAF560033C858 /* NSAttributedString+LocalizedFormat.swift */ = {isa = PBXFileReference; fileEncoding = 4; lastKnownFileType = sourcecode.swift; path = "NSAttributedString+LocalizedFormat.swift"; sourceTree = "<group>"; };
		DF3B36C221ECAF8A0033C858 /* Error+Helpers.swift */ = {isa = PBXFileReference; fileEncoding = 4; lastKnownFileType = sourcecode.swift; path = "Error+Helpers.swift"; sourceTree = "<group>"; };
		DF3B36D121ECAF8A0033C858 /* ApplicationError.swift */ = {isa = PBXFileReference; fileEncoding = 4; lastKnownFileType = sourcecode.swift; path = ApplicationError.swift; sourceTree = "<group>"; };
		DF3B36D221ECAF8A0033C858 /* SwiftError.swift */ = {isa = PBXFileReference; fileEncoding = 4; lastKnownFileType = sourcecode.swift; path = SwiftError.swift; sourceTree = "<group>"; };
		DF3B36D421ECAF8A0033C858 /* ActionError+DisplayableSwiftError.swift */ = {isa = PBXFileReference; fileEncoding = 4; lastKnownFileType = sourcecode.swift; path = "ActionError+DisplayableSwiftError.swift"; sourceTree = "<group>"; };
		DF3B36D721ECAF8A0033C858 /* NSError+DisplayableError.swift */ = {isa = PBXFileReference; fileEncoding = 4; lastKnownFileType = sourcecode.swift; path = "NSError+DisplayableError.swift"; sourceTree = "<group>"; };
		DF3B36D821ECAF8A0033C858 /* DisplayableError.swift */ = {isa = PBXFileReference; fileEncoding = 4; lastKnownFileType = sourcecode.swift; path = DisplayableError.swift; sourceTree = "<group>"; };
		DF3B36DB21ECAF8A0033C858 /* Error+DisplayableError.swift */ = {isa = PBXFileReference; fileEncoding = 4; lastKnownFileType = sourcecode.swift; path = "Error+DisplayableError.swift"; sourceTree = "<group>"; };
		DF3B36DF21ECAF8A0033C858 /* ApplicationError+DisplayableError.swift */ = {isa = PBXFileReference; fileEncoding = 4; lastKnownFileType = sourcecode.swift; path = "ApplicationError+DisplayableError.swift"; sourceTree = "<group>"; };
		DF3B370021ECAFDD0033C858 /* String+Localization.swift */ = {isa = PBXFileReference; fileEncoding = 4; lastKnownFileType = sourcecode.swift; path = "String+Localization.swift"; sourceTree = "<group>"; };
		F40191102301E7FB00CF1502 /* DecodingError+DisplayableError.swift */ = {isa = PBXFileReference; fileEncoding = 4; lastKnownFileType = sourcecode.swift; path = "DecodingError+DisplayableError.swift"; sourceTree = "<group>"; };
		F4AB7AB52534CC6F008372B6 /* CustomContactsAPIKit.framework */ = {isa = PBXFileReference; explicitFileType = wrapper.framework; path = CustomContactsAPIKit.framework; sourceTree = BUILT_PRODUCTS_DIR; };
		F4AB7AB62534CC6F008372B6 /* CustomContactsHelpers.framework */ = {isa = PBXFileReference; explicitFileType = wrapper.framework; path = CustomContactsHelpers.framework; sourceTree = BUILT_PRODUCTS_DIR; };
		F4CD701B200003E10013EE7B /* ApplicationService.swift */ = {isa = PBXFileReference; fileEncoding = 4; lastKnownFileType = sourcecode.swift; path = ApplicationService.swift; sourceTree = "<group>"; };
		F4CD70352000044F0013EE7B /* CustomContactsTests.xctest */ = {isa = PBXFileReference; explicitFileType = wrapper.cfbundle; includeInIndex = 0; path = CustomContactsTests.xctest; sourceTree = BUILT_PRODUCTS_DIR; };
		F4CD70402000046A0013EE7B /* Info.plist */ = {isa = PBXFileReference; fileEncoding = 4; lastKnownFileType = text.plist.xml; path = Info.plist; sourceTree = "<group>"; };
		F4CD705A200024B20013EE7B /* CustomContacts-Prod.entitlements */ = {isa = PBXFileReference; lastKnownFileType = text.plist.entitlements; path = "CustomContacts-Prod.entitlements"; sourceTree = "<group>"; };
		F4CD705B200024B30013EE7B /* CustomContacts-Dev.entitlements */ = {isa = PBXFileReference; lastKnownFileType = text.plist.entitlements; path = "CustomContacts-Dev.entitlements"; sourceTree = "<group>"; };
		F4CD706220002E7C0013EE7B /* LaunchScreen.storyboard */ = {isa = PBXFileReference; fileEncoding = 4; lastKnownFileType = file.storyboard; path = LaunchScreen.storyboard; sourceTree = "<group>"; };
		F4CD706320002E7C0013EE7B /* Settings.bundle */ = {isa = PBXFileReference; lastKnownFileType = "wrapper.plug-in"; path = Settings.bundle; sourceTree = "<group>"; };
		FC9016BE27B4632000C935FE /* CustomContactsAPIKit */ = {isa = PBXFileReference; lastKnownFileType = wrapper; name = CustomContactsAPIKit; path = Libraries/CustomContactsAPIKit; sourceTree = "<group>"; };
		FC9016BF27B4632000C935FE /* CustomContactsHelpers */ = {isa = PBXFileReference; lastKnownFileType = wrapper; name = CustomContactsHelpers; path = Libraries/CustomContactsHelpers; sourceTree = "<group>"; };
		FCDAFBC727C54741001314C2 /* AutoHashable.generated.swift */ = {isa = PBXFileReference; fileEncoding = 4; lastKnownFileType = sourcecode.swift; path = AutoHashable.generated.swift; sourceTree = "<group>"; };
		FCDAFBC827C54741001314C2 /* AutoLenses.generated.swift */ = {isa = PBXFileReference; fileEncoding = 4; lastKnownFileType = sourcecode.swift; path = AutoLenses.generated.swift; sourceTree = "<group>"; };
		FCDAFBC927C54741001314C2 /* AutoEquatable.generated.swift */ = {isa = PBXFileReference; fileEncoding = 4; lastKnownFileType = sourcecode.swift; path = AutoEquatable.generated.swift; sourceTree = "<group>"; };
		FCDAFBCA27C54741001314C2 /* AutoDebugDescription.generated.swift */ = {isa = PBXFileReference; fileEncoding = 4; lastKnownFileType = sourcecode.swift; path = AutoDebugDescription.generated.swift; sourceTree = "<group>"; };
		FCDAFBCB27C54741001314C2 /* AutoCodable.generated.swift */ = {isa = PBXFileReference; fileEncoding = 4; lastKnownFileType = sourcecode.swift; path = AutoCodable.generated.swift; sourceTree = "<group>"; };
		FCDAFBCC27C54741001314C2 /* AutoInit.generated.swift */ = {isa = PBXFileReference; fileEncoding = 4; lastKnownFileType = sourcecode.swift; path = AutoInit.generated.swift; sourceTree = "<group>"; };
		FCDAFBCD27C54741001314C2 /* PluggableApplicationDelegate.generated.swift */ = {isa = PBXFileReference; fileEncoding = 4; lastKnownFileType = sourcecode.swift; path = PluggableApplicationDelegate.generated.swift; sourceTree = "<group>"; };
		FCDAFBCF27C54741001314C2 /* LocalizableKeys+Constants.generated.swift */ = {isa = PBXFileReference; fileEncoding = 4; lastKnownFileType = sourcecode.swift; path = "LocalizableKeys+Constants.generated.swift"; sourceTree = "<group>"; };
		FCDAFBD027C54741001314C2 /* Assets+Constants.generated.swift */ = {isa = PBXFileReference; fileEncoding = 4; lastKnownFileType = sourcecode.swift; path = "Assets+Constants.generated.swift"; sourceTree = "<group>"; };
		FCDAFBD127C54741001314C2 /* PList.generated.swift */ = {isa = PBXFileReference; fileEncoding = 4; lastKnownFileType = sourcecode.swift; path = PList.generated.swift; sourceTree = "<group>"; };
		FCDAFBD227C54741001314C2 /* Fonts+Constants.generated.swift */ = {isa = PBXFileReference; fileEncoding = 4; lastKnownFileType = sourcecode.swift; path = "Fonts+Constants.generated.swift"; sourceTree = "<group>"; };
		FCDAFBD327C54741001314C2 /* JSON.generated.swift */ = {isa = PBXFileReference; fileEncoding = 4; lastKnownFileType = sourcecode.swift; path = JSON.generated.swift; sourceTree = "<group>"; };
		FCDAFBD427C54741001314C2 /* IB+Constants.generated.swift */ = {isa = PBXFileReference; fileEncoding = 4; lastKnownFileType = sourcecode.swift; path = "IB+Constants.generated.swift"; sourceTree = "<group>"; };
/* End PBXFileReference section */

/* Begin PBXFrameworksBuildPhase section */
		3DFCFB4E1E5DA85B00D4A874 /* Frameworks */ = {
			isa = PBXFrameworksBuildPhase;
			buildActionMask = 2147483647;
			files = (
				0F9AFBDA29E8004C00496F61 /* Dependencies in Frameworks */,
				1390FB362947427D00A292D3 /* ArkanaKeys in Frameworks */,
				52B6146729647BCB00F00820 /* NukeUI in Frameworks */,
				FC3DC8C928AE1FE6009EA293 /* FueledUtilsSwiftUI in Frameworks */,
				FC3DC8C528AE1FE6009EA293 /* FueledUtilsCore in Frameworks */,
				FC9016C327B4638900C935FE /* CustomContactsHelpers in Frameworks */,
				FC9016C127B4638900C935FE /* CustomContactsAPIKit in Frameworks */,
			);
			runOnlyForDeploymentPostprocessing = 0;
		};
		A1FB88F62A00955D00E0C032 /* Frameworks */ = {
			isa = PBXFrameworksBuildPhase;
			buildActionMask = 2147483647;
			files = (
			);
			runOnlyForDeploymentPostprocessing = 0;
		};
		F4CD70322000044F0013EE7B /* Frameworks */ = {
			isa = PBXFrameworksBuildPhase;
			buildActionMask = 2147483647;
			files = (
			);
			runOnlyForDeploymentPostprocessing = 0;
		};
/* End PBXFrameworksBuildPhase section */

/* Begin PBXGroup section */
		3D119F091FFE102D001932AA /* CustomContacts */ = {
			isa = PBXGroup;
			children = (
				F4CD7019200003E10013EE7B /* Code */,
				3D119F0B1FFE1044001932AA /* Resources */,
				F4CD703F2000046A0013EE7B /* Tests */,
			);
			path = CustomContacts;
			sourceTree = "<group>";
		};
		3D119F0B1FFE1044001932AA /* Resources */ = {
			isa = PBXGroup;
			children = (
				F4CD705B200024B30013EE7B /* CustomContacts-Dev.entitlements */,
				F4CD705A200024B20013EE7B /* CustomContacts-Prod.entitlements */,
				3D119F181FFE1115001932AA /* Assets.xcassets */,
				DF3B36B521ECAEFF0033C858 /* Fonts */,
				DF3B36B721ECAEFF0033C858 /* Localization */,
				F4CD706220002E7C0013EE7B /* LaunchScreen.storyboard */,
				F4CD706320002E7C0013EE7B /* Settings.bundle */,
				3D119F161FFE1115001932AA /* Info.plist */,
			);
			path = Resources;
			sourceTree = "<group>";
		};
		3DFCFB481E5DA85B00D4A874 = {
			isa = PBXGroup;
			children = (
				1390FB342947426500A292D3 /* ArkanaKeys */,
				FC9016BE27B4632000C935FE /* CustomContactsAPIKit */,
				FC9016BF27B4632000C935FE /* CustomContactsHelpers */,
				3D119F091FFE102D001932AA /* CustomContacts */,
				A1FB88FA2A00955D00E0C032 /* CustomContactsUITests */,
				3DFCFB521E5DA85B00D4A874 /* Products */,
				49B7809AEED7B3A6D47B9B77 /* Frameworks */,
			);
			sourceTree = "<group>";
		};
		3DFCFB521E5DA85B00D4A874 /* Products */ = {
			isa = PBXGroup;
			children = (
				3DFCFB511E5DA85B00D4A874 /* CustomContacts.app */,
				F4CD70352000044F0013EE7B /* CustomContactsTests.xctest */,
				A1FB88F92A00955D00E0C032 /* CustomContactsUITests.xctest */,
			);
			name = Products;
			sourceTree = "<group>";
		};
		49B7809AEED7B3A6D47B9B77 /* Frameworks */ = {
			isa = PBXGroup;
			children = (
				F4AB7AB52534CC6F008372B6 /* CustomContactsAPIKit.framework */,
				F4AB7AB62534CC6F008372B6 /* CustomContactsHelpers.framework */,
			);
			name = Frameworks;
			sourceTree = "<group>";
		};
		5227EB40296485F8004117A2 /* ViewModel */ = {
			isa = PBXGroup;
			children = (
				52B6526C29640FDD008D3834 /* MarvelHeroesViewModel.swift */,
			);
			path = ViewModel;
			sourceTree = "<group>";
		};
		5227EB4329648828004117A2 /* Model */ = {
			isa = PBXGroup;
			children = (
				5227EB46296490A7004117A2 /* MarvelCharacterTests.swift */,
				5227EB4F2964976C004117A2 /* MarvelCharacterListTests.swift */,
			);
			path = Model;
			sourceTree = "<group>";
		};
		5227EB522964984B004117A2 /* ViewModel */ = {
			isa = PBXGroup;
			children = (
				5227EB5A2964AC62004117A2 /* MarvelHeroesViewModelTests.swift */,
			);
			path = ViewModel;
			sourceTree = "<group>";
		};
		52CDEE492963374100AB4609 /* Heroes */ = {
			isa = PBXGroup;
			children = (
				5227EB40296485F8004117A2 /* ViewModel */,
				52B6146329647BB400F00820 /* MarvelCharacterView.swift */,
				52B6526E296417B6008D3834 /* MarvelHeroesView.swift */,
			);
			path = Heroes;
			sourceTree = "<group>";
		};
		A1FB88DE2A0078DC00E0C032 /* HeroDetails */ = {
			isa = PBXGroup;
			children = (
				A1FB88E32A00794A00E0C032 /* ViewModel */,
				A1FB88E12A0078F600E0C032 /* MarvelHeroDetailsView.swift */,
			);
			path = HeroDetails;
			sourceTree = "<group>";
		};
		A1FB88E32A00794A00E0C032 /* ViewModel */ = {
			isa = PBXGroup;
			children = (
				A1FB88DF2A0078EE00E0C032 /* MarvelHeroDetailsViewModel.swift */,
			);
			path = ViewModel;
			sourceTree = "<group>";
		};
		A1FB88FA2A00955D00E0C032 /* CustomContactsUITests */ = {
			isa = PBXGroup;
			children = (
				A1FB890C2A00962500E0C032 /* Common */,
				A1FB89062A00961300E0C032 /* MarvelHeroDetailsViewUITests.swift */,
				A1FB89082A00961300E0C032 /* MarvelHeroesViewUITests.swift */,
				A1FB88FB2A00955D00E0C032 /* CustomContactsUITests.swift */,
				A1FB88FD2A00955D00E0C032 /* CustomContactsUITestsLaunchTests.swift */,
			);
			path = CustomContactsUITests;
			sourceTree = "<group>";
		};
		A1FB890C2A00962500E0C032 /* Common */ = {
			isa = PBXGroup;
			children = (
				A1FB890E2A00964900E0C032 /* App.swift */,
				A1FB89102A00964900E0C032 /* CommonUIElements.swift */,
			);
			path = Common;
			sourceTree = "<group>";
		};
		DF3B36B521ECAEFF0033C858 /* Fonts */ = {
			isa = PBXGroup;
			children = (
			);
			path = Fonts;
			sourceTree = "<group>";
		};
		DF3B36B721ECAEFF0033C858 /* Localization */ = {
			isa = PBXGroup;
			children = (
				DF3B36B821ECAEFF0033C858 /* Localizable.strings */,
				DF3B36BA21ECAEFF0033C858 /* Localizable.stringsdict */,
			);
			path = Localization;
			sourceTree = "<group>";
		};
		DF3B36C121ECAF8A0033C858 /* Errors */ = {
			isa = PBXGroup;
			children = (
				DF3B36D321ECAF8A0033C858 /* DisplayableError */,
				DF3B36C221ECAF8A0033C858 /* Error+Helpers.swift */,
				DF3B36D121ECAF8A0033C858 /* ApplicationError.swift */,
				DF3B36D221ECAF8A0033C858 /* SwiftError.swift */,
			);
			path = Errors;
			sourceTree = "<group>";
		};
		DF3B36D321ECAF8A0033C858 /* DisplayableError */ = {
			isa = PBXGroup;
			children = (
				DF3B36D421ECAF8A0033C858 /* ActionError+DisplayableSwiftError.swift */,
				DF3B36D721ECAF8A0033C858 /* NSError+DisplayableError.swift */,
				DF3B36D821ECAF8A0033C858 /* DisplayableError.swift */,
				DF3B36DB21ECAF8A0033C858 /* Error+DisplayableError.swift */,
				DF3B36DF21ECAF8A0033C858 /* ApplicationError+DisplayableError.swift */,
				F40191102301E7FB00CF1502 /* DecodingError+DisplayableError.swift */,
			);
			path = DisplayableError;
			sourceTree = "<group>";
		};
		DF3B37D121ECB4320033C858 /* Main */ = {
			isa = PBXGroup;
			children = (
				52CDEE492963374100AB4609 /* Heroes */,
				A1FB88DE2A0078DC00E0C032 /* HeroDetails */,
			);
			path = Main;
			sourceTree = "<group>";
		};
		F4CD7019200003E10013EE7B /* Code */ = {
			isa = PBXGroup;
			children = (
				FCDAFBC527C54741001314C2 /* Generated */,
				F4CD701A200003E10013EE7B /* Application */,
				F4CD704A200009530013EE7B /* Helpers */,
				F4CD7023200003E10013EE7B /* UI */,
			);
			path = Code;
			sourceTree = "<group>";
		};
		F4CD701A200003E10013EE7B /* Application */ = {
			isa = PBXGroup;
			children = (
				0F79D60929F1F50000346E43 /* App.swift */,
				F4CD701B200003E10013EE7B /* ApplicationService.swift */,
				F4CD701D200003E10013EE7B /* Services */,
			);
			path = Application;
			sourceTree = "<group>";
		};
		F4CD701D200003E10013EE7B /* Services */ = {
			isa = PBXGroup;
			children = (
				6B06598F2A0A17480055CD8E /* EnvironmentApplicationService.swift */,
			);
			path = Services;
			sourceTree = "<group>";
		};
		F4CD7023200003E10013EE7B /* UI */ = {
			isa = PBXGroup;
			children = (
				DF3B37D121ECB4320033C858 /* Main */,
			);
			path = UI;
			sourceTree = "<group>";
		};
		F4CD703F2000046A0013EE7B /* Tests */ = {
			isa = PBXGroup;
			children = (
				5227EB522964984B004117A2 /* ViewModel */,
				5227EB4329648828004117A2 /* Model */,
				F4CD70402000046A0013EE7B /* Info.plist */,
			);
			path = Tests;
			sourceTree = "<group>";
		};
		F4CD704A200009530013EE7B /* Helpers */ = {
			isa = PBXGroup;
			children = (
				F4CD704B200009590013EE7B /* Classes */,
				DF3B36C121ECAF8A0033C858 /* Errors */,
				F4CD704C2000095C0013EE7B /* Extensions */,
			);
			path = Helpers;
			sourceTree = "<group>";
		};
		F4CD704B200009590013EE7B /* Classes */ = {
			isa = PBXGroup;
			children = (
			);
			path = Classes;
			sourceTree = "<group>";
		};
		F4CD704C2000095C0013EE7B /* Extensions */ = {
			isa = PBXGroup;
			children = (
				DF3B36BF21ECAF560033C858 /* NSAttributedString+LocalizedFormat.swift */,
				DF3B370021ECAFDD0033C858 /* String+Localization.swift */,
			);
			path = Extensions;
			sourceTree = "<group>";
		};
		FCDAFBC527C54741001314C2 /* Generated */ = {
			isa = PBXGroup;
			children = (
				FCDAFBC627C54741001314C2 /* Sourcery */,
				FCDAFBCE27C54741001314C2 /* Swiftgen */,
			);
			path = Generated;
			sourceTree = "<group>";
		};
		FCDAFBC627C54741001314C2 /* Sourcery */ = {
			isa = PBXGroup;
			children = (
				FCDAFBC727C54741001314C2 /* AutoHashable.generated.swift */,
				FCDAFBC827C54741001314C2 /* AutoLenses.generated.swift */,
				FCDAFBC927C54741001314C2 /* AutoEquatable.generated.swift */,
				FCDAFBCA27C54741001314C2 /* AutoDebugDescription.generated.swift */,
				FCDAFBCB27C54741001314C2 /* AutoCodable.generated.swift */,
				FCDAFBCC27C54741001314C2 /* AutoInit.generated.swift */,
				FCDAFBCD27C54741001314C2 /* PluggableApplicationDelegate.generated.swift */,
			);
			path = Sourcery;
			sourceTree = "<group>";
		};
		FCDAFBCE27C54741001314C2 /* Swiftgen */ = {
			isa = PBXGroup;
			children = (
				FCDAFBCF27C54741001314C2 /* LocalizableKeys+Constants.generated.swift */,
				FCDAFBD027C54741001314C2 /* Assets+Constants.generated.swift */,
				FCDAFBD127C54741001314C2 /* PList.generated.swift */,
				FCDAFBD227C54741001314C2 /* Fonts+Constants.generated.swift */,
				FCDAFBD327C54741001314C2 /* JSON.generated.swift */,
				FCDAFBD427C54741001314C2 /* IB+Constants.generated.swift */,
			);
			path = Swiftgen;
			sourceTree = "<group>";
		};
/* End PBXGroup section */

/* Begin PBXNativeTarget section */
		3DFCFB501E5DA85B00D4A874 /* CustomContacts */ = {
			isa = PBXNativeTarget;
			buildConfigurationList = 3DFCFB631E5DA85B00D4A874 /* Build configuration list for PBXNativeTarget "CustomContacts" */;
			buildPhases = (
				1390FB37294743F700A292D3 /* Check Arkana */,
				FC321AEC27BFB5C00071E959 /* Swiftlint */,
				3DFCFB4D1E5DA85B00D4A874 /* Sources */,
				3DFCFB4E1E5DA85B00D4A874 /* Frameworks */,
				3DFCFB4F1E5DA85B00D4A874 /* Resources */,
				F4CD706720002EFA0013EE7B /* Update Settings Bundle */,
			);
			buildRules = (
			);
			dependencies = (
			);
			name = CustomContacts;
			packageProductDependencies = (
				FC9016C027B4638900C935FE /* CustomContactsAPIKit */,
				FC9016C227B4638900C935FE /* CustomContactsHelpers */,
				FC3DC8C428AE1FE6009EA293 /* FueledUtilsCore */,
				FC3DC8C828AE1FE6009EA293 /* FueledUtilsSwiftUI */,
				1390FB352947427D00A292D3 /* ArkanaKeys */,
				52B6146629647BCB00F00820 /* NukeUI */,
				0F9AFBD929E8004C00496F61 /* Dependencies */,
			);
			productName = CustomContacts;
			productReference = 3DFCFB511E5DA85B00D4A874 /* CustomContacts.app */;
			productType = "com.apple.product-type.application";
		};
		A1FB88F82A00955D00E0C032 /* CustomContactsUITests */ = {
			isa = PBXNativeTarget;
			buildConfigurationList = A1FB89012A00955D00E0C032 /* Build configuration list for PBXNativeTarget "CustomContactsUITests" */;
			buildPhases = (
				A1FB88F52A00955D00E0C032 /* Sources */,
				A1FB88F62A00955D00E0C032 /* Frameworks */,
				A1FB88F72A00955D00E0C032 /* Resources */,
			);
			buildRules = (
			);
			dependencies = (
				A1FB89002A00955D00E0C032 /* PBXTargetDependency */,
			);
			name = CustomContactsUITests;
			productName = CustomContactsUITests;
			productReference = A1FB88F92A00955D00E0C032 /* CustomContactsUITests.xctest */;
			productType = "com.apple.product-type.bundle.ui-testing";
		};
		F4CD70342000044F0013EE7B /* CustomContactsTests */ = {
			isa = PBXNativeTarget;
			buildConfigurationList = F4CD703C2000044F0013EE7B /* Build configuration list for PBXNativeTarget "CustomContactsTests" */;
			buildPhases = (
				F4CD70312000044F0013EE7B /* Sources */,
				F4CD70322000044F0013EE7B /* Frameworks */,
				F4CD70332000044F0013EE7B /* Resources */,
			);
			buildRules = (
			);
			dependencies = (
				F4CD703B2000044F0013EE7B /* PBXTargetDependency */,
			);
			name = CustomContactsTests;
			productName = CustomContactsTests;
			productReference = F4CD70352000044F0013EE7B /* CustomContactsTests.xctest */;
			productType = "com.apple.product-type.bundle.unit-test";
		};
/* End PBXNativeTarget section */

/* Begin PBXProject section */
		3DFCFB491E5DA85B00D4A874 /* Project object */ = {
			isa = PBXProject;
			attributes = {
				LastSwiftUpdateCheck = 1430;
				LastUpgradeCheck = 1200;
				ORGANIZATIONNAME = Fueled;
				TargetAttributes = {
					3DFCFB501E5DA85B00D4A874 = {
						CreatedOnToolsVersion = 8.2.1;
						LastSwiftMigration = 0920;
						SystemCapabilities = {
							com.apple.Keychain = {
								enabled = 1;
							};
						};
					};
					A1FB88F82A00955D00E0C032 = {
						CreatedOnToolsVersion = 14.3;
						TestTargetID = 3DFCFB501E5DA85B00D4A874;
					};
					F4CD70342000044F0013EE7B = {
						CreatedOnToolsVersion = 9.2;
						DevelopmentTeam = 2GVJ6JS822;
						ProvisioningStyle = Automatic;
						TestTargetID = 3DFCFB501E5DA85B00D4A874;
					};
				};
			};
			buildConfigurationList = 3DFCFB4C1E5DA85B00D4A874 /* Build configuration list for PBXProject "CustomContacts" */;
			compatibilityVersion = "Xcode 3.2";
			developmentRegion = en;
			hasScannedForEncodings = 0;
			knownRegions = (
				en,
				Base,
			);
			mainGroup = 3DFCFB481E5DA85B00D4A874;
			packageReferences = (
				FC3DC8BD28AE1FE6009EA293 /* XCRemoteSwiftPackageReference "ios-utilities" */,
				52B6146529647BCB00F00820 /* XCRemoteSwiftPackageReference "NukeUI" */,
				0F9AFBD829E8004C00496F61 /* XCRemoteSwiftPackageReference "swift-dependencies" */,
			);
			productRefGroup = 3DFCFB521E5DA85B00D4A874 /* Products */;
			projectDirPath = "";
			projectRoot = "";
			targets = (
				3DFCFB501E5DA85B00D4A874 /* CustomContacts */,
				F4CD70342000044F0013EE7B /* CustomContactsTests */,
				A1FB88F82A00955D00E0C032 /* CustomContactsUITests */,
			);
		};
/* End PBXProject section */

/* Begin PBXResourcesBuildPhase section */
		3DFCFB4F1E5DA85B00D4A874 /* Resources */ = {
			isa = PBXResourcesBuildPhase;
			buildActionMask = 2147483647;
			files = (
				3D119F1C1FFE1115001932AA /* Assets.xcassets in Resources */,
				DF3B36BD21ECAEFF0033C858 /* Localizable.strings in Resources */,
				F4CD706420002E7C0013EE7B /* LaunchScreen.storyboard in Resources */,
				F4CD706520002E7C0013EE7B /* Settings.bundle in Resources */,
				DF3B36BE21ECAEFF0033C858 /* Localizable.stringsdict in Resources */,
			);
			runOnlyForDeploymentPostprocessing = 0;
		};
		A1FB88F72A00955D00E0C032 /* Resources */ = {
			isa = PBXResourcesBuildPhase;
			buildActionMask = 2147483647;
			files = (
			);
			runOnlyForDeploymentPostprocessing = 0;
		};
		F4CD70332000044F0013EE7B /* Resources */ = {
			isa = PBXResourcesBuildPhase;
			buildActionMask = 2147483647;
			files = (
			);
			runOnlyForDeploymentPostprocessing = 0;
		};
/* End PBXResourcesBuildPhase section */

/* Begin PBXShellScriptBuildPhase section */
		1390FB37294743F700A292D3 /* Check Arkana */ = {
			isa = PBXShellScriptBuildPhase;
			buildActionMask = 2147483647;
			files = (
			);
			inputFileListPaths = (
			);
			inputPaths = (
			);
			name = "Check Arkana";
			outputFileListPaths = (
			);
			outputPaths = (
			);
			runOnlyForDeploymentPostprocessing = 0;
			shellPath = /bin/sh;
			shellScript = "# Type a script or drag a script file from your workspace to insert its path.\nif [ ! -f \"$SRCROOT/ArkanaKeys/ArkanaKeys/Sources/ArkanaKeys.swift\" ]; then\n  # print error to STDERR\n  echo \"error: ArkanaKeys has never been run. Please run 'bundle exec arkana [your options here]' and try again.\" >&2\n  exit 1\nfi\n";
		};
		F4CD706720002EFA0013EE7B /* Update Settings Bundle */ = {
			isa = PBXShellScriptBuildPhase;
			buildActionMask = 12;
			files = (
			);
			inputPaths = (
			);
			name = "Update Settings Bundle";
			outputPaths = (
			);
			runOnlyForDeploymentPostprocessing = 0;
			shellPath = /bin/sh;
			shellScript = "cd $PROJECT_DIR\ncd \"$BUILT_PRODUCTS_DIR/$PRODUCT_NAME.app\"\nRELEASE_VERSION=$(/usr/libexec/PlistBuddy -c \"Print CFBundleShortVersionString\" Info.plist)\nBUILD_VERSION=$(/usr/libexec/PlistBuddy -c \"Print CFBundleVersion\" Info.plist)\nTZ='America/New_York'\nexport TZ\nBUILD_DATE=$(date +\"%a %l:%M %b %d, %Y\")\n\nif [ \"${CONFIGURATION}\" = \"Production\" ]; then\n    /usr/libexec/PlistBuddy -c \"Set :PreferenceSpecifiers:4:DefaultValue DefaultDate\" Settings.bundle/Root.plist\n    if [ $? -eq 0 ]; then\n        /usr/libexec/PlistBuddy -c \"Delete :PreferenceSpecifiers:0\" Settings.bundle/Root.plist\n    fi\n    /usr/libexec/PlistBuddy -c \"Set :PreferenceSpecifiers:1:DefaultValue $RELEASE_VERSION\" Settings.bundle/Root.plist\n    /usr/libexec/PlistBuddy -c \"Set :PreferenceSpecifiers:2:DefaultValue $BUILD_VERSION-$CONFIGURATION\" Settings.bundle/Root.plist\n    /usr/libexec/PlistBuddy -c \"Set :PreferenceSpecifiers:3:DefaultValue $BUILD_DATE\" Settings.bundle/Root.plist\nelse\n    if [ \"${CONFIGURATION}\" = \"Snapshot\" ]; then\n        /usr/libexec/PlistBuddy -c \"Set :PreferenceSpecifiers:0:DefaultValue qa\" Settings.bundle/Root.plist\n    fi\n\n    /usr/libexec/PlistBuddy -c \"Set :PreferenceSpecifiers:2:DefaultValue $RELEASE_VERSION\" Settings.bundle/Root.plist\n    /usr/libexec/PlistBuddy -c \"Set :PreferenceSpecifiers:3:DefaultValue $BUILD_VERSION-$CONFIGURATION\" Settings.bundle/Root.plist\n    /usr/libexec/PlistBuddy -c \"Set :PreferenceSpecifiers:4:DefaultValue $BUILD_DATE\" Settings.bundle/Root.plist\nfi\n";
			showEnvVarsInLog = 0;
		};
		FC321AEC27BFB5C00071E959 /* Swiftlint */ = {
			isa = PBXShellScriptBuildPhase;
			buildActionMask = 2147483647;
			files = (
			);
			inputFileListPaths = (
			);
			inputPaths = (
			);
			name = Swiftlint;
			outputFileListPaths = (
			);
			outputPaths = (
			);
			runOnlyForDeploymentPostprocessing = 0;
			shellPath = /bin/sh;
			shellScript = "  Tools/swiftlint/bin/swiftlint --config Tools/Configs/swiftlint.yml\n";
		};
/* End PBXShellScriptBuildPhase section */

/* Begin PBXSourcesBuildPhase section */
		3DFCFB4D1E5DA85B00D4A874 /* Sources */ = {
			isa = PBXSourcesBuildPhase;
			buildActionMask = 2147483647;
			files = (
				FCDAFBD727C54741001314C2 /* AutoEquatable.generated.swift in Sources */,
				DF3B36C021ECAF560033C858 /* NSAttributedString+LocalizedFormat.swift in Sources */,
				FCDAFBD827C54741001314C2 /* AutoDebugDescription.generated.swift in Sources */,
				FCDAFBD627C54741001314C2 /* AutoLenses.generated.swift in Sources */,
				FCDAFBD527C54741001314C2 /* AutoHashable.generated.swift in Sources */,
				DF3B36F021ECAF8A0033C858 /* ApplicationError.swift in Sources */,
				DF3B36F221ECAF8A0033C858 /* ActionError+DisplayableSwiftError.swift in Sources */,
				DF3B36F921ECAF8A0033C858 /* Error+DisplayableError.swift in Sources */,
				DF3B36F121ECAF8A0033C858 /* SwiftError.swift in Sources */,
				DF3B36FD21ECAF8A0033C858 /* ApplicationError+DisplayableError.swift in Sources */,
				DF3B370121ECAFDD0033C858 /* String+Localization.swift in Sources */,
				F4CD7028200003E10013EE7B /* ApplicationService.swift in Sources */,
				A1FB88E02A0078EE00E0C032 /* MarvelHeroDetailsViewModel.swift in Sources */,
				52B6146429647BB400F00820 /* MarvelCharacterView.swift in Sources */,
				A1FB88E22A0078F600E0C032 /* MarvelHeroDetailsView.swift in Sources */,
				52B6526D29640FDD008D3834 /* MarvelHeroesViewModel.swift in Sources */,
				FCDAFBDD27C54741001314C2 /* Assets+Constants.generated.swift in Sources */,
				FCDAFBE027C54741001314C2 /* JSON.generated.swift in Sources */,
				FCDAFBD927C54741001314C2 /* AutoCodable.generated.swift in Sources */,
				DF3B36F521ECAF8A0033C858 /* NSError+DisplayableError.swift in Sources */,
				FCDAFBDF27C54741001314C2 /* Fonts+Constants.generated.swift in Sources */,
				F40191112301E7FB00CF1502 /* DecodingError+DisplayableError.swift in Sources */,
				FCDAFBDB27C54741001314C2 /* PluggableApplicationDelegate.generated.swift in Sources */,
				0F79D60A29F1F50000346E43 /* App.swift in Sources */,
				52B6526F296417B6008D3834 /* MarvelHeroesView.swift in Sources */,
				FCDAFBDA27C54741001314C2 /* AutoInit.generated.swift in Sources */,
				DF3B36E221ECAF8A0033C858 /* Error+Helpers.swift in Sources */,
				FCDAFBDC27C54741001314C2 /* LocalizableKeys+Constants.generated.swift in Sources */,
				FCDAFBDE27C54741001314C2 /* PList.generated.swift in Sources */,
				6B0659902A0A17480055CD8E /* EnvironmentApplicationService.swift in Sources */,
				DF3B36F621ECAF8A0033C858 /* DisplayableError.swift in Sources */,
			);
			runOnlyForDeploymentPostprocessing = 0;
		};
		A1FB88F52A00955D00E0C032 /* Sources */ = {
			isa = PBXSourcesBuildPhase;
			buildActionMask = 2147483647;
			files = (
				A1FB88FC2A00955D00E0C032 /* CustomContactsUITests.swift in Sources */,
				A1FB890B2A00961300E0C032 /* MarvelHeroesViewUITests.swift in Sources */,
				A1FB88FE2A00955D00E0C032 /* CustomContactsUITestsLaunchTests.swift in Sources */,
				A1FB89122A00964900E0C032 /* App.swift in Sources */,
				A1FB89142A00964900E0C032 /* CommonUIElements.swift in Sources */,
				A1FB89092A00961300E0C032 /* MarvelHeroDetailsViewUITests.swift in Sources */,
			);
			runOnlyForDeploymentPostprocessing = 0;
		};
		F4CD70312000044F0013EE7B /* Sources */ = {
			isa = PBXSourcesBuildPhase;
			buildActionMask = 2147483647;
			files = (
				5227EB492964968E004117A2 /* (null) in Sources */,
				5227EB4B296496AE004117A2 /* (null) in Sources */,
				5227EB4A29649691004117A2 /* (null) in Sources */,
				5227EB5B2964AC62004117A2 /* MarvelHeroesViewModelTests.swift in Sources */,
				5227EB512964976D004117A2 /* MarvelCharacterListTests.swift in Sources */,
				5227EB47296490A7004117A2 /* MarvelCharacterTests.swift in Sources */,
			);
			runOnlyForDeploymentPostprocessing = 0;
		};
/* End PBXSourcesBuildPhase section */

/* Begin PBXTargetDependency section */
		A1FB89002A00955D00E0C032 /* PBXTargetDependency */ = {
			isa = PBXTargetDependency;
			target = 3DFCFB501E5DA85B00D4A874 /* CustomContacts */;
			targetProxy = A1FB88FF2A00955D00E0C032 /* PBXContainerItemProxy */;
		};
		F4CD703B2000044F0013EE7B /* PBXTargetDependency */ = {
			isa = PBXTargetDependency;
			target = 3DFCFB501E5DA85B00D4A874 /* CustomContacts */;
			targetProxy = F4CD703A2000044F0013EE7B /* PBXContainerItemProxy */;
		};
/* End PBXTargetDependency section */

/* Begin PBXVariantGroup section */
		DF3B36B821ECAEFF0033C858 /* Localizable.strings */ = {
			isa = PBXVariantGroup;
			children = (
				DF3B36B921ECAEFF0033C858 /* en */,
			);
			name = Localizable.strings;
			sourceTree = "<group>";
		};
		DF3B36BA21ECAEFF0033C858 /* Localizable.stringsdict */ = {
			isa = PBXVariantGroup;
			children = (
				DF3B36BB21ECAEFF0033C858 /* en */,
			);
			name = Localizable.stringsdict;
			sourceTree = "<group>";
		};
/* End PBXVariantGroup section */

/* Begin XCBuildConfiguration section */
		3DFCFB611E5DA85B00D4A874 /* Debug */ = {
			isa = XCBuildConfiguration;
			buildSettings = {
				ALWAYS_SEARCH_USER_PATHS = NO;
				CLANG_ANALYZER_NONNULL = YES;
				CLANG_CXX_LANGUAGE_STANDARD = "gnu++0x";
				CLANG_CXX_LIBRARY = "libc++";
				CLANG_ENABLE_MODULES = YES;
				CLANG_ENABLE_OBJC_ARC = YES;
				CLANG_WARN_ASSIGN_ENUM = YES;
				CLANG_WARN_BLOCK_CAPTURE_AUTORELEASING = YES;
				CLANG_WARN_BOOL_CONVERSION = YES;
				CLANG_WARN_COMMA = YES;
				CLANG_WARN_CONSTANT_CONVERSION = YES;
				CLANG_WARN_CXX0X_EXTENSIONS = YES;
				CLANG_WARN_DEPRECATED_OBJC_IMPLEMENTATIONS = YES;
				CLANG_WARN_DIRECT_OBJC_ISA_USAGE = YES_ERROR;
				CLANG_WARN_DOCUMENTATION_COMMENTS = YES;
				CLANG_WARN_EMPTY_BODY = YES;
				CLANG_WARN_ENUM_CONVERSION = YES;
				CLANG_WARN_INFINITE_RECURSION = YES;
				CLANG_WARN_INT_CONVERSION = YES;
				CLANG_WARN_NON_LITERAL_NULL_CONVERSION = YES;
				CLANG_WARN_OBJC_IMPLICIT_RETAIN_SELF = YES;
				CLANG_WARN_OBJC_LITERAL_CONVERSION = YES;
				CLANG_WARN_OBJC_ROOT_CLASS = YES_ERROR;
				CLANG_WARN_QUOTED_INCLUDE_IN_FRAMEWORK_HEADER = YES;
				CLANG_WARN_RANGE_LOOP_ANALYSIS = YES;
				CLANG_WARN_STRICT_PROTOTYPES = YES;
				CLANG_WARN_SUSPICIOUS_MOVE = YES;
				CLANG_WARN_UNREACHABLE_CODE = YES;
				CLANG_WARN__DUPLICATE_METHOD_MATCH = YES;
				CODE_SIGN_IDENTITY = "iPhone Developer";
				COLORED_CONSOLE_SETTINGS = "stephane:true";
				COPY_PHASE_STRIP = NO;
				DEBUG_INFORMATION_FORMAT = "dwarf-with-dsym";
				DEBUG_OS_ACTIVITY_MODE = disable;
				DEVELOPMENT_TEAM = 2GVJ6JS822;
				ENABLE_KEYCHAIN_SHARING = 1;
				ENABLE_STRICT_OBJC_MSGSEND = YES;
				ENABLE_TESTABILITY = YES;
				FRAMEWORK_SEARCH_PATHS = (
					"${inherited}",
					"${WORKSPACE_FRAMEWORK_BUILT_PRODUCTS_DIR}",
				);
				GCC_C_LANGUAGE_STANDARD = gnu99;
				GCC_DYNAMIC_NO_PIC = NO;
				GCC_NO_COMMON_BLOCKS = YES;
				GCC_OPTIMIZATION_LEVEL = 0;
				GCC_PREPROCESSOR_DEFINITIONS = (
					"DEBUG=1",
					"$(inherited)",
				);
				GCC_TREAT_WARNINGS_AS_ERRORS = YES;
				GCC_WARN_64_TO_32_BIT_CONVERSION = YES;
				GCC_WARN_ABOUT_MISSING_FIELD_INITIALIZERS = YES;
				GCC_WARN_ABOUT_MISSING_NEWLINE = YES;
				GCC_WARN_ABOUT_RETURN_TYPE = YES_ERROR;
				GCC_WARN_NON_VIRTUAL_DESTRUCTOR = YES;
				GCC_WARN_UNDECLARED_SELECTOR = YES;
				GCC_WARN_UNINITIALIZED_AUTOS = YES_AGGRESSIVE;
				GCC_WARN_UNKNOWN_PRAGMAS = YES;
				GCC_WARN_UNUSED_FUNCTION = YES;
				GCC_WARN_UNUSED_LABEL = YES;
				GCC_WARN_UNUSED_VARIABLE = YES;
				GENERATE_INFOPLIST_FILE = YES;
				IPHONEOS_DEPLOYMENT_TARGET = 14.0;
				MTL_ENABLE_DEBUG_INFO = YES;
				ONLY_ACTIVE_ARCH = YES;
				OTHER_SWIFT_FLAGS = "-D DEBUG";
				SDKROOT = iphoneos;
				SWIFT_ACTIVE_COMPILATION_CONDITIONS = DEBUG;
				SWIFT_OPTIMIZATION_LEVEL = "-Onone";
				SWIFT_TREAT_WARNINGS_AS_ERRORS = YES;
				SWIFT_VERSION = 5.0;
				WORKSPACE_FRAMEWORK_BUILT_PRODUCTS_DIR = "${BUILT_PRODUCTS_DIR}";
			};
			name = Debug;
		};
		3DFCFB621E5DA85B00D4A874 /* Release */ = {
			isa = XCBuildConfiguration;
			buildSettings = {
				ALWAYS_SEARCH_USER_PATHS = NO;
				CLANG_ANALYZER_NONNULL = YES;
				CLANG_CXX_LANGUAGE_STANDARD = "gnu++0x";
				CLANG_CXX_LIBRARY = "libc++";
				CLANG_ENABLE_MODULES = YES;
				CLANG_ENABLE_OBJC_ARC = YES;
				CLANG_WARN_ASSIGN_ENUM = YES;
				CLANG_WARN_BLOCK_CAPTURE_AUTORELEASING = YES;
				CLANG_WARN_BOOL_CONVERSION = YES;
				CLANG_WARN_COMMA = YES;
				CLANG_WARN_CONSTANT_CONVERSION = YES;
				CLANG_WARN_CXX0X_EXTENSIONS = YES;
				CLANG_WARN_DEPRECATED_OBJC_IMPLEMENTATIONS = YES;
				CLANG_WARN_DIRECT_OBJC_ISA_USAGE = YES_ERROR;
				CLANG_WARN_DOCUMENTATION_COMMENTS = YES;
				CLANG_WARN_EMPTY_BODY = YES;
				CLANG_WARN_ENUM_CONVERSION = YES;
				CLANG_WARN_INFINITE_RECURSION = YES;
				CLANG_WARN_INT_CONVERSION = YES;
				CLANG_WARN_NON_LITERAL_NULL_CONVERSION = YES;
				CLANG_WARN_OBJC_IMPLICIT_RETAIN_SELF = YES;
				CLANG_WARN_OBJC_LITERAL_CONVERSION = YES;
				CLANG_WARN_OBJC_ROOT_CLASS = YES_ERROR;
				CLANG_WARN_QUOTED_INCLUDE_IN_FRAMEWORK_HEADER = YES;
				CLANG_WARN_RANGE_LOOP_ANALYSIS = YES;
				CLANG_WARN_STRICT_PROTOTYPES = YES;
				CLANG_WARN_SUSPICIOUS_MOVE = YES;
				CLANG_WARN_UNREACHABLE_CODE = YES;
				CLANG_WARN__DUPLICATE_METHOD_MATCH = YES;
				CODE_SIGN_IDENTITY = "iPhone Distribution";
				COLORED_CONSOLE_SETTINGS = "stephane:true";
				COPY_PHASE_STRIP = NO;
				DEBUG_INFORMATION_FORMAT = "dwarf-with-dsym";
				DEBUG_OS_ACTIVITY_MODE = enable;
				DEVELOPMENT_TEAM = 2GVJ6JS822;
				ENABLE_KEYCHAIN_SHARING = 1;
				ENABLE_NS_ASSERTIONS = NO;
				ENABLE_STRICT_OBJC_MSGSEND = YES;
				FRAMEWORK_SEARCH_PATHS = (
					"${inherited}",
					"${WORKSPACE_FRAMEWORK_BUILT_PRODUCTS_DIR}",
				);
				GCC_C_LANGUAGE_STANDARD = gnu99;
				GCC_NO_COMMON_BLOCKS = YES;
				GCC_PREPROCESSOR_DEFINITIONS = "RELEASE=1";
				GCC_TREAT_WARNINGS_AS_ERRORS = YES;
				GCC_WARN_64_TO_32_BIT_CONVERSION = YES;
				GCC_WARN_ABOUT_MISSING_FIELD_INITIALIZERS = YES;
				GCC_WARN_ABOUT_MISSING_NEWLINE = YES;
				GCC_WARN_ABOUT_RETURN_TYPE = YES_ERROR;
				GCC_WARN_NON_VIRTUAL_DESTRUCTOR = YES;
				GCC_WARN_UNDECLARED_SELECTOR = YES;
				GCC_WARN_UNINITIALIZED_AUTOS = YES_AGGRESSIVE;
				GCC_WARN_UNKNOWN_PRAGMAS = YES;
				GCC_WARN_UNUSED_FUNCTION = YES;
				GCC_WARN_UNUSED_LABEL = YES;
				GCC_WARN_UNUSED_VARIABLE = YES;
				GENERATE_INFOPLIST_FILE = YES;
				IPHONEOS_DEPLOYMENT_TARGET = 14.0;
				MTL_ENABLE_DEBUG_INFO = NO;
				OTHER_SWIFT_FLAGS = "-D RELEASE";
				SDKROOT = iphoneos;
				SWIFT_ACTIVE_COMPILATION_CONDITIONS = RELEASE;
				SWIFT_COMPILATION_MODE = wholemodule;
				SWIFT_OPTIMIZATION_LEVEL = "-O";
				SWIFT_TREAT_WARNINGS_AS_ERRORS = YES;
				SWIFT_VERSION = 5.0;
				VALIDATE_PRODUCT = YES;
				WORKSPACE_FRAMEWORK_BUILT_PRODUCTS_DIR = "${BUILT_PRODUCTS_DIR}";
			};
			name = Release;
		};
		3DFCFB641E5DA85B00D4A874 /* Debug */ = {
			isa = XCBuildConfiguration;
			buildSettings = {
				ASSETCATALOG_COMPILER_APPICON_NAME = "AppIcon-Alpha";
				CLANG_ENABLE_MODULES = YES;
				CODE_SIGN_ENTITLEMENTS = "CustomContacts/Resources/CustomContacts-Dev.entitlements";
				CODE_SIGN_IDENTITY = "Apple Development";
				"CODE_SIGN_IDENTITY[sdk=iphoneos*]" = "iPhone Developer";
				CODE_SIGN_STYLE = Manual;
				CURRENT_PROJECT_VERSION = "100-Debug";
				DEVELOPMENT_TEAM = "";
				"DEVELOPMENT_TEAM[sdk=iphoneos*]" = 2GVJ6JS822;
				ENABLE_TESTABILITY = YES;
				ENABLE_TESTING_SEARCH_PATHS = YES;
				INFOPLIST_FILE = "$(SRCROOT)/CustomContacts/Resources/Info.plist";
				INFOPLIST_KEY_CFBundleDisplayName = CustomContacts;
				INFOPLIST_KEY_UILaunchStoryboardName = LaunchScreen;
				INFOPLIST_KEY_UIRequiredDeviceCapabilities = armv7;
				INFOPLIST_KEY_UISupportedInterfaceOrientations = "UIInterfaceOrientationPortrait UIInterfaceOrientationPortraitUpsideDown UIInterfaceOrientationLandscapeLeft UIInterfaceOrientationLandscapeRight";
				LD_RUNPATH_SEARCH_PATHS = (
					"$(inherited)",
					"@executable_path/Frameworks",
				);
				MARKETING_VERSION = 0.0;
				OTHER_LDFLAGS = (
					"$(inherited)",
					"-fprofile-instr-generate",
				);
				PRODUCT_BUNDLE_IDENTIFIER = com.robertdeans.CustomContacts.dev;
				PRODUCT_NAME = "$(TARGET_NAME)";
				PROVISIONING_PROFILE_SPECIFIER = "";
				"PROVISIONING_PROFILE_SPECIFIER[sdk=iphoneos*]" = "Fueled Template Development Profile";
				RELEASE_TYPE = alpha_debug;
				SWIFT_OPTIMIZATION_LEVEL = "-Onone";
				TARGETED_DEVICE_FAMILY = "1,2";
			};
			name = Debug;
		};
		3DFCFB651E5DA85B00D4A874 /* Release */ = {
			isa = XCBuildConfiguration;
			buildSettings = {
				ASSETCATALOG_COMPILER_APPICON_NAME = "AppIcon-Alpha";
				CLANG_ENABLE_MODULES = YES;
				CODE_SIGN_ENTITLEMENTS = "CustomContacts/Resources/CustomContacts-Dev.entitlements";
				CODE_SIGN_IDENTITY = "Apple Development";
				"CODE_SIGN_IDENTITY[sdk=iphoneos*]" = "iPhone Distribution";
				CODE_SIGN_STYLE = Manual;
				CURRENT_PROJECT_VERSION = "100-Debug";
				DEVELOPMENT_TEAM = "";
				"DEVELOPMENT_TEAM[sdk=iphoneos*]" = 2GVJ6JS822;
				ENABLE_TESTABILITY = YES;
				ENABLE_TESTING_SEARCH_PATHS = YES;
				INFOPLIST_FILE = "$(SRCROOT)/CustomContacts/Resources/Info.plist";
				INFOPLIST_KEY_CFBundleDisplayName = CustomContacts;
				INFOPLIST_KEY_UILaunchStoryboardName = LaunchScreen;
				INFOPLIST_KEY_UIRequiredDeviceCapabilities = armv7;
				INFOPLIST_KEY_UISupportedInterfaceOrientations = "UIInterfaceOrientationPortrait UIInterfaceOrientationPortraitUpsideDown UIInterfaceOrientationLandscapeLeft UIInterfaceOrientationLandscapeRight";
				LD_RUNPATH_SEARCH_PATHS = (
					"$(inherited)",
					"@executable_path/Frameworks",
				);
				MARKETING_VERSION = 0.0;
				OTHER_LDFLAGS = (
					"$(inherited)",
					"-fprofile-instr-generate",
				);
				PRODUCT_BUNDLE_IDENTIFIER = com.robertdeans.CustomContacts.release;
				PRODUCT_NAME = "$(TARGET_NAME)";
				PROVISIONING_PROFILE_SPECIFIER = "";
				"PROVISIONING_PROFILE_SPECIFIER[sdk=iphoneos*]" = "Fueled Template In House Distribution Profile";
				RELEASE_TYPE = alpha_release;
				TARGETED_DEVICE_FAMILY = "1,2";
			};
			name = Release;
		};
		A1FB89022A00955D00E0C032 /* Debug */ = {
			isa = XCBuildConfiguration;
			buildSettings = {
				CLANG_ANALYZER_NUMBER_OBJECT_CONVERSION = YES_AGGRESSIVE;
				CLANG_CXX_LANGUAGE_STANDARD = "gnu++20";
				CLANG_ENABLE_OBJC_WEAK = YES;
				CLANG_WARN_UNGUARDED_AVAILABILITY = YES_AGGRESSIVE;
				CODE_SIGN_STYLE = Automatic;
				CURRENT_PROJECT_VERSION = 1;
				DEBUG_INFORMATION_FORMAT = dwarf;
				DEVELOPMENT_TEAM = 2GVJ6JS822;
				GCC_C_LANGUAGE_STANDARD = gnu11;
				GENERATE_INFOPLIST_FILE = YES;
				IPHONEOS_DEPLOYMENT_TARGET = 16.4;
				MARKETING_VERSION = 1.0;
				MTL_ENABLE_DEBUG_INFO = INCLUDE_SOURCE;
				MTL_FAST_MATH = YES;
				PRODUCT_BUNDLE_IDENTIFIER = com.fueled.CustomContactsUITests;
				PRODUCT_NAME = "$(TARGET_NAME)";
				SWIFT_EMIT_LOC_STRINGS = NO;
				SWIFT_VERSION = 5.0;
				TARGETED_DEVICE_FAMILY = "1,2";
				TEST_TARGET_NAME = CustomContacts;
			};
			name = Debug;
		};
		A1FB89032A00955D00E0C032 /* Release */ = {
			isa = XCBuildConfiguration;
			buildSettings = {
				CLANG_ANALYZER_NUMBER_OBJECT_CONVERSION = YES_AGGRESSIVE;
				CLANG_CXX_LANGUAGE_STANDARD = "gnu++20";
				CLANG_ENABLE_OBJC_WEAK = YES;
				CLANG_WARN_UNGUARDED_AVAILABILITY = YES_AGGRESSIVE;
				CODE_SIGN_STYLE = Automatic;
				CURRENT_PROJECT_VERSION = 1;
				DEVELOPMENT_TEAM = 2GVJ6JS822;
				GCC_C_LANGUAGE_STANDARD = gnu11;
				GENERATE_INFOPLIST_FILE = YES;
				IPHONEOS_DEPLOYMENT_TARGET = 16.4;
				MARKETING_VERSION = 1.0;
				MTL_FAST_MATH = YES;
				PRODUCT_BUNDLE_IDENTIFIER = com.fueled.CustomContactsUITests;
				PRODUCT_NAME = "$(TARGET_NAME)";
				SWIFT_EMIT_LOC_STRINGS = NO;
				SWIFT_VERSION = 5.0;
				TARGETED_DEVICE_FAMILY = "1,2";
				TEST_TARGET_NAME = CustomContacts;
			};
			name = Release;
		};
		A1FB89042A00955D00E0C032 /* Snapshot */ = {
			isa = XCBuildConfiguration;
			buildSettings = {
				CLANG_ANALYZER_NUMBER_OBJECT_CONVERSION = YES_AGGRESSIVE;
				CLANG_CXX_LANGUAGE_STANDARD = "gnu++20";
				CLANG_ENABLE_OBJC_WEAK = YES;
				CLANG_WARN_UNGUARDED_AVAILABILITY = YES_AGGRESSIVE;
				CODE_SIGN_STYLE = Automatic;
				CURRENT_PROJECT_VERSION = 1;
				DEVELOPMENT_TEAM = 2GVJ6JS822;
				GCC_C_LANGUAGE_STANDARD = gnu11;
				GENERATE_INFOPLIST_FILE = YES;
				IPHONEOS_DEPLOYMENT_TARGET = 16.4;
				MARKETING_VERSION = 1.0;
				MTL_FAST_MATH = YES;
				PRODUCT_BUNDLE_IDENTIFIER = com.fueled.CustomContactsUITests;
				PRODUCT_NAME = "$(TARGET_NAME)";
				SWIFT_EMIT_LOC_STRINGS = NO;
				SWIFT_VERSION = 5.0;
				TARGETED_DEVICE_FAMILY = "1,2";
				TEST_TARGET_NAME = CustomContacts;
			};
			name = Snapshot;
		};
		A1FB89052A00955D00E0C032 /* Production */ = {
			isa = XCBuildConfiguration;
			buildSettings = {
				CLANG_ANALYZER_NUMBER_OBJECT_CONVERSION = YES_AGGRESSIVE;
				CLANG_CXX_LANGUAGE_STANDARD = "gnu++20";
				CLANG_ENABLE_OBJC_WEAK = YES;
				CLANG_WARN_UNGUARDED_AVAILABILITY = YES_AGGRESSIVE;
				CODE_SIGN_STYLE = Automatic;
				CURRENT_PROJECT_VERSION = 1;
				DEVELOPMENT_TEAM = 2GVJ6JS822;
				GCC_C_LANGUAGE_STANDARD = gnu11;
				GENERATE_INFOPLIST_FILE = YES;
				IPHONEOS_DEPLOYMENT_TARGET = 16.4;
				MARKETING_VERSION = 1.0;
				MTL_FAST_MATH = YES;
				PRODUCT_BUNDLE_IDENTIFIER = com.fueled.CustomContactsUITests;
				PRODUCT_NAME = "$(TARGET_NAME)";
				SWIFT_EMIT_LOC_STRINGS = NO;
				SWIFT_VERSION = 5.0;
				TARGETED_DEVICE_FAMILY = "1,2";
				TEST_TARGET_NAME = CustomContacts;
			};
			name = Production;
		};
		F4CD703D2000044F0013EE7B /* Debug */ = {
			isa = XCBuildConfiguration;
			buildSettings = {
				BUNDLE_LOADER = "$(TEST_HOST)";
				CLANG_ANALYZER_NUMBER_OBJECT_CONVERSION = YES_AGGRESSIVE;
				CLANG_CXX_LANGUAGE_STANDARD = "gnu++14";
				CLANG_WARN_UNGUARDED_AVAILABILITY = YES_AGGRESSIVE;
				DEVELOPMENT_TEAM = 2GVJ6JS822;
				GCC_C_LANGUAGE_STANDARD = gnu11;
				INFOPLIST_FILE = CustomContacts/Tests/Info.plist;
				LD_RUNPATH_SEARCH_PATHS = (
					"$(inherited)",
					"@executable_path/Frameworks",
					"@loader_path/Frameworks",
				);
				PRODUCT_BUNDLE_IDENTIFIER = "com.fueled.${PRODUCT_NAME:rfc1034identifier}";
				PRODUCT_NAME = "$(TARGET_NAME)";
				TARGETED_DEVICE_FAMILY = "1,2";
				TEST_HOST = "$(BUILT_PRODUCTS_DIR)/CustomContacts.app/CustomContacts";
			};
			name = Debug;
		};
		F4CD703E2000044F0013EE7B /* Release */ = {
			isa = XCBuildConfiguration;
			buildSettings = {
				BUNDLE_LOADER = "$(TEST_HOST)";
				CLANG_ANALYZER_NUMBER_OBJECT_CONVERSION = YES_AGGRESSIVE;
				CLANG_CXX_LANGUAGE_STANDARD = "gnu++14";
				CLANG_WARN_UNGUARDED_AVAILABILITY = YES_AGGRESSIVE;
				DEVELOPMENT_TEAM = 2GVJ6JS822;
				GCC_C_LANGUAGE_STANDARD = gnu11;
				INFOPLIST_FILE = CustomContacts/Tests/Info.plist;
				LD_RUNPATH_SEARCH_PATHS = (
					"$(inherited)",
					"@executable_path/Frameworks",
					"@loader_path/Frameworks",
				);
				PRODUCT_BUNDLE_IDENTIFIER = "com.fueled.${PRODUCT_NAME:rfc1034identifier}";
				PRODUCT_NAME = "$(TARGET_NAME)";
				TARGETED_DEVICE_FAMILY = "1,2";
				TEST_HOST = "$(BUILT_PRODUCTS_DIR)/CustomContacts.app/CustomContacts";
			};
			name = Release;
		};
		F4CD705C200024C30013EE7B /* Snapshot */ = {
			isa = XCBuildConfiguration;
			buildSettings = {
				ALWAYS_SEARCH_USER_PATHS = NO;
				CLANG_ANALYZER_NONNULL = YES;
				CLANG_CXX_LANGUAGE_STANDARD = "gnu++0x";
				CLANG_CXX_LIBRARY = "libc++";
				CLANG_ENABLE_MODULES = YES;
				CLANG_ENABLE_OBJC_ARC = YES;
				CLANG_WARN_ASSIGN_ENUM = YES;
				CLANG_WARN_BLOCK_CAPTURE_AUTORELEASING = YES;
				CLANG_WARN_BOOL_CONVERSION = YES;
				CLANG_WARN_COMMA = YES;
				CLANG_WARN_CONSTANT_CONVERSION = YES;
				CLANG_WARN_CXX0X_EXTENSIONS = YES;
				CLANG_WARN_DEPRECATED_OBJC_IMPLEMENTATIONS = YES;
				CLANG_WARN_DIRECT_OBJC_ISA_USAGE = YES_ERROR;
				CLANG_WARN_DOCUMENTATION_COMMENTS = YES;
				CLANG_WARN_EMPTY_BODY = YES;
				CLANG_WARN_ENUM_CONVERSION = YES;
				CLANG_WARN_INFINITE_RECURSION = YES;
				CLANG_WARN_INT_CONVERSION = YES;
				CLANG_WARN_NON_LITERAL_NULL_CONVERSION = YES;
				CLANG_WARN_OBJC_IMPLICIT_RETAIN_SELF = YES;
				CLANG_WARN_OBJC_LITERAL_CONVERSION = YES;
				CLANG_WARN_OBJC_ROOT_CLASS = YES_ERROR;
				CLANG_WARN_QUOTED_INCLUDE_IN_FRAMEWORK_HEADER = YES;
				CLANG_WARN_RANGE_LOOP_ANALYSIS = YES;
				CLANG_WARN_STRICT_PROTOTYPES = YES;
				CLANG_WARN_SUSPICIOUS_MOVE = YES;
				CLANG_WARN_UNREACHABLE_CODE = YES;
				CLANG_WARN__DUPLICATE_METHOD_MATCH = YES;
				CODE_SIGN_IDENTITY = "iPhone Distribution";
				COLORED_CONSOLE_SETTINGS = "stephane:true";
				COPY_PHASE_STRIP = NO;
				DEBUG_INFORMATION_FORMAT = "dwarf-with-dsym";
				DEBUG_OS_ACTIVITY_MODE = enable;
				DEVELOPMENT_TEAM = 2GVJ6JS822;
				ENABLE_KEYCHAIN_SHARING = 1;
				ENABLE_NS_ASSERTIONS = NO;
				ENABLE_STRICT_OBJC_MSGSEND = YES;
				FRAMEWORK_SEARCH_PATHS = (
					"${inherited}",
					"${WORKSPACE_FRAMEWORK_BUILT_PRODUCTS_DIR}",
				);
				GCC_C_LANGUAGE_STANDARD = gnu99;
				GCC_NO_COMMON_BLOCKS = YES;
				GCC_PREPROCESSOR_DEFINITIONS = "SNAPSHOT=1";
				GCC_TREAT_WARNINGS_AS_ERRORS = YES;
				GCC_WARN_64_TO_32_BIT_CONVERSION = YES;
				GCC_WARN_ABOUT_MISSING_FIELD_INITIALIZERS = YES;
				GCC_WARN_ABOUT_MISSING_NEWLINE = YES;
				GCC_WARN_ABOUT_RETURN_TYPE = YES_ERROR;
				GCC_WARN_NON_VIRTUAL_DESTRUCTOR = YES;
				GCC_WARN_UNDECLARED_SELECTOR = YES;
				GCC_WARN_UNINITIALIZED_AUTOS = YES_AGGRESSIVE;
				GCC_WARN_UNKNOWN_PRAGMAS = YES;
				GCC_WARN_UNUSED_FUNCTION = YES;
				GCC_WARN_UNUSED_LABEL = YES;
				GCC_WARN_UNUSED_VARIABLE = YES;
				GENERATE_INFOPLIST_FILE = YES;
				IPHONEOS_DEPLOYMENT_TARGET = 14.0;
				MTL_ENABLE_DEBUG_INFO = NO;
				OTHER_SWIFT_FLAGS = "-D SNAPSHOT";
				SDKROOT = iphoneos;
				SWIFT_ACTIVE_COMPILATION_CONDITIONS = SNAPSHOT;
				SWIFT_COMPILATION_MODE = wholemodule;
				SWIFT_OPTIMIZATION_LEVEL = "-O";
				SWIFT_TREAT_WARNINGS_AS_ERRORS = YES;
				SWIFT_VERSION = 5.0;
				VALIDATE_PRODUCT = YES;
				WORKSPACE_FRAMEWORK_BUILT_PRODUCTS_DIR = "${BUILD_DIR}/Release${EFFECTIVE_PLATFORM_NAME}";
			};
			name = Snapshot;
		};
		F4CD705D200024C30013EE7B /* Snapshot */ = {
			isa = XCBuildConfiguration;
			buildSettings = {
				ASSETCATALOG_COMPILER_APPICON_NAME = "AppIcon-Alpha";
				CLANG_ENABLE_MODULES = YES;
				CODE_SIGN_ENTITLEMENTS = "CustomContacts/Resources/CustomContacts-Dev.entitlements";
				CODE_SIGN_IDENTITY = "Apple Development";
				"CODE_SIGN_IDENTITY[sdk=iphoneos*]" = "iPhone Distribution";
				CODE_SIGN_STYLE = Manual;
				CURRENT_PROJECT_VERSION = "100-Debug";
				DEVELOPMENT_TEAM = "";
				"DEVELOPMENT_TEAM[sdk=iphoneos*]" = 2GVJ6JS822;
				ENABLE_TESTABILITY = YES;
				ENABLE_TESTING_SEARCH_PATHS = YES;
				INFOPLIST_FILE = "$(SRCROOT)/CustomContacts/Resources/Info.plist";
				INFOPLIST_KEY_CFBundleDisplayName = CustomContacts;
				INFOPLIST_KEY_UILaunchStoryboardName = LaunchScreen;
				INFOPLIST_KEY_UIRequiredDeviceCapabilities = armv7;
				INFOPLIST_KEY_UISupportedInterfaceOrientations = "UIInterfaceOrientationPortrait UIInterfaceOrientationPortraitUpsideDown UIInterfaceOrientationLandscapeLeft UIInterfaceOrientationLandscapeRight";
				LD_RUNPATH_SEARCH_PATHS = (
					"$(inherited)",
					"@executable_path/Frameworks",
				);
				MARKETING_VERSION = 0.0;
				OTHER_LDFLAGS = (
					"$(inherited)",
					"-fprofile-instr-generate",
				);
				PRODUCT_BUNDLE_IDENTIFIER = com.robertdeans.CustomContacts.snapshot;
				PRODUCT_NAME = "$(TARGET_NAME)";
				PROVISIONING_PROFILE_SPECIFIER = "";
				"PROVISIONING_PROFILE_SPECIFIER[sdk=iphoneos*]" = "Fueled Template In House Distribution Profile";
				RELEASE_TYPE = alpha_snapshot;
				TARGETED_DEVICE_FAMILY = "1,2";
			};
			name = Snapshot;
		};
		F4CD705E200024C30013EE7B /* Snapshot */ = {
			isa = XCBuildConfiguration;
			buildSettings = {
				BUNDLE_LOADER = "$(TEST_HOST)";
				CLANG_ANALYZER_NUMBER_OBJECT_CONVERSION = YES_AGGRESSIVE;
				CLANG_CXX_LANGUAGE_STANDARD = "gnu++14";
				CLANG_WARN_UNGUARDED_AVAILABILITY = YES_AGGRESSIVE;
				DEVELOPMENT_TEAM = 2GVJ6JS822;
				GCC_C_LANGUAGE_STANDARD = gnu11;
				INFOPLIST_FILE = CustomContacts/Tests/Info.plist;
				LD_RUNPATH_SEARCH_PATHS = (
					"$(inherited)",
					"@executable_path/Frameworks",
					"@loader_path/Frameworks",
				);
				PRODUCT_BUNDLE_IDENTIFIER = "com.fueled.${PRODUCT_NAME:rfc1034identifier}";
				PRODUCT_NAME = "$(TARGET_NAME)";
				TARGETED_DEVICE_FAMILY = "1,2";
				TEST_HOST = "$(BUILT_PRODUCTS_DIR)/CustomContacts.app/CustomContacts";
			};
			name = Snapshot;
		};
		F4CD705F200024C70013EE7B /* Production */ = {
			isa = XCBuildConfiguration;
			buildSettings = {
				ALWAYS_SEARCH_USER_PATHS = NO;
				CLANG_ANALYZER_NONNULL = YES;
				CLANG_CXX_LANGUAGE_STANDARD = "gnu++0x";
				CLANG_CXX_LIBRARY = "libc++";
				CLANG_ENABLE_MODULES = YES;
				CLANG_ENABLE_OBJC_ARC = YES;
				CLANG_WARN_ASSIGN_ENUM = YES;
				CLANG_WARN_BLOCK_CAPTURE_AUTORELEASING = YES;
				CLANG_WARN_BOOL_CONVERSION = YES;
				CLANG_WARN_COMMA = YES;
				CLANG_WARN_CONSTANT_CONVERSION = YES;
				CLANG_WARN_CXX0X_EXTENSIONS = YES;
				CLANG_WARN_DEPRECATED_OBJC_IMPLEMENTATIONS = YES;
				CLANG_WARN_DIRECT_OBJC_ISA_USAGE = YES_ERROR;
				CLANG_WARN_DOCUMENTATION_COMMENTS = YES;
				CLANG_WARN_EMPTY_BODY = YES;
				CLANG_WARN_ENUM_CONVERSION = YES;
				CLANG_WARN_INFINITE_RECURSION = YES;
				CLANG_WARN_INT_CONVERSION = YES;
				CLANG_WARN_NON_LITERAL_NULL_CONVERSION = YES;
				CLANG_WARN_OBJC_IMPLICIT_RETAIN_SELF = YES;
				CLANG_WARN_OBJC_LITERAL_CONVERSION = YES;
				CLANG_WARN_OBJC_ROOT_CLASS = YES_ERROR;
				CLANG_WARN_QUOTED_INCLUDE_IN_FRAMEWORK_HEADER = YES;
				CLANG_WARN_RANGE_LOOP_ANALYSIS = YES;
				CLANG_WARN_STRICT_PROTOTYPES = YES;
				CLANG_WARN_SUSPICIOUS_MOVE = YES;
				CLANG_WARN_UNREACHABLE_CODE = YES;
				CLANG_WARN__DUPLICATE_METHOD_MATCH = YES;
				CODE_SIGN_IDENTITY = "iPhone Distribution";
				COLORED_CONSOLE_SETTINGS = "stephane:true";
				COPY_PHASE_STRIP = NO;
				DEBUG_INFORMATION_FORMAT = "dwarf-with-dsym";
				DEBUG_OS_ACTIVITY_MODE = enable;
				ENABLE_KEYCHAIN_SHARING = 1;
				ENABLE_NS_ASSERTIONS = NO;
				ENABLE_STRICT_OBJC_MSGSEND = YES;
				FRAMEWORK_SEARCH_PATHS = (
					"${inherited}",
					"${WORKSPACE_FRAMEWORK_BUILT_PRODUCTS_DIR}",
				);
				GCC_C_LANGUAGE_STANDARD = gnu99;
				GCC_NO_COMMON_BLOCKS = YES;
				GCC_PREPROCESSOR_DEFINITIONS = "PRODUCTION=1";
				GCC_TREAT_WARNINGS_AS_ERRORS = YES;
				GCC_WARN_64_TO_32_BIT_CONVERSION = YES;
				GCC_WARN_ABOUT_MISSING_FIELD_INITIALIZERS = YES;
				GCC_WARN_ABOUT_MISSING_NEWLINE = YES;
				GCC_WARN_ABOUT_RETURN_TYPE = YES_ERROR;
				GCC_WARN_NON_VIRTUAL_DESTRUCTOR = YES;
				GCC_WARN_UNDECLARED_SELECTOR = YES;
				GCC_WARN_UNINITIALIZED_AUTOS = YES_AGGRESSIVE;
				GCC_WARN_UNKNOWN_PRAGMAS = YES;
				GCC_WARN_UNUSED_FUNCTION = YES;
				GCC_WARN_UNUSED_LABEL = YES;
				GCC_WARN_UNUSED_VARIABLE = YES;
				GENERATE_INFOPLIST_FILE = YES;
				IPHONEOS_DEPLOYMENT_TARGET = 14.0;
				MTL_ENABLE_DEBUG_INFO = NO;
				OTHER_SWIFT_FLAGS = "-D PRODUCTION";
				SDKROOT = iphoneos;
				SWIFT_ACTIVE_COMPILATION_CONDITIONS = PRODUCTION;
				SWIFT_COMPILATION_MODE = wholemodule;
				SWIFT_OPTIMIZATION_LEVEL = "-O";
				SWIFT_TREAT_WARNINGS_AS_ERRORS = YES;
				SWIFT_VERSION = 5.0;
				VALIDATE_PRODUCT = YES;
				WORKSPACE_FRAMEWORK_BUILT_PRODUCTS_DIR = "${BUILD_DIR}/Release${EFFECTIVE_PLATFORM_NAME}";
			};
			name = Production;
		};
		F4CD7060200024C70013EE7B /* Production */ = {
			isa = XCBuildConfiguration;
			buildSettings = {
				ASSETCATALOG_COMPILER_APPICON_NAME = AppIcon;
				CLANG_ENABLE_MODULES = YES;
				CODE_SIGN_ENTITLEMENTS = "CustomContacts/Resources/CustomContacts-Prod.entitlements";
				CODE_SIGN_IDENTITY = "Apple Development";
				"CODE_SIGN_IDENTITY[sdk=iphoneos*]" = "iPhone Developer";
				CODE_SIGN_STYLE = Manual;
				CURRENT_PROJECT_VERSION = "100-Debug";
				DEVELOPMENT_TEAM = "";
				"DEVELOPMENT_TEAM[sdk=iphoneos*]" = 2GVJ6JS822;
				ENABLE_TESTABILITY = YES;
				ENABLE_TESTING_SEARCH_PATHS = YES;
				INFOPLIST_FILE = "$(SRCROOT)/CustomContacts/Resources/Info.plist";
				INFOPLIST_KEY_CFBundleDisplayName = CustomContacts;
				INFOPLIST_KEY_UILaunchStoryboardName = LaunchScreen;
				INFOPLIST_KEY_UIRequiredDeviceCapabilities = armv7;
				INFOPLIST_KEY_UISupportedInterfaceOrientations = "UIInterfaceOrientationPortrait UIInterfaceOrientationPortraitUpsideDown UIInterfaceOrientationLandscapeLeft UIInterfaceOrientationLandscapeRight";
				LD_RUNPATH_SEARCH_PATHS = (
					"$(inherited)",
					"@executable_path/Frameworks",
				);
				MARKETING_VERSION = 0.0;
				OTHER_LDFLAGS = (
					"$(inherited)",
					"-fprofile-instr-generate",
				);
				PRODUCT_BUNDLE_IDENTIFIER = com.robertdeans.CustomContacts;
				PRODUCT_NAME = "$(TARGET_NAME)";
				PROVISIONING_PROFILE_SPECIFIER = "";
				"PROVISIONING_PROFILE_SPECIFIER[sdk=iphoneos*]" = "Fueled Template Development Profile";
				RELEASE_TYPE = beta_release;
				TARGETED_DEVICE_FAMILY = "1,2";
			};
			name = Production;
		};
		F4CD7061200024C70013EE7B /* Production */ = {
			isa = XCBuildConfiguration;
			buildSettings = {
				BUNDLE_LOADER = "$(TEST_HOST)";
				CLANG_ANALYZER_NUMBER_OBJECT_CONVERSION = YES_AGGRESSIVE;
				CLANG_CXX_LANGUAGE_STANDARD = "gnu++14";
				CLANG_WARN_UNGUARDED_AVAILABILITY = YES_AGGRESSIVE;
				DEVELOPMENT_TEAM = 2GVJ6JS822;
				GCC_C_LANGUAGE_STANDARD = gnu11;
				INFOPLIST_FILE = CustomContacts/Tests/Info.plist;
				LD_RUNPATH_SEARCH_PATHS = (
					"$(inherited)",
					"@executable_path/Frameworks",
					"@loader_path/Frameworks",
				);
				PRODUCT_BUNDLE_IDENTIFIER = "com.fueled.${PRODUCT_NAME:rfc1034identifier}";
				PRODUCT_NAME = "$(TARGET_NAME)";
				TARGETED_DEVICE_FAMILY = "1,2";
				TEST_HOST = "$(BUILT_PRODUCTS_DIR)/CustomContacts.app/CustomContacts";
			};
			name = Production;
		};
/* End XCBuildConfiguration section */

/* Begin XCConfigurationList section */
		3DFCFB4C1E5DA85B00D4A874 /* Build configuration list for PBXProject "CustomContacts" */ = {
			isa = XCConfigurationList;
			buildConfigurations = (
				3DFCFB611E5DA85B00D4A874 /* Debug */,
				3DFCFB621E5DA85B00D4A874 /* Release */,
				F4CD705C200024C30013EE7B /* Snapshot */,
				F4CD705F200024C70013EE7B /* Production */,
			);
			defaultConfigurationIsVisible = 0;
			defaultConfigurationName = Release;
		};
		3DFCFB631E5DA85B00D4A874 /* Build configuration list for PBXNativeTarget "CustomContacts" */ = {
			isa = XCConfigurationList;
			buildConfigurations = (
				3DFCFB641E5DA85B00D4A874 /* Debug */,
				3DFCFB651E5DA85B00D4A874 /* Release */,
				F4CD705D200024C30013EE7B /* Snapshot */,
				F4CD7060200024C70013EE7B /* Production */,
			);
			defaultConfigurationIsVisible = 0;
			defaultConfigurationName = Release;
		};
		A1FB89012A00955D00E0C032 /* Build configuration list for PBXNativeTarget "CustomContactsUITests" */ = {
			isa = XCConfigurationList;
			buildConfigurations = (
				A1FB89022A00955D00E0C032 /* Debug */,
				A1FB89032A00955D00E0C032 /* Release */,
				A1FB89042A00955D00E0C032 /* Snapshot */,
				A1FB89052A00955D00E0C032 /* Production */,
			);
			defaultConfigurationIsVisible = 0;
			defaultConfigurationName = Release;
		};
		F4CD703C2000044F0013EE7B /* Build configuration list for PBXNativeTarget "CustomContactsTests" */ = {
			isa = XCConfigurationList;
			buildConfigurations = (
				F4CD703D2000044F0013EE7B /* Debug */,
				F4CD703E2000044F0013EE7B /* Release */,
				F4CD705E200024C30013EE7B /* Snapshot */,
				F4CD7061200024C70013EE7B /* Production */,
			);
			defaultConfigurationIsVisible = 0;
			defaultConfigurationName = Release;
		};
/* End XCConfigurationList section */

/* Begin XCRemoteSwiftPackageReference section */
		0F9AFBD829E8004C00496F61 /* XCRemoteSwiftPackageReference "swift-dependencies" */ = {
			isa = XCRemoteSwiftPackageReference;
			repositoryURL = "https://github.com/pointfreeco/swift-dependencies";
			requirement = {
				kind = upToNextMinorVersion;
				minimumVersion = 0.4.0;
			};
		};
		52B6146529647BCB00F00820 /* XCRemoteSwiftPackageReference "NukeUI" */ = {
			isa = XCRemoteSwiftPackageReference;
			repositoryURL = "https://github.com/kean/NukeUI.git";
			requirement = {
				kind = upToNextMajorVersion;
				minimumVersion = 0.8.3;
			};
		};
		FC3DC8BD28AE1FE6009EA293 /* XCRemoteSwiftPackageReference "ios-utilities" */ = {
			isa = XCRemoteSwiftPackageReference;
			repositoryURL = "https://github.com/Fueled/ios-utilities/";
			requirement = {
				kind = upToNextMajorVersion;
				minimumVersion = 4.0.0;
			};
		};
/* End XCRemoteSwiftPackageReference section */

/* Begin XCSwiftPackageProductDependency section */
		0F9AFBD929E8004C00496F61 /* Dependencies */ = {
			isa = XCSwiftPackageProductDependency;
			package = 0F9AFBD829E8004C00496F61 /* XCRemoteSwiftPackageReference "swift-dependencies" */;
			productName = Dependencies;
		};
		1390FB352947427D00A292D3 /* ArkanaKeys */ = {
			isa = XCSwiftPackageProductDependency;
			productName = ArkanaKeys;
		};
		52B6146629647BCB00F00820 /* NukeUI */ = {
			isa = XCSwiftPackageProductDependency;
			package = 52B6146529647BCB00F00820 /* XCRemoteSwiftPackageReference "NukeUI" */;
			productName = NukeUI;
		};
		FC3DC8C428AE1FE6009EA293 /* FueledUtilsCore */ = {
			isa = XCSwiftPackageProductDependency;
			package = FC3DC8BD28AE1FE6009EA293 /* XCRemoteSwiftPackageReference "ios-utilities" */;
			productName = FueledUtilsCore;
		};
		FC3DC8C828AE1FE6009EA293 /* FueledUtilsSwiftUI */ = {
			isa = XCSwiftPackageProductDependency;
			package = FC3DC8BD28AE1FE6009EA293 /* XCRemoteSwiftPackageReference "ios-utilities" */;
			productName = FueledUtilsSwiftUI;
		};
		FC9016C027B4638900C935FE /* CustomContactsAPIKit */ = {
			isa = XCSwiftPackageProductDependency;
			productName = CustomContactsAPIKit;
		};
		FC9016C227B4638900C935FE /* CustomContactsHelpers */ = {
			isa = XCSwiftPackageProductDependency;
			productName = CustomContactsHelpers;
		};
/* End XCSwiftPackageProductDependency section */
	};
	rootObject = 3DFCFB491E5DA85B00D4A874 /* Project object */;
}
