{
  "object": {
    "pins": [
      {
        "package": "combine-schedulers",
        "repositoryURL": "https://github.com/pointfreeco/combine-schedulers",
        "state": {
          "branch": null,
          "revision": "0625932976b3ae23949f6b816d13bd97f3b40b7c",
          "version": "0.10.0"
        }
      },
      {
        "package": "Gifu",
        "repositoryURL": "https://github.com/kaishin/Gifu",
        "state": {
          "branch": null,
          "revision": "82da0086dea14ca9afc9801234ad8dc4cd9e2738",
          "version": "3.4.1"
        }
      },
      {
        "package": "FueledUtils",
        "repositoryURL": "https://github.com/Fueled/ios-utilities/",
        "state": {
          "branch": null,
          "revision": "2010662e014aa97a8a53fbca6f52c12817884709",
          "version": "4.0.0"
        }
      },
      {
        "package": "KeychainAccess",
        "repositoryURL": "https://github.com/kishikawakatsumi/KeychainAccess.git",
        "state": {
          "branch": null,
          "revision": "84e546727d66f1adc5439debad16270d0fdd04e7",
          "version": "4.2.2"
        }
      },
      {
        "package": "Nuke",
        "repositoryURL": "https://github.com/kean/Nuke.git",
        "state": {
          "branch": null,
          "revision": "a002b7fd786f2df2ed4333fe73a9727499fd9d97",
          "version": "10.11.2"
        }
      },
      {
        "package": "NukeUI",
        "repositoryURL": "https://github.com/kean/NukeUI.git",
        "state": {
          "branch": null,
          "revision": "db55022a8e483774ebbf3568727071477546d9ea",
          "version": "0.8.3"
        }
      },
      {
        "package": "swift-clocks",
        "repositoryURL": "https://github.com/pointfreeco/swift-clocks",
        "state": {
          "branch": null,
          "revision": "f9acfa1a45f4483fe0f2c434a74e6f68f865d12d",
          "version": "0.3.0"
        }
      },
      {
        "package": "swift-dependencies",
        "repositoryURL": "https://github.com/pointfreeco/swift-dependencies",
        "state": {
          "branch": null,
          "revision": "ad0a6a0dd4d4741263e798f4f5029589c9b5da73",
          "version": "0.4.2"
        }
      },
      {
        "package": "xctest-dynamic-overlay",
        "repositoryURL": "https://github.com/pointfreeco/xctest-dynamic-overlay",
        "state": {
          "branch": null,
          "revision": "4af50b38daf0037cfbab15514a241224c3f62f98",
          "version": "0.8.5"
        }
      }
    ]
  },
  "version": 1
}
